
Microsoft Visual Studio Solution File, Format Version 12.00
# Visual Studio Version 17
VisualStudioVersion = 17.0.31903.59
MinimumVisualStudioVersion = 10.0.40219.1
Project("{2150E333-8FDC-42A3-9474-1A3956D46DE8}") = "src", "src", "{14594E27-15CE-4AA3-8BA5-3CD83D8CD482}"
EndProject
Project("{FAE04EC0-301F-11D3-BF4B-00C04F79EFBC}") = "Haworks.BuildingBlocks", "src\BuildingBlocks\Haworks.BuildingBlocks.csproj", "{8E9F3E05-C5EF-418F-B48D-4A072DF4DD5A}"
EndProject
Project("{FAE04EC0-301F-11D3-BF4B-00C04F79EFBC}") = "Haworks.Contracts", "src\Contracts\Haworks.Contracts.csproj", "{EF68A019-1B20-44B7-881D-0D80E99B3A9A}"
EndProject
Project("{FAE04EC0-301F-11D3-BF4B-00C04F79EFBC}") = "Haworks.BuildingBlocks.Testing", "src\BuildingBlocks.Testing\Haworks.BuildingBlocks.Testing.csproj", "{9C7F7D6D-92FB-466A-A18F-1F2CC02CA157}"
EndProject
Project("{2150E333-8FDC-42A3-9474-1A3956D46DE8}") = "Audit", "Audit", "{64BD6905-39CF-4B64-A121-F356AB7D5F18}"
EndProject
Project("{FAE04EC0-301F-11D3-BF4B-00C04F79EFBC}") = "Audit.Infrastructure", "src\Audit\Audit.Infrastructure\Audit.Infrastructure.csproj", "{CAFAA211-A2FB-4457-ACE0-0FE51B222314}"
EndProject
Project("{FAE04EC0-301F-11D3-BF4B-00C04F79EFBC}") = "Audit.Api", "src\Audit\Audit.Api\Audit.Api.csproj", "{5A63B61E-CBF3-44F4-85A1-021577A0757C}"
EndProject
Project("{FAE04EC0-301F-11D3-BF4B-00C04F79EFBC}") = "Audit.Application", "src\Audit\Audit.Application\Audit.Application.csproj", "{83389D55-3885-4470-BAE7-90F3787B2E50}"
EndProject
Project("{FAE04EC0-301F-11D3-BF4B-00C04F79EFBC}") = "Audit.Domain", "src\Audit\Audit.Domain\Audit.Domain.csproj", "{1D67933E-D60F-42AB-8D6A-819569161054}"
EndProject
Project("{2150E333-8FDC-42A3-9474-1A3956D46DE8}") = "tests", "tests", "{01A40FB1-5B84-4182-8432-E7D318A14CAF}"
EndProject
Project("{2150E333-8FDC-42A3-9474-1A3956D46DE8}") = "Audit", "Audit", "{F455741C-67A9-401C-A3C6-516B2D179461}"
EndProject
Project("{FAE04EC0-301F-11D3-BF4B-00C04F79EFBC}") = "Audit.Integration", "tests\Audit\Audit.Integration\Audit.Integration.csproj", "{C189DFB8-DB81-456D-9915-98B793CCACDD}"
EndProject
Project("{FAE04EC0-301F-11D3-BF4B-00C04F79EFBC}") = "Audit.Unit", "tests\Audit\Audit.Unit\Audit.Unit.csproj", "{55722AF7-4543-4D20-9DEE-691338F4C15B}"
EndProject
Project("{FAE04EC0-301F-11D3-BF4B-00C04F79EFBC}") = "Platform.ArchitecturalGuards", "tests\Platform.ArchitecturalGuards\Platform.ArchitecturalGuards.csproj", "{03721C4D-F6E5-40BC-BE47-FF632F4C4C7B}"
EndProject
Global
	GlobalSection(SolutionConfigurationPlatforms) = preSolution
		Debug|Any CPU = Debug|Any CPU
		Release|Any CPU = Release|Any CPU
	EndGlobalSection
	GlobalSection(SolutionProperties) = preSolution
		HideSolutionNode = FALSE
	EndGlobalSection
	GlobalSection(ProjectConfigurationPlatforms) = postSolution
		{8E9F3E05-C5EF-418F-B48D-4A072DF4DD5A}.Debug|Any CPU.ActiveCfg = Debug|Any CPU
		{8E9F3E05-C5EF-418F-B48D-4A072DF4DD5A}.Debug|Any CPU.Build.0 = Debug|Any CPU
		{8E9F3E05-C5EF-418F-B48D-4A072DF4DD5A}.Release|Any CPU.ActiveCfg = Release|Any CPU
		{8E9F3E05-C5EF-418F-B48D-4A072DF4DD5A}.Release|Any CPU.Build.0 = Release|Any CPU
		{EF68A019-1B20-44B7-881D-0D80E99B3A9A}.Debug|Any CPU.ActiveCfg = Debug|Any CPU
		{EF68A019-1B20-44B7-881D-0D80E99B3A9A}.Debug|Any CPU.Build.0 = Debug|Any CPU
		{EF68A019-1B20-44B7-881D-0D80E99B3A9A}.Release|Any CPU.ActiveCfg = Release|Any CPU
		{EF68A019-1B20-44B7-881D-0D80E99B3A9A}.Release|Any CPU.Build.0 = Release|Any CPU
		{9C7F7D6D-92FB-466A-A18F-1F2CC02CA157}.Debug|Any CPU.ActiveCfg = Debug|Any CPU
		{9C7F7D6D-92FB-466A-A18F-1F2CC02CA157}.Debug|Any CPU.Build.0 = Debug|Any CPU
		{9C7F7D6D-92FB-466A-A18F-1F2CC02CA157}.Release|Any CPU.ActiveCfg = Release|Any CPU
		{9C7F7D6D-92FB-466A-A18F-1F2CC02CA157}.Release|Any CPU.Build.0 = Release|Any CPU
		{CAFAA211-A2FB-4457-ACE0-0FE51B222314}.Debug|Any CPU.ActiveCfg = Debug|Any CPU
		{CAFAA211-A2FB-4457-ACE0-0FE51B222314}.Debug|Any CPU.Build.0 = Debug|Any CPU
		{CAFAA211-A2FB-4457-ACE0-0FE51B222314}.Release|Any CPU.ActiveCfg = Release|Any CPU
		{CAFAA211-A2FB-4457-ACE0-0FE51B222314}.Release|Any CPU.Build.0 = Release|Any CPU
		{5A63B61E-CBF3-44F4-85A1-021577A0757C}.Debug|Any CPU.ActiveCfg = Debug|Any CPU
		{5A63B61E-CBF3-44F4-85A1-021577A0757C}.Debug|Any CPU.Build.0 = Debug|Any CPU
		{5A63B61E-CBF3-44F4-85A1-021577A0757C}.Release|Any CPU.ActiveCfg = Release|Any CPU
		{5A63B61E-CBF3-44F4-85A1-021577A0757C}.Release|Any CPU.Build.0 = Release|Any CPU
		{83389D55-3885-4470-BAE7-90F3787B2E50}.Debug|Any CPU.ActiveCfg = Debug|Any CPU
		{83389D55-3885-4470-BAE7-90F3787B2E50}.Debug|Any CPU.Build.0 = Debug|Any CPU
		{83389D55-3885-4470-BAE7-90F3787B2E50}.Release|Any CPU.ActiveCfg = Release|Any CPU
		{83389D55-3885-4470-BAE7-90F3787B2E50}.Release|Any CPU.Build.0 = Release|Any CPU
		{1D67933E-D60F-42AB-8D6A-819569161054}.Debug|Any CPU.ActiveCfg = Debug|Any CPU
		{1D67933E-D60F-42AB-8D6A-819569161054}.Debug|Any CPU.Build.0 = Debug|Any CPU
		{1D67933E-D60F-42AB-8D6A-819569161054}.Release|Any CPU.ActiveCfg = Release|Any CPU
		{1D67933E-D60F-42AB-8D6A-819569161054}.Release|Any CPU.Build.0 = Release|Any CPU
		{C189DFB8-DB81-456D-9915-98B793CCACDD}.Debug|Any CPU.ActiveCfg = Debug|Any CPU
		{C189DFB8-DB81-456D-9915-98B793CCACDD}.Debug|Any CPU.Build.0 = Debug|Any CPU
		{C189DFB8-DB81-456D-9915-98B793CCACDD}.Release|Any CPU.ActiveCfg = Release|Any CPU
		{C189DFB8-DB81-456D-9915-98B793CCACDD}.Release|Any CPU.Build.0 = Release|Any CPU
		{55722AF7-4543-4D20-9DEE-691338F4C15B}.Debug|Any CPU.ActiveCfg = Debug|Any CPU
		{55722AF7-4543-4D20-9DEE-691338F4C15B}.Debug|Any CPU.Build.0 = Debug|Any CPU
		{55722AF7-4543-4D20-9DEE-691338F4C15B}.Release|Any CPU.ActiveCfg = Release|Any CPU
		{55722AF7-4543-4D20-9DEE-691338F4C15B}.Release|Any CPU.Build.0 = Release|Any CPU
		{03721C4D-F6E5-40BC-BE47-FF632F4C4C7B}.Debug|Any CPU.ActiveCfg = Debug|Any CPU
		{03721C4D-F6E5-40BC-BE47-FF632F4C4C7B}.Debug|Any CPU.Build.0 = Debug|Any CPU
		{03721C4D-F6E5-40BC-BE47-FF632F4C4C7B}.Release|Any CPU.ActiveCfg = Release|Any CPU
		{03721C4D-F6E5-40BC-BE47-FF632F4C4C7B}.Release|Any CPU.Build.0 = Release|Any CPU
	EndGlobalSection
	GlobalSection(NestedProjects) = preSolution
		{8E9F3E05-C5EF-418F-B48D-4A072DF4DD5A} = {14594E27-15CE-4AA3-8BA5-3CD83D8CD482}
		{EF68A019-1B20-44B7-881D-0D80E99B3A9A} = {14594E27-15CE-4AA3-8BA5-3CD83D8CD482}
		{9C7F7D6D-92FB-466A-A18F-1F2CC02CA157} = {14594E27-15CE-4AA3-8BA5-3CD83D8CD482}
		{64BD6905-39CF-4B64-A121-F356AB7D5F18} = {14594E27-15CE-4AA3-8BA5-3CD83D8CD482}
		{CAFAA211-A2FB-4457-ACE0-0FE51B222314} = {64BD6905-39CF-4B64-A121-F356AB7D5F18}
		{5A63B61E-CBF3-44F4-85A1-021577A0757C} = {64BD6905-39CF-4B64-A121-F356AB7D5F18}
		{83389D55-3885-4470-BAE7-90F3787B2E50} = {64BD6905-39CF-4B64-A121-F356AB7D5F18}
		{1D67933E-D60F-42AB-8D6A-819569161054} = {64BD6905-39CF-4B64-A121-F356AB7D5F18}
		{F455741C-67A9-401C-A3C6-516B2D179461} = {01A40FB1-5B84-4182-8432-E7D318A14CAF}
		{C189DFB8-DB81-456D-9915-98B793CCACDD} = {F455741C-67A9-401C-A3C6-516B2D179461}
		{55722AF7-4543-4D20-9DEE-691338F4C15B} = {F455741C-67A9-401C-A3C6-516B2D179461}
		{03721C4D-F6E5-40BC-BE47-FF632F4C4C7B} = {01A40FB1-5B84-4182-8432-E7D318A14CAF}
	EndGlobalSection
EndGlobal
