
Microsoft Visual Studio Solution File, Format Version 12.00
# Visual Studio Version 17
VisualStudioVersion = 17.0.31903.59
MinimumVisualStudioVersion = 10.0.40219.1
Project("{2150E333-8FDC-42A3-9474-1A3956D46DE8}") = "src", "src", "{01BAE2B2-343C-4EA9-9993-9580D9FC3385}"
EndProject
Project("{FAE04EC0-301F-11D3-BF4B-00C04F79EFBC}") = "Haworks.BuildingBlocks", "src\BuildingBlocks\Haworks.BuildingBlocks.csproj", "{04155CAE-B521-4A5B-8C08-404A9BCDCBB5}"
EndProject
Project("{FAE04EC0-301F-11D3-BF4B-00C04F79EFBC}") = "Haworks.Contracts", "src\Contracts\Haworks.Contracts.csproj", "{DFB10D50-782A-4E30-82C1-922AB60D0FC3}"
EndProject
Project("{FAE04EC0-301F-11D3-BF4B-00C04F79EFBC}") = "Haworks.BuildingBlocks.Testing", "src\BuildingBlocks.Testing\Haworks.BuildingBlocks.Testing.csproj", "{87E5E457-18BB-4582-A4AA-7720E603DB17}"
EndProject
Project("{2150E333-8FDC-42A3-9474-1A3956D46DE8}") = "BffWeb", "BffWeb", "{86880066-EB39-4847-AE08-B1BFDD3375E1}"
EndProject
Project("{FAE04EC0-301F-11D3-BF4B-00C04F79EFBC}") = "BffWeb.Domain", "src\BffWeb\BffWeb.Domain\BffWeb.Domain.csproj", "{62D8E149-8CAD-44E8-B80B-7D9681375355}"
EndProject
Project("{FAE04EC0-301F-11D3-BF4B-00C04F79EFBC}") = "BffWeb.Api", "src\BffWeb\BffWeb.Api\BffWeb.Api.csproj", "{28F12316-70E0-441C-9EB1-54463C4EB5AB}"
EndProject
Project("{FAE04EC0-301F-11D3-BF4B-00C04F79EFBC}") = "BffWeb.Infrastructure", "src\BffWeb\BffWeb.Infrastructure\BffWeb.Infrastructure.csproj", "{742CFF2A-B805-4D01-920A-27342B9573C2}"
EndProject
Project("{FAE04EC0-301F-11D3-BF4B-00C04F79EFBC}") = "BffWeb.Application", "src\BffWeb\BffWeb.Application\BffWeb.Application.csproj", "{68E0826B-DA00-4473-ADE9-80702DFAF052}"
EndProject
Project("{2150E333-8FDC-42A3-9474-1A3956D46DE8}") = "tests", "tests", "{C8EC6FFC-832F-4F82-9A66-D454DAAF2051}"
EndProject
Project("{2150E333-8FDC-42A3-9474-1A3956D46DE8}") = "BffWeb", "BffWeb", "{7E31D472-360C-47AE-9556-A6217FC92E07}"
EndProject
Project("{FAE04EC0-301F-11D3-BF4B-00C04F79EFBC}") = "BffWeb.Integration", "tests\BffWeb\BffWeb.Integration\BffWeb.Integration.csproj", "{B87BF009-11FE-4953-BCBB-162B68370838}"
EndProject
Project("{FAE04EC0-301F-11D3-BF4B-00C04F79EFBC}") = "BffWeb.Architecture", "tests\BffWeb\BffWeb.Architecture\BffWeb.Architecture.csproj", "{3F11E3A3-9FF7-44EB-AE9E-F8469A7E7BAB}"
EndProject
Project("{FAE04EC0-301F-11D3-BF4B-00C04F79EFBC}") = "Platform.ArchitecturalGuards", "tests\Platform.ArchitecturalGuards\Platform.ArchitecturalGuards.csproj", "{A885FE8C-77D0-4D07-A9B2-EE161ED53BD3}"
EndProject
Global
	GlobalSection(SolutionConfigurationPlatforms) = preSolution
		Debug|Any CPU = Debug|Any CPU
		Release|Any CPU = Release|Any CPU
	EndGlobalSection
	GlobalSection(SolutionProperties) = preSolution
		HideSolutionNode = FALSE
	EndGlobalSection
	GlobalSection(ProjectConfigurationPlatforms) = postSolution
		{04155CAE-B521-4A5B-8C08-404A9BCDCBB5}.Debug|Any CPU.ActiveCfg = Debug|Any CPU
		{04155CAE-B521-4A5B-8C08-404A9BCDCBB5}.Debug|Any CPU.Build.0 = Debug|Any CPU
		{04155CAE-B521-4A5B-8C08-404A9BCDCBB5}.Release|Any CPU.ActiveCfg = Release|Any CPU
		{04155CAE-B521-4A5B-8C08-404A9BCDCBB5}.Release|Any CPU.Build.0 = Release|Any CPU
		{DFB10D50-782A-4E30-82C1-922AB60D0FC3}.Debug|Any CPU.ActiveCfg = Debug|Any CPU
		{DFB10D50-782A-4E30-82C1-922AB60D0FC3}.Debug|Any CPU.Build.0 = Debug|Any CPU
		{DFB10D50-782A-4E30-82C1-922AB60D0FC3}.Release|Any CPU.ActiveCfg = Release|Any CPU
		{DFB10D50-782A-4E30-82C1-922AB60D0FC3}.Release|Any CPU.Build.0 = Release|Any CPU
		{87E5E457-18BB-4582-A4AA-7720E603DB17}.Debug|Any CPU.ActiveCfg = Debug|Any CPU
		{87E5E457-18BB-4582-A4AA-7720E603DB17}.Debug|Any CPU.Build.0 = Debug|Any CPU
		{87E5E457-18BB-4582-A4AA-7720E603DB17}.Release|Any CPU.ActiveCfg = Release|Any CPU
		{87E5E457-18BB-4582-A4AA-7720E603DB17}.Release|Any CPU.Build.0 = Release|Any CPU
		{62D8E149-8CAD-44E8-B80B-7D9681375355}.Debug|Any CPU.ActiveCfg = Debug|Any CPU
		{62D8E149-8CAD-44E8-B80B-7D9681375355}.Debug|Any CPU.Build.0 = Debug|Any CPU
		{62D8E149-8CAD-44E8-B80B-7D9681375355}.Release|Any CPU.ActiveCfg = Release|Any CPU
		{62D8E149-8CAD-44E8-B80B-7D9681375355}.Release|Any CPU.Build.0 = Release|Any CPU
		{28F12316-70E0-441C-9EB1-54463C4EB5AB}.Debug|Any CPU.ActiveCfg = Debug|Any CPU
		{28F12316-70E0-441C-9EB1-54463C4EB5AB}.Debug|Any CPU.Build.0 = Debug|Any CPU
		{28F12316-70E0-441C-9EB1-54463C4EB5AB}.Release|Any CPU.ActiveCfg = Release|Any CPU
		{28F12316-70E0-441C-9EB1-54463C4EB5AB}.Release|Any CPU.Build.0 = Release|Any CPU
		{742CFF2A-B805-4D01-920A-27342B9573C2}.Debug|Any CPU.ActiveCfg = Debug|Any CPU
		{742CFF2A-B805-4D01-920A-27342B9573C2}.Debug|Any CPU.Build.0 = Debug|Any CPU
		{742CFF2A-B805-4D01-920A-27342B9573C2}.Release|Any CPU.ActiveCfg = Release|Any CPU
		{742CFF2A-B805-4D01-920A-27342B9573C2}.Release|Any CPU.Build.0 = Release|Any CPU
		{68E0826B-DA00-4473-ADE9-80702DFAF052}.Debug|Any CPU.ActiveCfg = Debug|Any CPU
		{68E0826B-DA00-4473-ADE9-80702DFAF052}.Debug|Any CPU.Build.0 = Debug|Any CPU
		{68E0826B-DA00-4473-ADE9-80702DFAF052}.Release|Any CPU.ActiveCfg = Release|Any CPU
		{68E0826B-DA00-4473-ADE9-80702DFAF052}.Release|Any CPU.Build.0 = Release|Any CPU
		{B87BF009-11FE-4953-BCBB-162B68370838}.Debug|Any CPU.ActiveCfg = Debug|Any CPU
		{B87BF009-11FE-4953-BCBB-162B68370838}.Debug|Any CPU.Build.0 = Debug|Any CPU
		{B87BF009-11FE-4953-BCBB-162B68370838}.Release|Any CPU.ActiveCfg = Release|Any CPU
		{B87BF009-11FE-4953-BCBB-162B68370838}.Release|Any CPU.Build.0 = Release|Any CPU
		{3F11E3A3-9FF7-44EB-AE9E-F8469A7E7BAB}.Debug|Any CPU.ActiveCfg = Debug|Any CPU
		{3F11E3A3-9FF7-44EB-AE9E-F8469A7E7BAB}.Debug|Any CPU.Build.0 = Debug|Any CPU
		{3F11E3A3-9FF7-44EB-AE9E-F8469A7E7BAB}.Release|Any CPU.ActiveCfg = Release|Any CPU
		{3F11E3A3-9FF7-44EB-AE9E-F8469A7E7BAB}.Release|Any CPU.Build.0 = Release|Any CPU
		{A885FE8C-77D0-4D07-A9B2-EE161ED53BD3}.Debug|Any CPU.ActiveCfg = Debug|Any CPU
		{A885FE8C-77D0-4D07-A9B2-EE161ED53BD3}.Debug|Any CPU.Build.0 = Debug|Any CPU
		{A885FE8C-77D0-4D07-A9B2-EE161ED53BD3}.Release|Any CPU.ActiveCfg = Release|Any CPU
		{A885FE8C-77D0-4D07-A9B2-EE161ED53BD3}.Release|Any CPU.Build.0 = Release|Any CPU
	EndGlobalSection
	GlobalSection(NestedProjects) = preSolution
		{04155CAE-B521-4A5B-8C08-404A9BCDCBB5} = {01BAE2B2-343C-4EA9-9993-9580D9FC3385}
		{DFB10D50-782A-4E30-82C1-922AB60D0FC3} = {01BAE2B2-343C-4EA9-9993-9580D9FC3385}
		{87E5E457-18BB-4582-A4AA-7720E603DB17} = {01BAE2B2-343C-4EA9-9993-9580D9FC3385}
		{86880066-EB39-4847-AE08-B1BFDD3375E1} = {01BAE2B2-343C-4EA9-9993-9580D9FC3385}
		{62D8E149-8CAD-44E8-B80B-7D9681375355} = {86880066-EB39-4847-AE08-B1BFDD3375E1}
		{28F12316-70E0-441C-9EB1-54463C4EB5AB} = {86880066-EB39-4847-AE08-B1BFDD3375E1}
		{742CFF2A-B805-4D01-920A-27342B9573C2} = {86880066-EB39-4847-AE08-B1BFDD3375E1}
		{68E0826B-DA00-4473-ADE9-80702DFAF052} = {86880066-EB39-4847-AE08-B1BFDD3375E1}
		{7E31D472-360C-47AE-9556-A6217FC92E07} = {C8EC6FFC-832F-4F82-9A66-D454DAAF2051}
		{B87BF009-11FE-4953-BCBB-162B68370838} = {7E31D472-360C-47AE-9556-A6217FC92E07}
		{3F11E3A3-9FF7-44EB-AE9E-F8469A7E7BAB} = {7E31D472-360C-47AE-9556-A6217FC92E07}
		{A885FE8C-77D0-4D07-A9B2-EE161ED53BD3} = {C8EC6FFC-832F-4F82-9A66-D454DAAF2051}
	EndGlobalSection
EndGlobal
