
Microsoft Visual Studio Solution File, Format Version 12.00
# Visual Studio Version 17
VisualStudioVersion = 17.0.31903.59
MinimumVisualStudioVersion = 10.0.40219.1
Project("{2150E333-8FDC-42A3-9474-1A3956D46DE8}") = "src", "src", "{845EFC04-43A4-47AA-AC52-F54EB05F4BEB}"
EndProject
Project("{FAE04EC0-301F-11D3-BF4B-00C04F79EFBC}") = "Haworks.BuildingBlocks", "src\BuildingBlocks\Haworks.BuildingBlocks.csproj", "{F74659CE-EB00-4A1B-A021-E1988BDD8B2D}"
EndProject
Project("{FAE04EC0-301F-11D3-BF4B-00C04F79EFBC}") = "Haworks.Contracts", "src\Contracts\Haworks.Contracts.csproj", "{974F9355-3CD1-4E84-AEB2-C2C0F9A216E0}"
EndProject
Project("{FAE04EC0-301F-11D3-BF4B-00C04F79EFBC}") = "Haworks.BuildingBlocks.Testing", "src\BuildingBlocks.Testing\Haworks.BuildingBlocks.Testing.csproj", "{05D8B3C1-9672-4967-8EA5-F80B3A49CAC3}"
EndProject
Project("{2150E333-8FDC-42A3-9474-1A3956D46DE8}") = "Catalog", "Catalog", "{1AE359F8-D2BC-41F4-8733-00AB049315B4}"
EndProject
Project("{FAE04EC0-301F-11D3-BF4B-00C04F79EFBC}") = "Catalog.Infrastructure", "src\Catalog\Catalog.Infrastructure\Catalog.Infrastructure.csproj", "{487A4D5E-C022-4A8E-84DA-5426EA04EBC0}"
EndProject
Project("{FAE04EC0-301F-11D3-BF4B-00C04F79EFBC}") = "Catalog.Api", "src\Catalog\Catalog.Api\Catalog.Api.csproj", "{8CDE19E7-DB43-45B3-AD74-C8FCA0624A6B}"
EndProject
Project("{FAE04EC0-301F-11D3-BF4B-00C04F79EFBC}") = "Catalog.Domain", "src\Catalog\Catalog.Domain\Catalog.Domain.csproj", "{38EB2FF3-6066-4CB2-84C1-79762F84F3D4}"
EndProject
Project("{FAE04EC0-301F-11D3-BF4B-00C04F79EFBC}") = "Catalog.Application", "src\Catalog\Catalog.Application\Catalog.Application.csproj", "{BB37D261-1B18-4488-A1F1-87927C8C21FB}"
EndProject
Project("{2150E333-8FDC-42A3-9474-1A3956D46DE8}") = "tests", "tests", "{850698BF-5535-42A2-88F1-2B4E5A5B41D0}"
EndProject
Project("{2150E333-8FDC-42A3-9474-1A3956D46DE8}") = "Catalog", "Catalog", "{B7556628-8AC2-4E65-9FB8-924F4CAF91C3}"
EndProject
Project("{FAE04EC0-301F-11D3-BF4B-00C04F79EFBC}") = "Catalog.Architecture", "tests\Catalog\Catalog.Architecture\Catalog.Architecture.csproj", "{1012B140-54B5-4081-A214-D9B38B0E703A}"
EndProject
Project("{FAE04EC0-301F-11D3-BF4B-00C04F79EFBC}") = "Catalog.Unit", "tests\Catalog\Catalog.Unit\Catalog.Unit.csproj", "{1B1E82B7-0AC7-483A-9AED-EB98E6820326}"
EndProject
Project("{FAE04EC0-301F-11D3-BF4B-00C04F79EFBC}") = "Catalog.Integration", "tests\Catalog\Catalog.Integration\Catalog.Integration.csproj", "{664FCCF4-27B7-4701-B3EF-DD32399E8AFB}"
EndProject
Project("{FAE04EC0-301F-11D3-BF4B-00C04F79EFBC}") = "Catalog.Contract", "tests\Catalog\Catalog.Contract\Catalog.Contract.csproj", "{B489EE8E-90AC-4AAC-863B-A0421A702434}"
EndProject
Project("{FAE04EC0-301F-11D3-BF4B-00C04F79EFBC}") = "Platform.ArchitecturalGuards", "tests\Platform.ArchitecturalGuards\Platform.ArchitecturalGuards.csproj", "{51E5C6CE-5326-4199-B4B2-F3A7B2240363}"
EndProject
Global
	GlobalSection(SolutionConfigurationPlatforms) = preSolution
		Debug|Any CPU = Debug|Any CPU
		Release|Any CPU = Release|Any CPU
	EndGlobalSection
	GlobalSection(SolutionProperties) = preSolution
		HideSolutionNode = FALSE
	EndGlobalSection
	GlobalSection(ProjectConfigurationPlatforms) = postSolution
		{F74659CE-EB00-4A1B-A021-E1988BDD8B2D}.Debug|Any CPU.ActiveCfg = Debug|Any CPU
		{F74659CE-EB00-4A1B-A021-E1988BDD8B2D}.Debug|Any CPU.Build.0 = Debug|Any CPU
		{F74659CE-EB00-4A1B-A021-E1988BDD8B2D}.Release|Any CPU.ActiveCfg = Release|Any CPU
		{F74659CE-EB00-4A1B-A021-E1988BDD8B2D}.Release|Any CPU.Build.0 = Release|Any CPU
		{974F9355-3CD1-4E84-AEB2-C2C0F9A216E0}.Debug|Any CPU.ActiveCfg = Debug|Any CPU
		{974F9355-3CD1-4E84-AEB2-C2C0F9A216E0}.Debug|Any CPU.Build.0 = Debug|Any CPU
		{974F9355-3CD1-4E84-AEB2-C2C0F9A216E0}.Release|Any CPU.ActiveCfg = Release|Any CPU
		{974F9355-3CD1-4E84-AEB2-C2C0F9A216E0}.Release|Any CPU.Build.0 = Release|Any CPU
		{05D8B3C1-9672-4967-8EA5-F80B3A49CAC3}.Debug|Any CPU.ActiveCfg = Debug|Any CPU
		{05D8B3C1-9672-4967-8EA5-F80B3A49CAC3}.Debug|Any CPU.Build.0 = Debug|Any CPU
		{05D8B3C1-9672-4967-8EA5-F80B3A49CAC3}.Release|Any CPU.ActiveCfg = Release|Any CPU
		{05D8B3C1-9672-4967-8EA5-F80B3A49CAC3}.Release|Any CPU.Build.0 = Release|Any CPU
		{487A4D5E-C022-4A8E-84DA-5426EA04EBC0}.Debug|Any CPU.ActiveCfg = Debug|Any CPU
		{487A4D5E-C022-4A8E-84DA-5426EA04EBC0}.Debug|Any CPU.Build.0 = Debug|Any CPU
		{487A4D5E-C022-4A8E-84DA-5426EA04EBC0}.Release|Any CPU.ActiveCfg = Release|Any CPU
		{487A4D5E-C022-4A8E-84DA-5426EA04EBC0}.Release|Any CPU.Build.0 = Release|Any CPU
		{8CDE19E7-DB43-45B3-AD74-C8FCA0624A6B}.Debug|Any CPU.ActiveCfg = Debug|Any CPU
		{8CDE19E7-DB43-45B3-AD74-C8FCA0624A6B}.Debug|Any CPU.Build.0 = Debug|Any CPU
		{8CDE19E7-DB43-45B3-AD74-C8FCA0624A6B}.Release|Any CPU.ActiveCfg = Release|Any CPU
		{8CDE19E7-DB43-45B3-AD74-C8FCA0624A6B}.Release|Any CPU.Build.0 = Release|Any CPU
		{38EB2FF3-6066-4CB2-84C1-79762F84F3D4}.Debug|Any CPU.ActiveCfg = Debug|Any CPU
		{38EB2FF3-6066-4CB2-84C1-79762F84F3D4}.Debug|Any CPU.Build.0 = Debug|Any CPU
		{38EB2FF3-6066-4CB2-84C1-79762F84F3D4}.Release|Any CPU.ActiveCfg = Release|Any CPU
		{38EB2FF3-6066-4CB2-84C1-79762F84F3D4}.Release|Any CPU.Build.0 = Release|Any CPU
		{BB37D261-1B18-4488-A1F1-87927C8C21FB}.Debug|Any CPU.ActiveCfg = Debug|Any CPU
		{BB37D261-1B18-4488-A1F1-87927C8C21FB}.Debug|Any CPU.Build.0 = Debug|Any CPU
		{BB37D261-1B18-4488-A1F1-87927C8C21FB}.Release|Any CPU.ActiveCfg = Release|Any CPU
		{BB37D261-1B18-4488-A1F1-87927C8C21FB}.Release|Any CPU.Build.0 = Release|Any CPU
		{1012B140-54B5-4081-A214-D9B38B0E703A}.Debug|Any CPU.ActiveCfg = Debug|Any CPU
		{1012B140-54B5-4081-A214-D9B38B0E703A}.Debug|Any CPU.Build.0 = Debug|Any CPU
		{1012B140-54B5-4081-A214-D9B38B0E703A}.Release|Any CPU.ActiveCfg = Release|Any CPU
		{1012B140-54B5-4081-A214-D9B38B0E703A}.Release|Any CPU.Build.0 = Release|Any CPU
		{1B1E82B7-0AC7-483A-9AED-EB98E6820326}.Debug|Any CPU.ActiveCfg = Debug|Any CPU
		{1B1E82B7-0AC7-483A-9AED-EB98E6820326}.Debug|Any CPU.Build.0 = Debug|Any CPU
		{1B1E82B7-0AC7-483A-9AED-EB98E6820326}.Release|Any CPU.ActiveCfg = Release|Any CPU
		{1B1E82B7-0AC7-483A-9AED-EB98E6820326}.Release|Any CPU.Build.0 = Release|Any CPU
		{664FCCF4-27B7-4701-B3EF-DD32399E8AFB}.Debug|Any CPU.ActiveCfg = Debug|Any CPU
		{664FCCF4-27B7-4701-B3EF-DD32399E8AFB}.Debug|Any CPU.Build.0 = Debug|Any CPU
		{664FCCF4-27B7-4701-B3EF-DD32399E8AFB}.Release|Any CPU.ActiveCfg = Release|Any CPU
		{664FCCF4-27B7-4701-B3EF-DD32399E8AFB}.Release|Any CPU.Build.0 = Release|Any CPU
		{B489EE8E-90AC-4AAC-863B-A0421A702434}.Debug|Any CPU.ActiveCfg = Debug|Any CPU
		{B489EE8E-90AC-4AAC-863B-A0421A702434}.Debug|Any CPU.Build.0 = Debug|Any CPU
		{B489EE8E-90AC-4AAC-863B-A0421A702434}.Release|Any CPU.ActiveCfg = Release|Any CPU
		{B489EE8E-90AC-4AAC-863B-A0421A702434}.Release|Any CPU.Build.0 = Release|Any CPU
		{51E5C6CE-5326-4199-B4B2-F3A7B2240363}.Debug|Any CPU.ActiveCfg = Debug|Any CPU
		{51E5C6CE-5326-4199-B4B2-F3A7B2240363}.Debug|Any CPU.Build.0 = Debug|Any CPU
		{51E5C6CE-5326-4199-B4B2-F3A7B2240363}.Release|Any CPU.ActiveCfg = Release|Any CPU
		{51E5C6CE-5326-4199-B4B2-F3A7B2240363}.Release|Any CPU.Build.0 = Release|Any CPU
	EndGlobalSection
	GlobalSection(NestedProjects) = preSolution
		{F74659CE-EB00-4A1B-A021-E1988BDD8B2D} = {845EFC04-43A4-47AA-AC52-F54EB05F4BEB}
		{974F9355-3CD1-4E84-AEB2-C2C0F9A216E0} = {845EFC04-43A4-47AA-AC52-F54EB05F4BEB}
		{05D8B3C1-9672-4967-8EA5-F80B3A49CAC3} = {845EFC04-43A4-47AA-AC52-F54EB05F4BEB}
		{1AE359F8-D2BC-41F4-8733-00AB049315B4} = {845EFC04-43A4-47AA-AC52-F54EB05F4BEB}
		{487A4D5E-C022-4A8E-84DA-5426EA04EBC0} = {1AE359F8-D2BC-41F4-8733-00AB049315B4}
		{8CDE19E7-DB43-45B3-AD74-C8FCA0624A6B} = {1AE359F8-D2BC-41F4-8733-00AB049315B4}
		{38EB2FF3-6066-4CB2-84C1-79762F84F3D4} = {1AE359F8-D2BC-41F4-8733-00AB049315B4}
		{BB37D261-1B18-4488-A1F1-87927C8C21FB} = {1AE359F8-D2BC-41F4-8733-00AB049315B4}
		{B7556628-8AC2-4E65-9FB8-924F4CAF91C3} = {850698BF-5535-42A2-88F1-2B4E5A5B41D0}
		{1012B140-54B5-4081-A214-D9B38B0E703A} = {B7556628-8AC2-4E65-9FB8-924F4CAF91C3}
		{1B1E82B7-0AC7-483A-9AED-EB98E6820326} = {B7556628-8AC2-4E65-9FB8-924F4CAF91C3}
		{664FCCF4-27B7-4701-B3EF-DD32399E8AFB} = {B7556628-8AC2-4E65-9FB8-924F4CAF91C3}
		{B489EE8E-90AC-4AAC-863B-A0421A702434} = {B7556628-8AC2-4E65-9FB8-924F4CAF91C3}
		{51E5C6CE-5326-4199-B4B2-F3A7B2240363} = {850698BF-5535-42A2-88F1-2B4E5A5B41D0}
	EndGlobalSection
EndGlobal
