
Microsoft Visual Studio Solution File, Format Version 12.00
# Visual Studio Version 17
VisualStudioVersion = 17.0.31903.59
MinimumVisualStudioVersion = 10.0.40219.1
Project("{2150E333-8FDC-42A3-9474-1A3956D46DE8}") = "src", "src", "{D616140C-E020-444A-BDD3-E90F896EF31D}"
EndProject
Project("{FAE04EC0-301F-11D3-BF4B-00C04F79EFBC}") = "Haworks.BuildingBlocks", "src\BuildingBlocks\Haworks.BuildingBlocks.csproj", "{FC149F28-1749-4C78-ACED-17AA5101DC8E}"
EndProject
Project("{FAE04EC0-301F-11D3-BF4B-00C04F79EFBC}") = "Haworks.Contracts", "src\Contracts\Haworks.Contracts.csproj", "{FFFDBF6E-BBCB-49C0-996D-C1DD0C93F985}"
EndProject
Project("{FAE04EC0-301F-11D3-BF4B-00C04F79EFBC}") = "Haworks.BuildingBlocks.Testing", "src\BuildingBlocks.Testing\Haworks.BuildingBlocks.Testing.csproj", "{218D5B52-034C-4DF4-B97E-C607523475DC}"
EndProject
Project("{2150E333-8FDC-42A3-9474-1A3956D46DE8}") = "Content", "Content", "{54CFFF1C-99A5-4E22-B16B-8806E276465E}"
EndProject
Project("{FAE04EC0-301F-11D3-BF4B-00C04F79EFBC}") = "Content.Application", "src\Content\Content.Application\Content.Application.csproj", "{48A97FCF-85AA-4506-82D6-37B653C76F34}"
EndProject
Project("{FAE04EC0-301F-11D3-BF4B-00C04F79EFBC}") = "Content.Infrastructure", "src\Content\Content.Infrastructure\Content.Infrastructure.csproj", "{81E9DD48-E3D4-4C33-94A8-DB7D52A4E3D5}"
EndProject
Project("{FAE04EC0-301F-11D3-BF4B-00C04F79EFBC}") = "Content.Api", "src\Content\Content.Api\Content.Api.csproj", "{824E93C0-0F90-48B8-84C7-19F8983DAB61}"
EndProject
Project("{FAE04EC0-301F-11D3-BF4B-00C04F79EFBC}") = "Content.Domain", "src\Content\Content.Domain\Content.Domain.csproj", "{81D72B36-6B2F-42FA-AD5E-E6F5F551B4D5}"
EndProject
Project("{2150E333-8FDC-42A3-9474-1A3956D46DE8}") = "tests", "tests", "{542E2585-5ECD-4BFE-935E-4D535662FA7A}"
EndProject
Project("{2150E333-8FDC-42A3-9474-1A3956D46DE8}") = "Content", "Content", "{F4DEF369-1A75-48E7-811B-C4CCD0BAB1B8}"
EndProject
Project("{FAE04EC0-301F-11D3-BF4B-00C04F79EFBC}") = "Content.Unit", "tests\Content\Content.Unit\Content.Unit.csproj", "{4C530674-661B-4300-816C-5360AAB91AFD}"
EndProject
Project("{FAE04EC0-301F-11D3-BF4B-00C04F79EFBC}") = "Content.Integration", "tests\Content\Content.Integration\Content.Integration.csproj", "{9F5AAD43-767F-4E6D-AC98-388B6E22E674}"
EndProject
Project("{FAE04EC0-301F-11D3-BF4B-00C04F79EFBC}") = "Platform.ArchitecturalGuards", "tests\Platform.ArchitecturalGuards\Platform.ArchitecturalGuards.csproj", "{EDDAD01E-7844-4730-A697-5F4BDA4BEE86}"
EndProject
Global
	GlobalSection(SolutionConfigurationPlatforms) = preSolution
		Debug|Any CPU = Debug|Any CPU
		Release|Any CPU = Release|Any CPU
	EndGlobalSection
	GlobalSection(SolutionProperties) = preSolution
		HideSolutionNode = FALSE
	EndGlobalSection
	GlobalSection(ProjectConfigurationPlatforms) = postSolution
		{FC149F28-1749-4C78-ACED-17AA5101DC8E}.Debug|Any CPU.ActiveCfg = Debug|Any CPU
		{FC149F28-1749-4C78-ACED-17AA5101DC8E}.Debug|Any CPU.Build.0 = Debug|Any CPU
		{FC149F28-1749-4C78-ACED-17AA5101DC8E}.Release|Any CPU.ActiveCfg = Release|Any CPU
		{FC149F28-1749-4C78-ACED-17AA5101DC8E}.Release|Any CPU.Build.0 = Release|Any CPU
		{FFFDBF6E-BBCB-49C0-996D-C1DD0C93F985}.Debug|Any CPU.ActiveCfg = Debug|Any CPU
		{FFFDBF6E-BBCB-49C0-996D-C1DD0C93F985}.Debug|Any CPU.Build.0 = Debug|Any CPU
		{FFFDBF6E-BBCB-49C0-996D-C1DD0C93F985}.Release|Any CPU.ActiveCfg = Release|Any CPU
		{FFFDBF6E-BBCB-49C0-996D-C1DD0C93F985}.Release|Any CPU.Build.0 = Release|Any CPU
		{218D5B52-034C-4DF4-B97E-C607523475DC}.Debug|Any CPU.ActiveCfg = Debug|Any CPU
		{218D5B52-034C-4DF4-B97E-C607523475DC}.Debug|Any CPU.Build.0 = Debug|Any CPU
		{218D5B52-034C-4DF4-B97E-C607523475DC}.Release|Any CPU.ActiveCfg = Release|Any CPU
		{218D5B52-034C-4DF4-B97E-C607523475DC}.Release|Any CPU.Build.0 = Release|Any CPU
		{48A97FCF-85AA-4506-82D6-37B653C76F34}.Debug|Any CPU.ActiveCfg = Debug|Any CPU
		{48A97FCF-85AA-4506-82D6-37B653C76F34}.Debug|Any CPU.Build.0 = Debug|Any CPU
		{48A97FCF-85AA-4506-82D6-37B653C76F34}.Release|Any CPU.ActiveCfg = Release|Any CPU
		{48A97FCF-85AA-4506-82D6-37B653C76F34}.Release|Any CPU.Build.0 = Release|Any CPU
		{81E9DD48-E3D4-4C33-94A8-DB7D52A4E3D5}.Debug|Any CPU.ActiveCfg = Debug|Any CPU
		{81E9DD48-E3D4-4C33-94A8-DB7D52A4E3D5}.Debug|Any CPU.Build.0 = Debug|Any CPU
		{81E9DD48-E3D4-4C33-94A8-DB7D52A4E3D5}.Release|Any CPU.ActiveCfg = Release|Any CPU
		{81E9DD48-E3D4-4C33-94A8-DB7D52A4E3D5}.Release|Any CPU.Build.0 = Release|Any CPU
		{824E93C0-0F90-48B8-84C7-19F8983DAB61}.Debug|Any CPU.ActiveCfg = Debug|Any CPU
		{824E93C0-0F90-48B8-84C7-19F8983DAB61}.Debug|Any CPU.Build.0 = Debug|Any CPU
		{824E93C0-0F90-48B8-84C7-19F8983DAB61}.Release|Any CPU.ActiveCfg = Release|Any CPU
		{824E93C0-0F90-48B8-84C7-19F8983DAB61}.Release|Any CPU.Build.0 = Release|Any CPU
		{81D72B36-6B2F-42FA-AD5E-E6F5F551B4D5}.Debug|Any CPU.ActiveCfg = Debug|Any CPU
		{81D72B36-6B2F-42FA-AD5E-E6F5F551B4D5}.Debug|Any CPU.Build.0 = Debug|Any CPU
		{81D72B36-6B2F-42FA-AD5E-E6F5F551B4D5}.Release|Any CPU.ActiveCfg = Release|Any CPU
		{81D72B36-6B2F-42FA-AD5E-E6F5F551B4D5}.Release|Any CPU.Build.0 = Release|Any CPU
		{4C530674-661B-4300-816C-5360AAB91AFD}.Debug|Any CPU.ActiveCfg = Debug|Any CPU
		{4C530674-661B-4300-816C-5360AAB91AFD}.Debug|Any CPU.Build.0 = Debug|Any CPU
		{4C530674-661B-4300-816C-5360AAB91AFD}.Release|Any CPU.ActiveCfg = Release|Any CPU
		{4C530674-661B-4300-816C-5360AAB91AFD}.Release|Any CPU.Build.0 = Release|Any CPU
		{9F5AAD43-767F-4E6D-AC98-388B6E22E674}.Debug|Any CPU.ActiveCfg = Debug|Any CPU
		{9F5AAD43-767F-4E6D-AC98-388B6E22E674}.Debug|Any CPU.Build.0 = Debug|Any CPU
		{9F5AAD43-767F-4E6D-AC98-388B6E22E674}.Release|Any CPU.ActiveCfg = Release|Any CPU
		{9F5AAD43-767F-4E6D-AC98-388B6E22E674}.Release|Any CPU.Build.0 = Release|Any CPU
		{EDDAD01E-7844-4730-A697-5F4BDA4BEE86}.Debug|Any CPU.ActiveCfg = Debug|Any CPU
		{EDDAD01E-7844-4730-A697-5F4BDA4BEE86}.Debug|Any CPU.Build.0 = Debug|Any CPU
		{EDDAD01E-7844-4730-A697-5F4BDA4BEE86}.Release|Any CPU.ActiveCfg = Release|Any CPU
		{EDDAD01E-7844-4730-A697-5F4BDA4BEE86}.Release|Any CPU.Build.0 = Release|Any CPU
	EndGlobalSection
	GlobalSection(NestedProjects) = preSolution
		{FC149F28-1749-4C78-ACED-17AA5101DC8E} = {D616140C-E020-444A-BDD3-E90F896EF31D}
		{FFFDBF6E-BBCB-49C0-996D-C1DD0C93F985} = {D616140C-E020-444A-BDD3-E90F896EF31D}
		{218D5B52-034C-4DF4-B97E-C607523475DC} = {D616140C-E020-444A-BDD3-E90F896EF31D}
		{54CFFF1C-99A5-4E22-B16B-8806E276465E} = {D616140C-E020-444A-BDD3-E90F896EF31D}
		{48A97FCF-85AA-4506-82D6-37B653C76F34} = {54CFFF1C-99A5-4E22-B16B-8806E276465E}
		{81E9DD48-E3D4-4C33-94A8-DB7D52A4E3D5} = {54CFFF1C-99A5-4E22-B16B-8806E276465E}
		{824E93C0-0F90-48B8-84C7-19F8983DAB61} = {54CFFF1C-99A5-4E22-B16B-8806E276465E}
		{81D72B36-6B2F-42FA-AD5E-E6F5F551B4D5} = {54CFFF1C-99A5-4E22-B16B-8806E276465E}
		{F4DEF369-1A75-48E7-811B-C4CCD0BAB1B8} = {542E2585-5ECD-4BFE-935E-4D535662FA7A}
		{4C530674-661B-4300-816C-5360AAB91AFD} = {F4DEF369-1A75-48E7-811B-C4CCD0BAB1B8}
		{9F5AAD43-767F-4E6D-AC98-388B6E22E674} = {F4DEF369-1A75-48E7-811B-C4CCD0BAB1B8}
		{EDDAD01E-7844-4730-A697-5F4BDA4BEE86} = {542E2585-5ECD-4BFE-935E-4D535662FA7A}
	EndGlobalSection
EndGlobal
