
Microsoft Visual Studio Solution File, Format Version 12.00
# Visual Studio Version 17
VisualStudioVersion = 17.0.31903.59
MinimumVisualStudioVersion = 10.0.40219.1
Project("{2150E333-8FDC-42A3-9474-1A3956D46DE8}") = "src", "src", "{81D1DAA7-F563-4D34-BAE8-77402363E6A1}"
EndProject
Project("{FAE04EC0-301F-11D3-BF4B-00C04F79EFBC}") = "Haworks.Contracts", "src\Contracts\Haworks.Contracts.csproj", "{23B043A5-6779-4B57-A099-89423BAC9399}"
EndProject
Project("{FAE04EC0-301F-11D3-BF4B-00C04F79EFBC}") = "Haworks.BuildingBlocks", "src\BuildingBlocks\Haworks.BuildingBlocks.csproj", "{E30D2DF8-305C-4D1B-8AF9-EB03F6F29DDD}"
EndProject
Project("{FAE04EC0-301F-11D3-BF4B-00C04F79EFBC}") = "Haworks.BuildingBlocks.Testing", "src\BuildingBlocks.Testing\Haworks.BuildingBlocks.Testing.csproj", "{CC0127EC-A0F1-4CB9-9DBB-DCF5179AD272}"
EndProject
Project("{2150E333-8FDC-42A3-9474-1A3956D46DE8}") = "deploy", "deploy", "{5BFEE26C-AF67-4CDD-A765-2A260F697B0E}"
EndProject
Project("{FAE04EC0-301F-11D3-BF4B-00C04F79EFBC}") = "HaworksPlatform.AppHost", "deploy\aspire\HaworksPlatform.AppHost.csproj", "{FF0FD29F-F9FA-482C-AC7B-1B891DE8E174}"
EndProject
Project("{2150E333-8FDC-42A3-9474-1A3956D46DE8}") = "Identity", "Identity", "{9DD20F2A-6DB3-43AA-A3B3-02CD47D4B5F2}"
EndProject
Project("{FAE04EC0-301F-11D3-BF4B-00C04F79EFBC}") = "Identity.Domain", "src\Identity\Identity.Domain\Identity.Domain.csproj", "{DB206749-C797-43BE-88D1-4A9E3714B1F2}"
EndProject
Project("{FAE04EC0-301F-11D3-BF4B-00C04F79EFBC}") = "Identity.Application", "src\Identity\Identity.Application\Identity.Application.csproj", "{9A41EBF3-0964-4145-8C37-5E4156423501}"
EndProject
Project("{FAE04EC0-301F-11D3-BF4B-00C04F79EFBC}") = "Identity.Infrastructure", "src\Identity\Identity.Infrastructure\Identity.Infrastructure.csproj", "{AAD6D481-79BC-47A7-95B0-9DF92C3C7264}"
EndProject
Project("{FAE04EC0-301F-11D3-BF4B-00C04F79EFBC}") = "Identity.Api", "src\Identity\Identity.Api\Identity.Api.csproj", "{3065DBB6-0E92-4E59-993B-604C805DA11F}"
EndProject
Project("{2150E333-8FDC-42A3-9474-1A3956D46DE8}") = "tests", "tests", "{8D0D9A2A-1FBD-4D8E-A96F-A417C12FC09F}"
EndProject
Project("{FAE04EC0-301F-11D3-BF4B-00C04F79EFBC}") = "Identity.Architecture", "tests\Identity\Identity.Architecture\Identity.Architecture.csproj", "{494F5A1B-6E31-4F79-9DE2-24532CDDDA7F}"
EndProject
Project("{FAE04EC0-301F-11D3-BF4B-00C04F79EFBC}") = "Identity.Integration", "tests\Identity\Identity.Integration\Identity.Integration.csproj", "{2C4BD481-D58C-4A5D-9BF3-ED2C99E5BAB1}"
EndProject
Project("{FAE04EC0-301F-11D3-BF4B-00C04F79EFBC}") = "Identity.Contract", "tests\Identity\Identity.Contract\Identity.Contract.csproj", "{B125B6B1-18B1-4382-9274-A6C411A66BFB}"
EndProject
Project("{FAE04EC0-301F-11D3-BF4B-00C04F79EFBC}") = "Identity.Unit", "tests\Identity\Identity.Unit\Identity.Unit.csproj", "{A051C8FF-3B82-41DE-9D15-0CBCE0FE02C4}"
EndProject
Project("{2150E333-8FDC-42A3-9474-1A3956D46DE8}") = "Catalog", "Catalog", "{6C0F790A-76BE-4369-870D-2DB939F0F210}"
EndProject
Project("{FAE04EC0-301F-11D3-BF4B-00C04F79EFBC}") = "Catalog.Domain", "src\Catalog\Catalog.Domain\Catalog.Domain.csproj", "{6114DB9C-2797-461C-A3BD-B3B5EBD991DF}"
EndProject
Project("{FAE04EC0-301F-11D3-BF4B-00C04F79EFBC}") = "Catalog.Application", "src\Catalog\Catalog.Application\Catalog.Application.csproj", "{130791D7-47C7-4438-935E-1E39765BBEB0}"
EndProject
Project("{FAE04EC0-301F-11D3-BF4B-00C04F79EFBC}") = "Catalog.Infrastructure", "src\Catalog\Catalog.Infrastructure\Catalog.Infrastructure.csproj", "{D7805D15-2B84-43EE-97B5-FBB98BAD68AD}"
EndProject
Project("{FAE04EC0-301F-11D3-BF4B-00C04F79EFBC}") = "Catalog.Api", "src\Catalog\Catalog.Api\Catalog.Api.csproj", "{7052E5F7-C5B7-4E9C-82F5-0BB2820FA0C5}"
EndProject
Project("{2150E333-8FDC-42A3-9474-1A3956D46DE8}") = "Content", "Content", "{6F53CA74-0D7A-4B00-A469-23830E5C4ED9}"
EndProject
Project("{FAE04EC0-301F-11D3-BF4B-00C04F79EFBC}") = "Content.Domain", "src\Content\Content.Domain\Content.Domain.csproj", "{9B769E1D-F39E-478F-BD4A-68CFACE3555E}"
EndProject
Project("{FAE04EC0-301F-11D3-BF4B-00C04F79EFBC}") = "Content.Application", "src\Content\Content.Application\Content.Application.csproj", "{0BE223E6-0BB6-486C-9D65-32D27B071C01}"
EndProject
Project("{FAE04EC0-301F-11D3-BF4B-00C04F79EFBC}") = "Content.Infrastructure", "src\Content\Content.Infrastructure\Content.Infrastructure.csproj", "{FB431FD8-59DA-4828-959C-D989B1C1F574}"
EndProject
Project("{FAE04EC0-301F-11D3-BF4B-00C04F79EFBC}") = "Content.Api", "src\Content\Content.Api\Content.Api.csproj", "{E499001D-E043-4D49-BF0E-69DC8728EC66}"
EndProject
Project("{FAE04EC0-301F-11D3-BF4B-00C04F79EFBC}") = "Content.Unit", "tests\Content\Content.Unit\Content.Unit.csproj", "{713501B9-F283-4801-B99E-8AA175B8802F}"
EndProject
Project("{FAE04EC0-301F-11D3-BF4B-00C04F79EFBC}") = "Content.Integration", "tests\Content\Content.Integration\Content.Integration.csproj", "{4EE83C1D-7745-47FE-8D85-A520075FA254}"
EndProject
Project("{FAE04EC0-301F-11D3-BF4B-00C04F79EFBC}") = "Catalog.Architecture", "tests\Catalog\Catalog.Architecture\Catalog.Architecture.csproj", "{A22C0E74-7398-400E-AB89-B68B66073C1E}"
EndProject
Project("{FAE04EC0-301F-11D3-BF4B-00C04F79EFBC}") = "Catalog.Integration", "tests\Catalog\Catalog.Integration\Catalog.Integration.csproj", "{1DC4BD63-7295-4C9D-806C-079A274439B5}"
EndProject
Project("{FAE04EC0-301F-11D3-BF4B-00C04F79EFBC}") = "Catalog.Contract", "tests\Catalog\Catalog.Contract\Catalog.Contract.csproj", "{82E26126-6433-43F6-B5E7-C8737D114D95}"
EndProject
Project("{FAE04EC0-301F-11D3-BF4B-00C04F79EFBC}") = "Catalog.Unit", "tests\Catalog\Catalog.Unit\Catalog.Unit.csproj", "{825153E5-65AD-4566-BDA3-6588610988A2}"
EndProject
Project("{FAE04EC0-301F-11D3-BF4B-00C04F79EFBC}") = "Payments.Architecture", "tests\Payments\Payments.Architecture\Payments.Architecture.csproj", "{3377BB9F-2D1B-47E4-BEFC-4B3ABA93682D}"
EndProject
Project("{FAE04EC0-301F-11D3-BF4B-00C04F79EFBC}") = "Payments.Unit", "tests\Payments\Payments.Unit\Payments.Unit.csproj", "{2AD55CA0-5B4C-4587-A731-2B2F02CFBB53}"
EndProject
Project("{FAE04EC0-301F-11D3-BF4B-00C04F79EFBC}") = "Payments.Integration", "tests\Payments\Payments.Integration\Payments.Integration.csproj", "{FF0C7BDD-2CDB-4D47-808E-7228169D30AB}"
EndProject
Project("{FAE04EC0-301F-11D3-BF4B-00C04F79EFBC}") = "Payments.Contract", "tests\Payments\Payments.Contract\Payments.Contract.csproj", "{94F40E80-39BE-4E11-813D-9152D1C5BA67}"
EndProject
Project("{FAE04EC0-301F-11D3-BF4B-00C04F79EFBC}") = "Orders.Architecture", "tests\Orders\Orders.Architecture\Orders.Architecture.csproj", "{34FBAC75-2826-4FDF-B6F0-0A5820A77B36}"
EndProject
Project("{FAE04EC0-301F-11D3-BF4B-00C04F79EFBC}") = "Orders.Unit", "tests\Orders\Orders.Unit\Orders.Unit.csproj", "{18174C54-6836-4E42-B62F-09BB004A5DBA}"
EndProject
Project("{FAE04EC0-301F-11D3-BF4B-00C04F79EFBC}") = "Orders.Contract", "tests\Orders\Orders.Contract\Orders.Contract.csproj", "{4F996DCF-3FB5-4B82-B9AC-38AB23482A10}"
EndProject
Project("{FAE04EC0-301F-11D3-BF4B-00C04F79EFBC}") = "Orders.Integration", "tests\Orders\Orders.Integration\Orders.Integration.csproj", "{B6887D17-2A27-45E7-8EFF-B8D80E9CC7B9}"
EndProject
Project("{FAE04EC0-301F-11D3-BF4B-00C04F79EFBC}") = "CheckoutOrchestrator.Architecture", "tests\CheckoutOrchestrator\CheckoutOrchestrator.Architecture\CheckoutOrchestrator.Architecture.csproj", "{F62E2F21-697D-4E12-9300-4A5D16BCAF09}"
EndProject
Project("{FAE04EC0-301F-11D3-BF4B-00C04F79EFBC}") = "CheckoutOrchestrator.Integration", "tests\CheckoutOrchestrator\CheckoutOrchestrator.Integration\CheckoutOrchestrator.Integration.csproj", "{278ACF02-ED65-406C-97F5-047441B4193C}"
EndProject
Project("{FAE04EC0-301F-11D3-BF4B-00C04F79EFBC}") = "BffWeb.Architecture", "tests\BffWeb\BffWeb.Architecture\BffWeb.Architecture.csproj", "{32509012-99E9-4CD0-A600-0C373BDE1004}"
EndProject
Project("{FAE04EC0-301F-11D3-BF4B-00C04F79EFBC}") = "BffWeb.Integration", "tests\BffWeb\BffWeb.Integration\BffWeb.Integration.csproj", "{4D0DF63A-3370-436E-AAD4-2A6F381B1F4E}"
EndProject
Project("{FAE04EC0-301F-11D3-BF4B-00C04F79EFBC}") = "BuildingBlocks.Unit", "tests\BuildingBlocks\BuildingBlocks.Unit\BuildingBlocks.Unit.csproj", "{FE2DD535-BD0F-4CC4-BCC4-3DAC8925D461}"
EndProject
Project("{FAE04EC0-301F-11D3-BF4B-00C04F79EFBC}") = "CheckoutOrchestrator.Unit", "tests\CheckoutOrchestrator\CheckoutOrchestrator.Unit\CheckoutOrchestrator.Unit.csproj", "{E0DFB603-17F1-4DE8-9D6B-D50CE4E2430F}"
EndProject
Project("{FAE04EC0-301F-11D3-BF4B-00C04F79EFBC}") = "Smoke", "tests\Smoke\Smoke.csproj", "{03E9B723-3DA2-48D9-94CA-8A5F916BD5D9}"
EndProject
Project("{FAE04EC0-301F-11D3-BF4B-00C04F79EFBC}") = "E2E", "tests\E2E\E2E.csproj", "{6137348C-4CE2-494D-BAAC-7A1A2030C565}"
EndProject
Project("{2150E333-8FDC-42A3-9474-1A3956D46DE8}") = "Search", "Search", "{AB45AA58-BBFE-4084-929F-532636F00B26}"
EndProject
Project("{FAE04EC0-301F-11D3-BF4B-00C04F79EFBC}") = "Search.Domain", "src\Search\Search.Domain\Search.Domain.csproj", "{9F9E26F8-9656-4C2A-B89B-30AC8B0A3C79}"
EndProject
Project("{FAE04EC0-301F-11D3-BF4B-00C04F79EFBC}") = "Search.Application", "src\Search\Search.Application\Search.Application.csproj", "{98B51B4A-C944-492C-A548-1E4ED8B4DDB0}"
EndProject
Project("{FAE04EC0-301F-11D3-BF4B-00C04F79EFBC}") = "Search.Infrastructure", "src\Search\Search.Infrastructure\Search.Infrastructure.csproj", "{F7E984AD-A60A-458C-A883-0980631767EE}"
EndProject
Project("{FAE04EC0-301F-11D3-BF4B-00C04F79EFBC}") = "Search.Api", "src\Search\Search.Api\Search.Api.csproj", "{4CB8C946-48D0-45F8-A6EE-700BABD790DD}"
EndProject
Project("{FAE04EC0-301F-11D3-BF4B-00C04F79EFBC}") = "Search.Unit", "tests\Search\Search.Unit\Search.Unit.csproj", "{27701986-1ACC-406D-A388-2D2489D4277A}"
EndProject
Project("{FAE04EC0-301F-11D3-BF4B-00C04F79EFBC}") = "Search.Integration", "tests\Search\Search.Integration\Search.Integration.csproj", "{99343C24-9C31-4058-95D7-C0DCE811BA31}"
EndProject
Project("{FAE04EC0-301F-11D3-BF4B-00C04F79EFBC}") = "BuildingBlocks.Tests", "tests\BuildingBlocks\BuildingBlocks.Tests\BuildingBlocks.Tests.csproj", "{873FA0EA-7950-40A5-BAE5-2B409250342B}"
EndProject
Project("{2150E333-8FDC-42A3-9474-1A3956D46DE8}") = "Notifications", "Notifications", "{473D8356-6777-4422-B275-549249C59D27}"
EndProject
Project("{FAE04EC0-301F-11D3-BF4B-00C04F79EFBC}") = "Notifications.Domain", "src\Notifications\Notifications.Domain\Notifications.Domain.csproj", "{B89CC55F-7E68-4F44-8971-BDB7DBEB27D4}"
EndProject
Project("{FAE04EC0-301F-11D3-BF4B-00C04F79EFBC}") = "Notifications.Application", "src\Notifications\Notifications.Application\Notifications.Application.csproj", "{F1982AB3-5E5E-48CD-A854-9658D76CD1B8}"
EndProject
Project("{FAE04EC0-301F-11D3-BF4B-00C04F79EFBC}") = "Notifications.Infrastructure", "src\Notifications\Notifications.Infrastructure\Notifications.Infrastructure.csproj", "{A2D1EDFC-AC2C-417A-BD98-CEAC00A8D3D1}"
EndProject
Project("{FAE04EC0-301F-11D3-BF4B-00C04F79EFBC}") = "Notifications.Api", "src\Notifications\Notifications.Api\Notifications.Api.csproj", "{88C231F2-F474-4E97-B4AD-C19322C7076F}"
EndProject
Project("{FAE04EC0-301F-11D3-BF4B-00C04F79EFBC}") = "Notifications.Unit", "tests\Notifications\Notifications.Unit\Notifications.Unit.csproj", "{D5941FD0-E5E1-42C5-AA49-505578D3668B}"
EndProject
Project("{FAE04EC0-301F-11D3-BF4B-00C04F79EFBC}") = "Notifications.Integration", "tests\Notifications\Notifications.Integration\Notifications.Integration.csproj", "{DA9DEB89-FB80-42D8-B128-E828901E8CD7}"
EndProject
Project("{2150E333-8FDC-42A3-9474-1A3956D46DE8}") = "Audit", "Audit", "{AA56FBEC-EF6E-4D04-8A56-E70D26013B10}"
EndProject
Project("{FAE04EC0-301F-11D3-BF4B-00C04F79EFBC}") = "Audit.Domain", "src\Audit\Audit.Domain\Audit.Domain.csproj", "{214D17BF-16C3-4855-A5DA-35F93E9F4A76}"
EndProject
Project("{FAE04EC0-301F-11D3-BF4B-00C04F79EFBC}") = "Audit.Application", "src\Audit\Audit.Application\Audit.Application.csproj", "{DD1172E8-A5B6-43FB-8B5D-AAC34276AC31}"
EndProject
Project("{FAE04EC0-301F-11D3-BF4B-00C04F79EFBC}") = "Audit.Infrastructure", "src\Audit\Audit.Infrastructure\Audit.Infrastructure.csproj", "{58D41C87-324E-461F-BCAE-B4B22FF3EACF}"
EndProject
Project("{FAE04EC0-301F-11D3-BF4B-00C04F79EFBC}") = "Audit.Api", "src\Audit\Audit.Api\Audit.Api.csproj", "{A8B3C219-4D43-47D2-96BD-9FA471900E1B}"
EndProject
Project("{FAE04EC0-301F-11D3-BF4B-00C04F79EFBC}") = "Audit.Unit", "tests\Audit\Audit.Unit\Audit.Unit.csproj", "{233C0A27-0ACB-4757-B98C-A25723681B07}"
EndProject
Project("{FAE04EC0-301F-11D3-BF4B-00C04F79EFBC}") = "Audit.Integration", "tests\Audit\Audit.Integration\Audit.Integration.csproj", "{80911308-94C3-4B8D-8DA5-799DBED7869B}"
EndProject
Project("{2150E333-8FDC-42A3-9474-1A3956D46DE8}") = "Location", "Location", "{F2815CFB-61E9-4846-BF72-11C51C4E9918}"
EndProject
Project("{FAE04EC0-301F-11D3-BF4B-00C04F79EFBC}") = "Location.Domain", "src\Location\Location.Domain\Location.Domain.csproj", "{C612785A-782A-47F1-903B-335E5986BA78}"
EndProject
Project("{FAE04EC0-301F-11D3-BF4B-00C04F79EFBC}") = "Location.Application", "src\Location\Location.Application\Location.Application.csproj", "{20E9FC60-77F1-49BE-AFCC-8B47C99011EA}"
EndProject
Project("{FAE04EC0-301F-11D3-BF4B-00C04F79EFBC}") = "Location.Infrastructure", "src\Location\Location.Infrastructure\Location.Infrastructure.csproj", "{03E84734-0513-41F6-99B3-B0873CD03A2B}"
EndProject
Project("{FAE04EC0-301F-11D3-BF4B-00C04F79EFBC}") = "Location.Api", "src\Location\Location.Api\Location.Api.csproj", "{CB4A1CC9-5ABB-4BF9-B868-FD097485154F}"
EndProject
Project("{2150E333-8FDC-42A3-9474-1A3956D46DE8}") = "Location", "Location", "{C26387D5-A1F3-4EAD-9172-A9B053FBC436}"
EndProject
Project("{FAE04EC0-301F-11D3-BF4B-00C04F79EFBC}") = "Location.Unit", "tests\Location\Location.Unit\Location.Unit.csproj", "{8870CB6C-88F0-4C37-A65D-E449EAE8EDBF}"
EndProject
Project("{FAE04EC0-301F-11D3-BF4B-00C04F79EFBC}") = "Location.Integration", "tests\Location\Location.Integration\Location.Integration.csproj", "{C4D00D57-49D7-4ED4-AD31-B2096689F85F}"
EndProject
Project("{2150E333-8FDC-42A3-9474-1A3956D46DE8}") = "BffWeb", "BffWeb", "{962B889F-2116-4EC2-B53C-771F762A4667}"
EndProject
Project("{FAE04EC0-301F-11D3-BF4B-00C04F79EFBC}") = "BffWeb.Api", "src\BffWeb\BffWeb.Api\BffWeb.Api.csproj", "{952E58DA-5223-4A23-B8D2-FB7735431537}"
EndProject
Project("{FAE04EC0-301F-11D3-BF4B-00C04F79EFBC}") = "BffWeb.Application", "src\BffWeb\BffWeb.Application\BffWeb.Application.csproj", "{B2E6A034-32FA-4B45-BCA4-8CDB5B65FA8D}"
EndProject
Project("{FAE04EC0-301F-11D3-BF4B-00C04F79EFBC}") = "BffWeb.Domain", "src\BffWeb\BffWeb.Domain\BffWeb.Domain.csproj", "{525A67E8-ADD4-421B-BA72-1220FCDF8C54}"
EndProject
Project("{FAE04EC0-301F-11D3-BF4B-00C04F79EFBC}") = "BffWeb.Infrastructure", "src\BffWeb\BffWeb.Infrastructure\BffWeb.Infrastructure.csproj", "{6795DA1C-001D-438B-8897-8245BE1C693A}"
EndProject
Project("{2150E333-8FDC-42A3-9474-1A3956D46DE8}") = "CheckoutOrchestrator", "CheckoutOrchestrator", "{85E445E7-EE95-4221-85BA-2F5DC8F87C20}"
EndProject
Project("{FAE04EC0-301F-11D3-BF4B-00C04F79EFBC}") = "CheckoutOrchestrator.Api", "src\CheckoutOrchestrator\CheckoutOrchestrator.Api\CheckoutOrchestrator.Api.csproj", "{5500865B-A0A6-4D49-B4B5-358337EF9A22}"
EndProject
Project("{FAE04EC0-301F-11D3-BF4B-00C04F79EFBC}") = "CheckoutOrchestrator.Application", "src\CheckoutOrchestrator\CheckoutOrchestrator.Application\CheckoutOrchestrator.Application.csproj", "{38B935AB-D059-40D4-B649-8AFC99F2BEE4}"
EndProject
Project("{FAE04EC0-301F-11D3-BF4B-00C04F79EFBC}") = "CheckoutOrchestrator.Domain", "src\CheckoutOrchestrator\CheckoutOrchestrator.Domain\CheckoutOrchestrator.Domain.csproj", "{E65E0E02-47AE-4FC9-85A8-BE405DD06B08}"
EndProject
Project("{FAE04EC0-301F-11D3-BF4B-00C04F79EFBC}") = "CheckoutOrchestrator.Infrastructure", "src\CheckoutOrchestrator\CheckoutOrchestrator.Infrastructure\CheckoutOrchestrator.Infrastructure.csproj", "{A777BDB0-A151-47E6-86F2-094B88629643}"
EndProject
Project("{2150E333-8FDC-42A3-9474-1A3956D46DE8}") = "Merchant", "Merchant", "{4D771303-1108-462F-8D15-10CF62B21D70}"
EndProject
Project("{FAE04EC0-301F-11D3-BF4B-00C04F79EFBC}") = "Merchant.Api", "src\Merchant\Merchant.Api\Merchant.Api.csproj", "{001CAA77-A32E-4149-94FE-E13D82D683C4}"
EndProject
Project("{FAE04EC0-301F-11D3-BF4B-00C04F79EFBC}") = "Merchant.Application", "src\Merchant\Merchant.Application\Merchant.Application.csproj", "{1E32771A-05CD-4034-9A49-CB677DD6018A}"
EndProject
Project("{FAE04EC0-301F-11D3-BF4B-00C04F79EFBC}") = "Merchant.Domain", "src\Merchant\Merchant.Domain\Merchant.Domain.csproj", "{08AB7AB1-53E3-4E08-A5C4-69B24A666CDB}"
EndProject
Project("{FAE04EC0-301F-11D3-BF4B-00C04F79EFBC}") = "Merchant.Infrastructure", "src\Merchant\Merchant.Infrastructure\Merchant.Infrastructure.csproj", "{148CD353-B50F-4F6D-8EC2-7A0C8E660D12}"
EndProject
Project("{2150E333-8FDC-42A3-9474-1A3956D46DE8}") = "Orders", "Orders", "{438C4D44-65E7-45D5-827E-7E6EAC97F191}"
EndProject
Project("{FAE04EC0-301F-11D3-BF4B-00C04F79EFBC}") = "Orders.Api", "src\Orders\Orders.Api\Orders.Api.csproj", "{4CDC6D00-8DD6-476E-BAC9-D4E837DAB89A}"
EndProject
Project("{FAE04EC0-301F-11D3-BF4B-00C04F79EFBC}") = "Orders.Application", "src\Orders\Orders.Application\Orders.Application.csproj", "{2C69F41D-B358-477E-A080-4D9E5FA09C23}"
EndProject
Project("{FAE04EC0-301F-11D3-BF4B-00C04F79EFBC}") = "Orders.Domain", "src\Orders\Orders.Domain\Orders.Domain.csproj", "{33BF7391-D44B-4747-AF79-B7CF9964EBC8}"
EndProject
Project("{FAE04EC0-301F-11D3-BF4B-00C04F79EFBC}") = "Orders.Infrastructure", "src\Orders\Orders.Infrastructure\Orders.Infrastructure.csproj", "{1B79C57F-D9C2-48C3-AE8E-7418F868D11D}"
EndProject
Project("{2150E333-8FDC-42A3-9474-1A3956D46DE8}") = "Payments", "Payments", "{A49D5FDD-5FC8-4EBB-A05A-E6E8E38D64EC}"
EndProject
Project("{FAE04EC0-301F-11D3-BF4B-00C04F79EFBC}") = "Payments.Api", "src\Payments\Payments.Api\Payments.Api.csproj", "{71FB4433-9F8F-4483-A002-B885F90EF508}"
EndProject
Project("{FAE04EC0-301F-11D3-BF4B-00C04F79EFBC}") = "Payments.Application", "src\Payments\Payments.Application\Payments.Application.csproj", "{B1CE2269-7B16-4A50-ACBD-FA2AA88B735A}"
EndProject
Project("{FAE04EC0-301F-11D3-BF4B-00C04F79EFBC}") = "Payments.Domain", "src\Payments\Payments.Domain\Payments.Domain.csproj", "{D25AF96E-4448-44DA-9ED9-BB66931FF288}"
EndProject
Project("{FAE04EC0-301F-11D3-BF4B-00C04F79EFBC}") = "Payments.Infrastructure", "src\Payments\Payments.Infrastructure\Payments.Infrastructure.csproj", "{9A377061-B528-45D0-9736-33D20372D7DA}"
EndProject
Project("{2150E333-8FDC-42A3-9474-1A3956D46DE8}") = "Payouts", "Payouts", "{E009E7EA-D1DF-439C-A12A-6997897990BB}"
EndProject
Project("{FAE04EC0-301F-11D3-BF4B-00C04F79EFBC}") = "Payouts.Api", "src\Payouts\Payouts.Api\Payouts.Api.csproj", "{88A47795-4159-46FC-AF52-D8C8F18491F2}"
EndProject
Project("{FAE04EC0-301F-11D3-BF4B-00C04F79EFBC}") = "Payouts.Application", "src\Payouts\Payouts.Application\Payouts.Application.csproj", "{8743A230-60F9-41D7-807E-6C04E0B4CE23}"
EndProject
Project("{FAE04EC0-301F-11D3-BF4B-00C04F79EFBC}") = "Payouts.Domain", "src\Payouts\Payouts.Domain\Payouts.Domain.csproj", "{D03275C5-73AC-439E-BE60-297FE0FC8E69}"
EndProject
Project("{FAE04EC0-301F-11D3-BF4B-00C04F79EFBC}") = "Payouts.Infrastructure", "src\Payouts\Payouts.Infrastructure\Payouts.Infrastructure.csproj", "{AB151CC9-6FD1-4319-AFCF-404D43119D8B}"
EndProject
Project("{2150E333-8FDC-42A3-9474-1A3956D46DE8}") = "Privacy", "Privacy", "{E96A342B-889F-4D40-9021-6559AA1C7E40}"
EndProject
Project("{FAE04EC0-301F-11D3-BF4B-00C04F79EFBC}") = "Privacy.Api", "src\Privacy\Privacy.Api\Privacy.Api.csproj", "{1A461B48-FAFE-43D9-AB1A-B4AB12F1AF91}"
EndProject
Project("{FAE04EC0-301F-11D3-BF4B-00C04F79EFBC}") = "Privacy.Application", "src\Privacy\Privacy.Application\Privacy.Application.csproj", "{6FC0538D-1FD1-4FCF-B3F8-836B57EDA743}"
EndProject
Project("{FAE04EC0-301F-11D3-BF4B-00C04F79EFBC}") = "Privacy.Domain", "src\Privacy\Privacy.Domain\Privacy.Domain.csproj", "{33E5D649-A586-4CE8-85DC-FE4C145E5818}"
EndProject
Project("{FAE04EC0-301F-11D3-BF4B-00C04F79EFBC}") = "Privacy.Infrastructure", "src\Privacy\Privacy.Infrastructure\Privacy.Infrastructure.csproj", "{1CE441F8-6AD2-403C-9D11-0FBD601A70FF}"
EndProject
Project("{2150E333-8FDC-42A3-9474-1A3956D46DE8}") = "Scheduler", "Scheduler", "{8E1DFA62-ED4B-4489-9109-22EBC9E9DA54}"
EndProject
Project("{FAE04EC0-301F-11D3-BF4B-00C04F79EFBC}") = "Scheduler.Api", "src\Scheduler\Scheduler.Api\Scheduler.Api.csproj", "{E1909B6D-952E-4C19-B342-93C9248CCC78}"
EndProject
Project("{FAE04EC0-301F-11D3-BF4B-00C04F79EFBC}") = "Scheduler.Application", "src\Scheduler\Scheduler.Application\Scheduler.Application.csproj", "{3091C655-3319-4067-9656-1C94DBE31B79}"
EndProject
Project("{FAE04EC0-301F-11D3-BF4B-00C04F79EFBC}") = "Scheduler.Domain", "src\Scheduler\Scheduler.Domain\Scheduler.Domain.csproj", "{2A148288-8753-479C-9367-55791C79AFB3}"
EndProject
Project("{FAE04EC0-301F-11D3-BF4B-00C04F79EFBC}") = "Scheduler.Infrastructure", "src\Scheduler\Scheduler.Infrastructure\Scheduler.Infrastructure.csproj", "{9F1A25FE-840B-4451-AE9A-80C95E35D5C7}"
EndProject
Project("{2150E333-8FDC-42A3-9474-1A3956D46DE8}") = "Webhooks", "Webhooks", "{B14D5C0D-74C3-4278-9EB9-B43B52CBE6BF}"
EndProject
Project("{FAE04EC0-301F-11D3-BF4B-00C04F79EFBC}") = "Webhooks.Api", "src\Webhooks\Webhooks.Api\Webhooks.Api.csproj", "{8D966569-53BE-43D1-846A-90FE6803E797}"
EndProject
Project("{FAE04EC0-301F-11D3-BF4B-00C04F79EFBC}") = "Webhooks.Application", "src\Webhooks\Webhooks.Application\Webhooks.Application.csproj", "{42A5DE71-482A-40BC-B36B-168728E79616}"
EndProject
Project("{FAE04EC0-301F-11D3-BF4B-00C04F79EFBC}") = "Webhooks.Domain", "src\Webhooks\Webhooks.Domain\Webhooks.Domain.csproj", "{615E2A2E-0C1E-4964-B284-3CD44DDD650A}"
EndProject
Project("{FAE04EC0-301F-11D3-BF4B-00C04F79EFBC}") = "Webhooks.Infrastructure", "src\Webhooks\Webhooks.Infrastructure\Webhooks.Infrastructure.csproj", "{1BA9AA59-C111-46CC-BC13-150F405FF2B9}"
EndProject
Project("{2150E333-8FDC-42A3-9474-1A3956D46DE8}") = "Webhooks", "Webhooks", "{59383B9C-327A-42DC-87AD-B0FBC7589375}"
EndProject
Project("{FAE04EC0-301F-11D3-BF4B-00C04F79EFBC}") = "Webhooks.Integration", "tests\Webhooks\Webhooks.Integration\Webhooks.Integration.csproj", "{543EEA78-68EA-458A-B3DF-FB9B740F8E66}"
EndProject
Project("{FAE04EC0-301F-11D3-BF4B-00C04F79EFBC}") = "Webhooks.Unit", "tests\Webhooks\Webhooks.Unit\Webhooks.Unit.csproj", "{48E750AC-22DC-4D83-BDF1-57AA39A6E575}"
EndProject
Project("{FAE04EC0-301F-11D3-BF4B-00C04F79EFBC}") = "Platform.ArchitecturalGuards", "tests\Platform.ArchitecturalGuards\Platform.ArchitecturalGuards.csproj", "{8821E226-41D6-48FF-9D93-7E373A9DCC1B}"
EndProject
Project("{2150E333-8FDC-42A3-9474-1A3956D46DE8}") = "Media", "Media", "{AB1E5FFE-F5EC-491A-96E4-7A37AFCEC27C}"
EndProject
Project("{FAE04EC0-301F-11D3-BF4B-00C04F79EFBC}") = "Media.Integration", "tests\Media\Media.Integration\Media.Integration.csproj", "{99A7FE7D-158C-438E-A1D9-3B062E83F362}"
EndProject
Project("{2150E333-8FDC-42A3-9474-1A3956D46DE8}") = "Payouts", "Payouts", "{C6FB3516-096C-4748-A77B-B8CB8305F343}"
EndProject
Project("{FAE04EC0-301F-11D3-BF4B-00C04F79EFBC}") = "Payouts.Unit", "tests\Payouts\Payouts.Unit\Payouts.Unit.csproj", "{C41C988A-B90A-4599-86E6-C98D2B52905A}"
EndProject
Project("{2150E333-8FDC-42A3-9474-1A3956D46DE8}") = "Merchant", "Merchant", "{8CAC2457-019D-4D93-B19F-03B6313483FF}"
EndProject
Project("{FAE04EC0-301F-11D3-BF4B-00C04F79EFBC}") = "Merchant.Architecture", "tests\Merchant\Merchant.Architecture\Merchant.Architecture.csproj", "{64879E2E-6F14-4D8E-87A2-DDEC21621FAA}"
EndProject
Project("{FAE04EC0-301F-11D3-BF4B-00C04F79EFBC}") = "Merchant.Unit", "tests\Merchant\Merchant.Unit\Merchant.Unit.csproj", "{213D466D-D4A0-4D5A-BF9A-10A69F15C874}"
EndProject
Project("{FAE04EC0-301F-11D3-BF4B-00C04F79EFBC}") = "Payouts.Architecture", "tests\Payouts\Payouts.Architecture\Payouts.Architecture.csproj", "{FE3B83AB-A3BB-4425-B4B3-43A51649B424}"
EndProject
Project("{FAE04EC0-301F-11D3-BF4B-00C04F79EFBC}") = "Payouts.Integration", "tests\Payouts\Payouts.Integration\Payouts.Integration.csproj", "{F5C36C3B-358F-4D7B-9169-575501C8061E}"
EndProject
Project("{2150E333-8FDC-42A3-9474-1A3956D46DE8}") = "Privacy", "Privacy", "{13AB2E7A-57EA-4B71-A92C-C71F5A585E23}"
EndProject
Project("{FAE04EC0-301F-11D3-BF4B-00C04F79EFBC}") = "Privacy.Architecture", "tests\Privacy\Privacy.Architecture\Privacy.Architecture.csproj", "{F12DB484-E194-4AFE-8214-45CA3EC54F10}"
EndProject
Project("{FAE04EC0-301F-11D3-BF4B-00C04F79EFBC}") = "Privacy.Integration", "tests\Privacy\Privacy.Integration\Privacy.Integration.csproj", "{1E80AD89-5669-4E10-BE5B-F4FD9E6C05E9}"
EndProject
Project("{FAE04EC0-301F-11D3-BF4B-00C04F79EFBC}") = "Privacy.Unit", "tests\Privacy\Privacy.Unit\Privacy.Unit.csproj", "{81D06C25-CFB5-4551-9F38-5F28A62BFFE5}"
EndProject
Project("{2150E333-8FDC-42A3-9474-1A3956D46DE8}") = "Scheduler", "Scheduler", "{CD7A1FC6-F6B6-4F04-8B0C-BEF495544E2C}"
EndProject
Project("{FAE04EC0-301F-11D3-BF4B-00C04F79EFBC}") = "Scheduler.Architecture", "tests\Scheduler\Scheduler.Architecture\Scheduler.Architecture.csproj", "{B0C2417C-0A19-4F79-AF8F-B01DA5BFDC97}"
EndProject
Project("{FAE04EC0-301F-11D3-BF4B-00C04F79EFBC}") = "Scheduler.Integration", "tests\Scheduler\Scheduler.Integration\Scheduler.Integration.csproj", "{F5CF58F2-4F99-4054-AA26-F74F7FC91FE6}"
EndProject
Project("{FAE04EC0-301F-11D3-BF4B-00C04F79EFBC}") = "Scheduler.Unit", "tests\Scheduler\Scheduler.Unit\Scheduler.Unit.csproj", "{E785DD07-781A-4FE9-A7E1-7565BDCFEE02}"
EndProject
Project("{FAE04EC0-301F-11D3-BF4B-00C04F79EFBC}") = "Merchant.Integration", "tests\Merchant\Merchant.Integration\Merchant.Integration.csproj", "{31491331-EB79-492F-B129-ECB4110DCDA6}"
EndProject
Project("{2150E333-8FDC-42A3-9474-1A3956D46DE8}") = "RulesEngine", "RulesEngine", "{439FEFA1-04A1-456A-8ECF-14AED6F2A076}"
EndProject
Project("{FAE04EC0-301F-11D3-BF4B-00C04F79EFBC}") = "RulesEngine.Integration", "tests\RulesEngine\RulesEngine.Integration\RulesEngine.Integration.csproj", "{F4662AA8-3401-46EB-B77F-6D586BA47F49}"
EndProject
Global
	GlobalSection(SolutionConfigurationPlatforms) = preSolution
		Debug|Any CPU = Debug|Any CPU
		Release|Any CPU = Release|Any CPU
	EndGlobalSection
	GlobalSection(SolutionProperties) = preSolution
		HideSolutionNode = FALSE
	EndGlobalSection
	GlobalSection(ProjectConfigurationPlatforms) = postSolution
		{23B043A5-6779-4B57-A099-89423BAC9399}.Debug|Any CPU.ActiveCfg = Debug|Any CPU
		{23B043A5-6779-4B57-A099-89423BAC9399}.Debug|Any CPU.Build.0 = Debug|Any CPU
		{23B043A5-6779-4B57-A099-89423BAC9399}.Release|Any CPU.ActiveCfg = Release|Any CPU
		{23B043A5-6779-4B57-A099-89423BAC9399}.Release|Any CPU.Build.0 = Release|Any CPU
		{E30D2DF8-305C-4D1B-8AF9-EB03F6F29DDD}.Debug|Any CPU.ActiveCfg = Debug|Any CPU
		{E30D2DF8-305C-4D1B-8AF9-EB03F6F29DDD}.Debug|Any CPU.Build.0 = Debug|Any CPU
		{E30D2DF8-305C-4D1B-8AF9-EB03F6F29DDD}.Release|Any CPU.ActiveCfg = Release|Any CPU
		{E30D2DF8-305C-4D1B-8AF9-EB03F6F29DDD}.Release|Any CPU.Build.0 = Release|Any CPU
		{CC0127EC-A0F1-4CB9-9DBB-DCF5179AD272}.Debug|Any CPU.ActiveCfg = Debug|Any CPU
		{CC0127EC-A0F1-4CB9-9DBB-DCF5179AD272}.Debug|Any CPU.Build.0 = Debug|Any CPU
		{CC0127EC-A0F1-4CB9-9DBB-DCF5179AD272}.Release|Any CPU.ActiveCfg = Release|Any CPU
		{CC0127EC-A0F1-4CB9-9DBB-DCF5179AD272}.Release|Any CPU.Build.0 = Release|Any CPU
		{FF0FD29F-F9FA-482C-AC7B-1B891DE8E174}.Debug|Any CPU.ActiveCfg = Debug|Any CPU
		{FF0FD29F-F9FA-482C-AC7B-1B891DE8E174}.Debug|Any CPU.Build.0 = Debug|Any CPU
		{FF0FD29F-F9FA-482C-AC7B-1B891DE8E174}.Release|Any CPU.ActiveCfg = Release|Any CPU
		{FF0FD29F-F9FA-482C-AC7B-1B891DE8E174}.Release|Any CPU.Build.0 = Release|Any CPU
		{DB206749-C797-43BE-88D1-4A9E3714B1F2}.Debug|Any CPU.ActiveCfg = Debug|Any CPU
		{DB206749-C797-43BE-88D1-4A9E3714B1F2}.Debug|Any CPU.Build.0 = Debug|Any CPU
		{DB206749-C797-43BE-88D1-4A9E3714B1F2}.Release|Any CPU.ActiveCfg = Release|Any CPU
		{DB206749-C797-43BE-88D1-4A9E3714B1F2}.Release|Any CPU.Build.0 = Release|Any CPU
		{9A41EBF3-0964-4145-8C37-5E4156423501}.Debug|Any CPU.ActiveCfg = Debug|Any CPU
		{9A41EBF3-0964-4145-8C37-5E4156423501}.Debug|Any CPU.Build.0 = Debug|Any CPU
		{9A41EBF3-0964-4145-8C37-5E4156423501}.Release|Any CPU.ActiveCfg = Release|Any CPU
		{9A41EBF3-0964-4145-8C37-5E4156423501}.Release|Any CPU.Build.0 = Release|Any CPU
		{AAD6D481-79BC-47A7-95B0-9DF92C3C7264}.Debug|Any CPU.ActiveCfg = Debug|Any CPU
		{AAD6D481-79BC-47A7-95B0-9DF92C3C7264}.Debug|Any CPU.Build.0 = Debug|Any CPU
		{AAD6D481-79BC-47A7-95B0-9DF92C3C7264}.Release|Any CPU.ActiveCfg = Release|Any CPU
		{AAD6D481-79BC-47A7-95B0-9DF92C3C7264}.Release|Any CPU.Build.0 = Release|Any CPU
		{3065DBB6-0E92-4E59-993B-604C805DA11F}.Debug|Any CPU.ActiveCfg = Debug|Any CPU
		{3065DBB6-0E92-4E59-993B-604C805DA11F}.Debug|Any CPU.Build.0 = Debug|Any CPU
		{3065DBB6-0E92-4E59-993B-604C805DA11F}.Release|Any CPU.ActiveCfg = Release|Any CPU
		{3065DBB6-0E92-4E59-993B-604C805DA11F}.Release|Any CPU.Build.0 = Release|Any CPU
		{494F5A1B-6E31-4F79-9DE2-24532CDDDA7F}.Debug|Any CPU.ActiveCfg = Debug|Any CPU
		{494F5A1B-6E31-4F79-9DE2-24532CDDDA7F}.Debug|Any CPU.Build.0 = Debug|Any CPU
		{494F5A1B-6E31-4F79-9DE2-24532CDDDA7F}.Release|Any CPU.ActiveCfg = Release|Any CPU
		{494F5A1B-6E31-4F79-9DE2-24532CDDDA7F}.Release|Any CPU.Build.0 = Release|Any CPU
		{2C4BD481-D58C-4A5D-9BF3-ED2C99E5BAB1}.Debug|Any CPU.ActiveCfg = Debug|Any CPU
		{2C4BD481-D58C-4A5D-9BF3-ED2C99E5BAB1}.Debug|Any CPU.Build.0 = Debug|Any CPU
		{2C4BD481-D58C-4A5D-9BF3-ED2C99E5BAB1}.Release|Any CPU.ActiveCfg = Release|Any CPU
		{2C4BD481-D58C-4A5D-9BF3-ED2C99E5BAB1}.Release|Any CPU.Build.0 = Release|Any CPU
		{B125B6B1-18B1-4382-9274-A6C411A66BFB}.Debug|Any CPU.ActiveCfg = Debug|Any CPU
		{B125B6B1-18B1-4382-9274-A6C411A66BFB}.Debug|Any CPU.Build.0 = Debug|Any CPU
		{B125B6B1-18B1-4382-9274-A6C411A66BFB}.Release|Any CPU.ActiveCfg = Release|Any CPU
		{B125B6B1-18B1-4382-9274-A6C411A66BFB}.Release|Any CPU.Build.0 = Release|Any CPU
		{A051C8FF-3B82-41DE-9D15-0CBCE0FE02C4}.Debug|Any CPU.ActiveCfg = Debug|Any CPU
		{A051C8FF-3B82-41DE-9D15-0CBCE0FE02C4}.Debug|Any CPU.Build.0 = Debug|Any CPU
		{A051C8FF-3B82-41DE-9D15-0CBCE0FE02C4}.Release|Any CPU.ActiveCfg = Release|Any CPU
		{A051C8FF-3B82-41DE-9D15-0CBCE0FE02C4}.Release|Any CPU.Build.0 = Release|Any CPU
		{6114DB9C-2797-461C-A3BD-B3B5EBD991DF}.Debug|Any CPU.ActiveCfg = Debug|Any CPU
		{6114DB9C-2797-461C-A3BD-B3B5EBD991DF}.Debug|Any CPU.Build.0 = Debug|Any CPU
		{6114DB9C-2797-461C-A3BD-B3B5EBD991DF}.Release|Any CPU.ActiveCfg = Release|Any CPU
		{6114DB9C-2797-461C-A3BD-B3B5EBD991DF}.Release|Any CPU.Build.0 = Release|Any CPU
		{130791D7-47C7-4438-935E-1E39765BBEB0}.Debug|Any CPU.ActiveCfg = Debug|Any CPU
		{130791D7-47C7-4438-935E-1E39765BBEB0}.Debug|Any CPU.Build.0 = Debug|Any CPU
		{130791D7-47C7-4438-935E-1E39765BBEB0}.Release|Any CPU.ActiveCfg = Release|Any CPU
		{130791D7-47C7-4438-935E-1E39765BBEB0}.Release|Any CPU.Build.0 = Release|Any CPU
		{D7805D15-2B84-43EE-97B5-FBB98BAD68AD}.Debug|Any CPU.ActiveCfg = Debug|Any CPU
		{D7805D15-2B84-43EE-97B5-FBB98BAD68AD}.Debug|Any CPU.Build.0 = Debug|Any CPU
		{D7805D15-2B84-43EE-97B5-FBB98BAD68AD}.Release|Any CPU.ActiveCfg = Release|Any CPU
		{D7805D15-2B84-43EE-97B5-FBB98BAD68AD}.Release|Any CPU.Build.0 = Release|Any CPU
		{7052E5F7-C5B7-4E9C-82F5-0BB2820FA0C5}.Debug|Any CPU.ActiveCfg = Debug|Any CPU
		{7052E5F7-C5B7-4E9C-82F5-0BB2820FA0C5}.Debug|Any CPU.Build.0 = Debug|Any CPU
		{7052E5F7-C5B7-4E9C-82F5-0BB2820FA0C5}.Release|Any CPU.ActiveCfg = Release|Any CPU
		{7052E5F7-C5B7-4E9C-82F5-0BB2820FA0C5}.Release|Any CPU.Build.0 = Release|Any CPU
		{9B769E1D-F39E-478F-BD4A-68CFACE3555E}.Debug|Any CPU.ActiveCfg = Debug|Any CPU
		{9B769E1D-F39E-478F-BD4A-68CFACE3555E}.Debug|Any CPU.Build.0 = Debug|Any CPU
		{9B769E1D-F39E-478F-BD4A-68CFACE3555E}.Release|Any CPU.ActiveCfg = Release|Any CPU
		{9B769E1D-F39E-478F-BD4A-68CFACE3555E}.Release|Any CPU.Build.0 = Release|Any CPU
		{0BE223E6-0BB6-486C-9D65-32D27B071C01}.Debug|Any CPU.ActiveCfg = Debug|Any CPU
		{0BE223E6-0BB6-486C-9D65-32D27B071C01}.Debug|Any CPU.Build.0 = Debug|Any CPU
		{0BE223E6-0BB6-486C-9D65-32D27B071C01}.Release|Any CPU.ActiveCfg = Release|Any CPU
		{0BE223E6-0BB6-486C-9D65-32D27B071C01}.Release|Any CPU.Build.0 = Release|Any CPU
		{FB431FD8-59DA-4828-959C-D989B1C1F574}.Debug|Any CPU.ActiveCfg = Debug|Any CPU
		{FB431FD8-59DA-4828-959C-D989B1C1F574}.Debug|Any CPU.Build.0 = Debug|Any CPU
		{FB431FD8-59DA-4828-959C-D989B1C1F574}.Release|Any CPU.ActiveCfg = Release|Any CPU
		{FB431FD8-59DA-4828-959C-D989B1C1F574}.Release|Any CPU.Build.0 = Release|Any CPU
		{E499001D-E043-4D49-BF0E-69DC8728EC66}.Debug|Any CPU.ActiveCfg = Debug|Any CPU
		{E499001D-E043-4D49-BF0E-69DC8728EC66}.Debug|Any CPU.Build.0 = Debug|Any CPU
		{E499001D-E043-4D49-BF0E-69DC8728EC66}.Release|Any CPU.ActiveCfg = Release|Any CPU
		{E499001D-E043-4D49-BF0E-69DC8728EC66}.Release|Any CPU.Build.0 = Release|Any CPU
		{713501B9-F283-4801-B99E-8AA175B8802F}.Debug|Any CPU.ActiveCfg = Debug|Any CPU
		{713501B9-F283-4801-B99E-8AA175B8802F}.Debug|Any CPU.Build.0 = Debug|Any CPU
		{713501B9-F283-4801-B99E-8AA175B8802F}.Release|Any CPU.ActiveCfg = Release|Any CPU
		{713501B9-F283-4801-B99E-8AA175B8802F}.Release|Any CPU.Build.0 = Release|Any CPU
		{4EE83C1D-7745-47FE-8D85-A520075FA254}.Debug|Any CPU.ActiveCfg = Debug|Any CPU
		{4EE83C1D-7745-47FE-8D85-A520075FA254}.Debug|Any CPU.Build.0 = Debug|Any CPU
		{4EE83C1D-7745-47FE-8D85-A520075FA254}.Release|Any CPU.ActiveCfg = Release|Any CPU
		{4EE83C1D-7745-47FE-8D85-A520075FA254}.Release|Any CPU.Build.0 = Release|Any CPU
		{A22C0E74-7398-400E-AB89-B68B66073C1E}.Debug|Any CPU.ActiveCfg = Debug|Any CPU
		{A22C0E74-7398-400E-AB89-B68B66073C1E}.Debug|Any CPU.Build.0 = Debug|Any CPU
		{A22C0E74-7398-400E-AB89-B68B66073C1E}.Release|Any CPU.ActiveCfg = Release|Any CPU
		{A22C0E74-7398-400E-AB89-B68B66073C1E}.Release|Any CPU.Build.0 = Release|Any CPU
		{1DC4BD63-7295-4C9D-806C-079A274439B5}.Debug|Any CPU.ActiveCfg = Debug|Any CPU
		{1DC4BD63-7295-4C9D-806C-079A274439B5}.Debug|Any CPU.Build.0 = Debug|Any CPU
		{1DC4BD63-7295-4C9D-806C-079A274439B5}.Release|Any CPU.ActiveCfg = Release|Any CPU
		{1DC4BD63-7295-4C9D-806C-079A274439B5}.Release|Any CPU.Build.0 = Release|Any CPU
		{82E26126-6433-43F6-B5E7-C8737D114D95}.Debug|Any CPU.ActiveCfg = Debug|Any CPU
		{82E26126-6433-43F6-B5E7-C8737D114D95}.Debug|Any CPU.Build.0 = Debug|Any CPU
		{82E26126-6433-43F6-B5E7-C8737D114D95}.Release|Any CPU.ActiveCfg = Release|Any CPU
		{82E26126-6433-43F6-B5E7-C8737D114D95}.Release|Any CPU.Build.0 = Release|Any CPU
		{825153E5-65AD-4566-BDA3-6588610988A2}.Debug|Any CPU.ActiveCfg = Debug|Any CPU
		{825153E5-65AD-4566-BDA3-6588610988A2}.Debug|Any CPU.Build.0 = Debug|Any CPU
		{825153E5-65AD-4566-BDA3-6588610988A2}.Release|Any CPU.ActiveCfg = Release|Any CPU
		{825153E5-65AD-4566-BDA3-6588610988A2}.Release|Any CPU.Build.0 = Release|Any CPU
		{3377BB9F-2D1B-47E4-BEFC-4B3ABA93682D}.Debug|Any CPU.ActiveCfg = Debug|Any CPU
		{3377BB9F-2D1B-47E4-BEFC-4B3ABA93682D}.Debug|Any CPU.Build.0 = Debug|Any CPU
		{3377BB9F-2D1B-47E4-BEFC-4B3ABA93682D}.Release|Any CPU.ActiveCfg = Release|Any CPU
		{3377BB9F-2D1B-47E4-BEFC-4B3ABA93682D}.Release|Any CPU.Build.0 = Release|Any CPU
		{2AD55CA0-5B4C-4587-A731-2B2F02CFBB53}.Debug|Any CPU.ActiveCfg = Debug|Any CPU
		{2AD55CA0-5B4C-4587-A731-2B2F02CFBB53}.Debug|Any CPU.Build.0 = Debug|Any CPU
		{2AD55CA0-5B4C-4587-A731-2B2F02CFBB53}.Release|Any CPU.ActiveCfg = Release|Any CPU
		{2AD55CA0-5B4C-4587-A731-2B2F02CFBB53}.Release|Any CPU.Build.0 = Release|Any CPU
		{FF0C7BDD-2CDB-4D47-808E-7228169D30AB}.Debug|Any CPU.ActiveCfg = Debug|Any CPU
		{FF0C7BDD-2CDB-4D47-808E-7228169D30AB}.Debug|Any CPU.Build.0 = Debug|Any CPU
		{FF0C7BDD-2CDB-4D47-808E-7228169D30AB}.Release|Any CPU.ActiveCfg = Release|Any CPU
		{FF0C7BDD-2CDB-4D47-808E-7228169D30AB}.Release|Any CPU.Build.0 = Release|Any CPU
		{94F40E80-39BE-4E11-813D-9152D1C5BA67}.Debug|Any CPU.ActiveCfg = Debug|Any CPU
		{94F40E80-39BE-4E11-813D-9152D1C5BA67}.Debug|Any CPU.Build.0 = Debug|Any CPU
		{94F40E80-39BE-4E11-813D-9152D1C5BA67}.Release|Any CPU.ActiveCfg = Release|Any CPU
		{94F40E80-39BE-4E11-813D-9152D1C5BA67}.Release|Any CPU.Build.0 = Release|Any CPU
		{34FBAC75-2826-4FDF-B6F0-0A5820A77B36}.Debug|Any CPU.ActiveCfg = Debug|Any CPU
		{34FBAC75-2826-4FDF-B6F0-0A5820A77B36}.Debug|Any CPU.Build.0 = Debug|Any CPU
		{34FBAC75-2826-4FDF-B6F0-0A5820A77B36}.Release|Any CPU.ActiveCfg = Release|Any CPU
		{34FBAC75-2826-4FDF-B6F0-0A5820A77B36}.Release|Any CPU.Build.0 = Release|Any CPU
		{18174C54-6836-4E42-B62F-09BB004A5DBA}.Debug|Any CPU.ActiveCfg = Debug|Any CPU
		{18174C54-6836-4E42-B62F-09BB004A5DBA}.Debug|Any CPU.Build.0 = Debug|Any CPU
		{18174C54-6836-4E42-B62F-09BB004A5DBA}.Release|Any CPU.ActiveCfg = Release|Any CPU
		{18174C54-6836-4E42-B62F-09BB004A5DBA}.Release|Any CPU.Build.0 = Release|Any CPU
		{4F996DCF-3FB5-4B82-B9AC-38AB23482A10}.Debug|Any CPU.ActiveCfg = Debug|Any CPU
		{4F996DCF-3FB5-4B82-B9AC-38AB23482A10}.Debug|Any CPU.Build.0 = Debug|Any CPU
		{4F996DCF-3FB5-4B82-B9AC-38AB23482A10}.Release|Any CPU.ActiveCfg = Release|Any CPU
		{4F996DCF-3FB5-4B82-B9AC-38AB23482A10}.Release|Any CPU.Build.0 = Release|Any CPU
		{B6887D17-2A27-45E7-8EFF-B8D80E9CC7B9}.Debug|Any CPU.ActiveCfg = Debug|Any CPU
		{B6887D17-2A27-45E7-8EFF-B8D80E9CC7B9}.Debug|Any CPU.Build.0 = Debug|Any CPU
		{B6887D17-2A27-45E7-8EFF-B8D80E9CC7B9}.Release|Any CPU.ActiveCfg = Release|Any CPU
		{B6887D17-2A27-45E7-8EFF-B8D80E9CC7B9}.Release|Any CPU.Build.0 = Release|Any CPU
		{F62E2F21-697D-4E12-9300-4A5D16BCAF09}.Debug|Any CPU.ActiveCfg = Debug|Any CPU
		{F62E2F21-697D-4E12-9300-4A5D16BCAF09}.Debug|Any CPU.Build.0 = Debug|Any CPU
		{F62E2F21-697D-4E12-9300-4A5D16BCAF09}.Release|Any CPU.ActiveCfg = Release|Any CPU
		{F62E2F21-697D-4E12-9300-4A5D16BCAF09}.Release|Any CPU.Build.0 = Release|Any CPU
		{278ACF02-ED65-406C-97F5-047441B4193C}.Debug|Any CPU.ActiveCfg = Debug|Any CPU
		{278ACF02-ED65-406C-97F5-047441B4193C}.Debug|Any CPU.Build.0 = Debug|Any CPU
		{278ACF02-ED65-406C-97F5-047441B4193C}.Release|Any CPU.ActiveCfg = Release|Any CPU
		{278ACF02-ED65-406C-97F5-047441B4193C}.Release|Any CPU.Build.0 = Release|Any CPU
		{32509012-99E9-4CD0-A600-0C373BDE1004}.Debug|Any CPU.ActiveCfg = Debug|Any CPU
		{32509012-99E9-4CD0-A600-0C373BDE1004}.Debug|Any CPU.Build.0 = Debug|Any CPU
		{32509012-99E9-4CD0-A600-0C373BDE1004}.Release|Any CPU.ActiveCfg = Release|Any CPU
		{32509012-99E9-4CD0-A600-0C373BDE1004}.Release|Any CPU.Build.0 = Release|Any CPU
		{4D0DF63A-3370-436E-AAD4-2A6F381B1F4E}.Debug|Any CPU.ActiveCfg = Debug|Any CPU
		{4D0DF63A-3370-436E-AAD4-2A6F381B1F4E}.Debug|Any CPU.Build.0 = Debug|Any CPU
		{4D0DF63A-3370-436E-AAD4-2A6F381B1F4E}.Release|Any CPU.ActiveCfg = Release|Any CPU
		{4D0DF63A-3370-436E-AAD4-2A6F381B1F4E}.Release|Any CPU.Build.0 = Release|Any CPU
		{FE2DD535-BD0F-4CC4-BCC4-3DAC8925D461}.Debug|Any CPU.ActiveCfg = Debug|Any CPU
		{FE2DD535-BD0F-4CC4-BCC4-3DAC8925D461}.Debug|Any CPU.Build.0 = Debug|Any CPU
		{FE2DD535-BD0F-4CC4-BCC4-3DAC8925D461}.Release|Any CPU.ActiveCfg = Release|Any CPU
		{FE2DD535-BD0F-4CC4-BCC4-3DAC8925D461}.Release|Any CPU.Build.0 = Release|Any CPU
		{E0DFB603-17F1-4DE8-9D6B-D50CE4E2430F}.Debug|Any CPU.ActiveCfg = Debug|Any CPU
		{E0DFB603-17F1-4DE8-9D6B-D50CE4E2430F}.Debug|Any CPU.Build.0 = Debug|Any CPU
		{E0DFB603-17F1-4DE8-9D6B-D50CE4E2430F}.Release|Any CPU.ActiveCfg = Release|Any CPU
		{E0DFB603-17F1-4DE8-9D6B-D50CE4E2430F}.Release|Any CPU.Build.0 = Release|Any CPU
		{03E9B723-3DA2-48D9-94CA-8A5F916BD5D9}.Debug|Any CPU.ActiveCfg = Debug|Any CPU
		{03E9B723-3DA2-48D9-94CA-8A5F916BD5D9}.Debug|Any CPU.Build.0 = Debug|Any CPU
		{03E9B723-3DA2-48D9-94CA-8A5F916BD5D9}.Release|Any CPU.ActiveCfg = Release|Any CPU
		{03E9B723-3DA2-48D9-94CA-8A5F916BD5D9}.Release|Any CPU.Build.0 = Release|Any CPU
		{6137348C-4CE2-494D-BAAC-7A1A2030C565}.Debug|Any CPU.ActiveCfg = Debug|Any CPU
		{6137348C-4CE2-494D-BAAC-7A1A2030C565}.Debug|Any CPU.Build.0 = Debug|Any CPU
		{6137348C-4CE2-494D-BAAC-7A1A2030C565}.Release|Any CPU.ActiveCfg = Release|Any CPU
		{6137348C-4CE2-494D-BAAC-7A1A2030C565}.Release|Any CPU.Build.0 = Release|Any CPU
		{9F9E26F8-9656-4C2A-B89B-30AC8B0A3C79}.Debug|Any CPU.ActiveCfg = Debug|Any CPU
		{9F9E26F8-9656-4C2A-B89B-30AC8B0A3C79}.Debug|Any CPU.Build.0 = Debug|Any CPU
		{9F9E26F8-9656-4C2A-B89B-30AC8B0A3C79}.Release|Any CPU.ActiveCfg = Release|Any CPU
		{9F9E26F8-9656-4C2A-B89B-30AC8B0A3C79}.Release|Any CPU.Build.0 = Release|Any CPU
		{98B51B4A-C944-492C-A548-1E4ED8B4DDB0}.Debug|Any CPU.ActiveCfg = Debug|Any CPU
		{98B51B4A-C944-492C-A548-1E4ED8B4DDB0}.Debug|Any CPU.Build.0 = Debug|Any CPU
		{98B51B4A-C944-492C-A548-1E4ED8B4DDB0}.Release|Any CPU.ActiveCfg = Release|Any CPU
		{98B51B4A-C944-492C-A548-1E4ED8B4DDB0}.Release|Any CPU.Build.0 = Release|Any CPU
		{F7E984AD-A60A-458C-A883-0980631767EE}.Debug|Any CPU.ActiveCfg = Debug|Any CPU
		{F7E984AD-A60A-458C-A883-0980631767EE}.Debug|Any CPU.Build.0 = Debug|Any CPU
		{F7E984AD-A60A-458C-A883-0980631767EE}.Release|Any CPU.ActiveCfg = Release|Any CPU
		{F7E984AD-A60A-458C-A883-0980631767EE}.Release|Any CPU.Build.0 = Release|Any CPU
		{4CB8C946-48D0-45F8-A6EE-700BABD790DD}.Debug|Any CPU.ActiveCfg = Debug|Any CPU
		{4CB8C946-48D0-45F8-A6EE-700BABD790DD}.Debug|Any CPU.Build.0 = Debug|Any CPU
		{4CB8C946-48D0-45F8-A6EE-700BABD790DD}.Release|Any CPU.ActiveCfg = Release|Any CPU
		{4CB8C946-48D0-45F8-A6EE-700BABD790DD}.Release|Any CPU.Build.0 = Release|Any CPU
		{27701986-1ACC-406D-A388-2D2489D4277A}.Debug|Any CPU.ActiveCfg = Debug|Any CPU
		{27701986-1ACC-406D-A388-2D2489D4277A}.Debug|Any CPU.Build.0 = Debug|Any CPU
		{27701986-1ACC-406D-A388-2D2489D4277A}.Release|Any CPU.ActiveCfg = Release|Any CPU
		{27701986-1ACC-406D-A388-2D2489D4277A}.Release|Any CPU.Build.0 = Release|Any CPU
		{99343C24-9C31-4058-95D7-C0DCE811BA31}.Debug|Any CPU.ActiveCfg = Debug|Any CPU
		{99343C24-9C31-4058-95D7-C0DCE811BA31}.Debug|Any CPU.Build.0 = Debug|Any CPU
		{99343C24-9C31-4058-95D7-C0DCE811BA31}.Release|Any CPU.ActiveCfg = Release|Any CPU
		{99343C24-9C31-4058-95D7-C0DCE811BA31}.Release|Any CPU.Build.0 = Release|Any CPU
		{873FA0EA-7950-40A5-BAE5-2B409250342B}.Debug|Any CPU.ActiveCfg = Debug|Any CPU
		{873FA0EA-7950-40A5-BAE5-2B409250342B}.Debug|Any CPU.Build.0 = Debug|Any CPU
		{873FA0EA-7950-40A5-BAE5-2B409250342B}.Release|Any CPU.ActiveCfg = Release|Any CPU
		{873FA0EA-7950-40A5-BAE5-2B409250342B}.Release|Any CPU.Build.0 = Release|Any CPU
		{B89CC55F-7E68-4F44-8971-BDB7DBEB27D4}.Debug|Any CPU.ActiveCfg = Debug|Any CPU
		{B89CC55F-7E68-4F44-8971-BDB7DBEB27D4}.Debug|Any CPU.Build.0 = Debug|Any CPU
		{B89CC55F-7E68-4F44-8971-BDB7DBEB27D4}.Release|Any CPU.ActiveCfg = Release|Any CPU
		{B89CC55F-7E68-4F44-8971-BDB7DBEB27D4}.Release|Any CPU.Build.0 = Release|Any CPU
		{F1982AB3-5E5E-48CD-A854-9658D76CD1B8}.Debug|Any CPU.ActiveCfg = Debug|Any CPU
		{F1982AB3-5E5E-48CD-A854-9658D76CD1B8}.Debug|Any CPU.Build.0 = Debug|Any CPU
		{F1982AB3-5E5E-48CD-A854-9658D76CD1B8}.Release|Any CPU.ActiveCfg = Release|Any CPU
		{F1982AB3-5E5E-48CD-A854-9658D76CD1B8}.Release|Any CPU.Build.0 = Release|Any CPU
		{A2D1EDFC-AC2C-417A-BD98-CEAC00A8D3D1}.Debug|Any CPU.ActiveCfg = Debug|Any CPU
		{A2D1EDFC-AC2C-417A-BD98-CEAC00A8D3D1}.Debug|Any CPU.Build.0 = Debug|Any CPU
		{A2D1EDFC-AC2C-417A-BD98-CEAC00A8D3D1}.Release|Any CPU.ActiveCfg = Release|Any CPU
		{A2D1EDFC-AC2C-417A-BD98-CEAC00A8D3D1}.Release|Any CPU.Build.0 = Release|Any CPU
		{88C231F2-F474-4E97-B4AD-C19322C7076F}.Debug|Any CPU.ActiveCfg = Debug|Any CPU
		{88C231F2-F474-4E97-B4AD-C19322C7076F}.Debug|Any CPU.Build.0 = Debug|Any CPU
		{88C231F2-F474-4E97-B4AD-C19322C7076F}.Release|Any CPU.ActiveCfg = Release|Any CPU
		{88C231F2-F474-4E97-B4AD-C19322C7076F}.Release|Any CPU.Build.0 = Release|Any CPU
		{D5941FD0-E5E1-42C5-AA49-505578D3668B}.Debug|Any CPU.ActiveCfg = Debug|Any CPU
		{D5941FD0-E5E1-42C5-AA49-505578D3668B}.Debug|Any CPU.Build.0 = Debug|Any CPU
		{D5941FD0-E5E1-42C5-AA49-505578D3668B}.Release|Any CPU.ActiveCfg = Release|Any CPU
		{D5941FD0-E5E1-42C5-AA49-505578D3668B}.Release|Any CPU.Build.0 = Release|Any CPU
		{DA9DEB89-FB80-42D8-B128-E828901E8CD7}.Debug|Any CPU.ActiveCfg = Debug|Any CPU
		{DA9DEB89-FB80-42D8-B128-E828901E8CD7}.Debug|Any CPU.Build.0 = Debug|Any CPU
		{DA9DEB89-FB80-42D8-B128-E828901E8CD7}.Release|Any CPU.ActiveCfg = Release|Any CPU
		{DA9DEB89-FB80-42D8-B128-E828901E8CD7}.Release|Any CPU.Build.0 = Release|Any CPU
		{214D17BF-16C3-4855-A5DA-35F93E9F4A76}.Debug|Any CPU.ActiveCfg = Debug|Any CPU
		{214D17BF-16C3-4855-A5DA-35F93E9F4A76}.Debug|Any CPU.Build.0 = Debug|Any CPU
		{214D17BF-16C3-4855-A5DA-35F93E9F4A76}.Release|Any CPU.ActiveCfg = Release|Any CPU
		{214D17BF-16C3-4855-A5DA-35F93E9F4A76}.Release|Any CPU.Build.0 = Release|Any CPU
		{DD1172E8-A5B6-43FB-8B5D-AAC34276AC31}.Debug|Any CPU.ActiveCfg = Debug|Any CPU
		{DD1172E8-A5B6-43FB-8B5D-AAC34276AC31}.Debug|Any CPU.Build.0 = Debug|Any CPU
		{DD1172E8-A5B6-43FB-8B5D-AAC34276AC31}.Release|Any CPU.ActiveCfg = Release|Any CPU
		{DD1172E8-A5B6-43FB-8B5D-AAC34276AC31}.Release|Any CPU.Build.0 = Release|Any CPU
		{58D41C87-324E-461F-BCAE-B4B22FF3EACF}.Debug|Any CPU.ActiveCfg = Debug|Any CPU
		{58D41C87-324E-461F-BCAE-B4B22FF3EACF}.Debug|Any CPU.Build.0 = Debug|Any CPU
		{58D41C87-324E-461F-BCAE-B4B22FF3EACF}.Release|Any CPU.ActiveCfg = Release|Any CPU
		{58D41C87-324E-461F-BCAE-B4B22FF3EACF}.Release|Any CPU.Build.0 = Release|Any CPU
		{A8B3C219-4D43-47D2-96BD-9FA471900E1B}.Debug|Any CPU.ActiveCfg = Debug|Any CPU
		{A8B3C219-4D43-47D2-96BD-9FA471900E1B}.Debug|Any CPU.Build.0 = Debug|Any CPU
		{A8B3C219-4D43-47D2-96BD-9FA471900E1B}.Release|Any CPU.ActiveCfg = Release|Any CPU
		{A8B3C219-4D43-47D2-96BD-9FA471900E1B}.Release|Any CPU.Build.0 = Release|Any CPU
		{233C0A27-0ACB-4757-B98C-A25723681B07}.Debug|Any CPU.ActiveCfg = Debug|Any CPU
		{233C0A27-0ACB-4757-B98C-A25723681B07}.Debug|Any CPU.Build.0 = Debug|Any CPU
		{233C0A27-0ACB-4757-B98C-A25723681B07}.Release|Any CPU.ActiveCfg = Release|Any CPU
		{233C0A27-0ACB-4757-B98C-A25723681B07}.Release|Any CPU.Build.0 = Release|Any CPU
		{80911308-94C3-4B8D-8DA5-799DBED7869B}.Debug|Any CPU.ActiveCfg = Debug|Any CPU
		{80911308-94C3-4B8D-8DA5-799DBED7869B}.Debug|Any CPU.Build.0 = Debug|Any CPU
		{80911308-94C3-4B8D-8DA5-799DBED7869B}.Release|Any CPU.ActiveCfg = Release|Any CPU
		{80911308-94C3-4B8D-8DA5-799DBED7869B}.Release|Any CPU.Build.0 = Release|Any CPU
		{C612785A-782A-47F1-903B-335E5986BA78}.Debug|Any CPU.ActiveCfg = Debug|Any CPU
		{C612785A-782A-47F1-903B-335E5986BA78}.Debug|Any CPU.Build.0 = Debug|Any CPU
		{C612785A-782A-47F1-903B-335E5986BA78}.Release|Any CPU.ActiveCfg = Release|Any CPU
		{C612785A-782A-47F1-903B-335E5986BA78}.Release|Any CPU.Build.0 = Release|Any CPU
		{20E9FC60-77F1-49BE-AFCC-8B47C99011EA}.Debug|Any CPU.ActiveCfg = Debug|Any CPU
		{20E9FC60-77F1-49BE-AFCC-8B47C99011EA}.Debug|Any CPU.Build.0 = Debug|Any CPU
		{20E9FC60-77F1-49BE-AFCC-8B47C99011EA}.Release|Any CPU.ActiveCfg = Release|Any CPU
		{20E9FC60-77F1-49BE-AFCC-8B47C99011EA}.Release|Any CPU.Build.0 = Release|Any CPU
		{03E84734-0513-41F6-99B3-B0873CD03A2B}.Debug|Any CPU.ActiveCfg = Debug|Any CPU
		{03E84734-0513-41F6-99B3-B0873CD03A2B}.Debug|Any CPU.Build.0 = Debug|Any CPU
		{03E84734-0513-41F6-99B3-B0873CD03A2B}.Release|Any CPU.ActiveCfg = Release|Any CPU
		{03E84734-0513-41F6-99B3-B0873CD03A2B}.Release|Any CPU.Build.0 = Release|Any CPU
		{CB4A1CC9-5ABB-4BF9-B868-FD097485154F}.Debug|Any CPU.ActiveCfg = Debug|Any CPU
		{CB4A1CC9-5ABB-4BF9-B868-FD097485154F}.Debug|Any CPU.Build.0 = Debug|Any CPU
		{CB4A1CC9-5ABB-4BF9-B868-FD097485154F}.Release|Any CPU.ActiveCfg = Release|Any CPU
		{CB4A1CC9-5ABB-4BF9-B868-FD097485154F}.Release|Any CPU.Build.0 = Release|Any CPU
		{8870CB6C-88F0-4C37-A65D-E449EAE8EDBF}.Debug|Any CPU.ActiveCfg = Debug|Any CPU
		{8870CB6C-88F0-4C37-A65D-E449EAE8EDBF}.Debug|Any CPU.Build.0 = Debug|Any CPU
		{8870CB6C-88F0-4C37-A65D-E449EAE8EDBF}.Release|Any CPU.ActiveCfg = Release|Any CPU
		{8870CB6C-88F0-4C37-A65D-E449EAE8EDBF}.Release|Any CPU.Build.0 = Release|Any CPU
		{C4D00D57-49D7-4ED4-AD31-B2096689F85F}.Debug|Any CPU.ActiveCfg = Debug|Any CPU
		{C4D00D57-49D7-4ED4-AD31-B2096689F85F}.Debug|Any CPU.Build.0 = Debug|Any CPU
		{C4D00D57-49D7-4ED4-AD31-B2096689F85F}.Release|Any CPU.ActiveCfg = Release|Any CPU
		{C4D00D57-49D7-4ED4-AD31-B2096689F85F}.Release|Any CPU.Build.0 = Release|Any CPU
		{952E58DA-5223-4A23-B8D2-FB7735431537}.Debug|Any CPU.ActiveCfg = Debug|Any CPU
		{952E58DA-5223-4A23-B8D2-FB7735431537}.Debug|Any CPU.Build.0 = Debug|Any CPU
		{952E58DA-5223-4A23-B8D2-FB7735431537}.Release|Any CPU.ActiveCfg = Release|Any CPU
		{952E58DA-5223-4A23-B8D2-FB7735431537}.Release|Any CPU.Build.0 = Release|Any CPU
		{B2E6A034-32FA-4B45-BCA4-8CDB5B65FA8D}.Debug|Any CPU.ActiveCfg = Debug|Any CPU
		{B2E6A034-32FA-4B45-BCA4-8CDB5B65FA8D}.Debug|Any CPU.Build.0 = Debug|Any CPU
		{B2E6A034-32FA-4B45-BCA4-8CDB5B65FA8D}.Release|Any CPU.ActiveCfg = Release|Any CPU
		{B2E6A034-32FA-4B45-BCA4-8CDB5B65FA8D}.Release|Any CPU.Build.0 = Release|Any CPU
		{525A67E8-ADD4-421B-BA72-1220FCDF8C54}.Debug|Any CPU.ActiveCfg = Debug|Any CPU
		{525A67E8-ADD4-421B-BA72-1220FCDF8C54}.Debug|Any CPU.Build.0 = Debug|Any CPU
		{525A67E8-ADD4-421B-BA72-1220FCDF8C54}.Release|Any CPU.ActiveCfg = Release|Any CPU
		{525A67E8-ADD4-421B-BA72-1220FCDF8C54}.Release|Any CPU.Build.0 = Release|Any CPU
		{6795DA1C-001D-438B-8897-8245BE1C693A}.Debug|Any CPU.ActiveCfg = Debug|Any CPU
		{6795DA1C-001D-438B-8897-8245BE1C693A}.Debug|Any CPU.Build.0 = Debug|Any CPU
		{6795DA1C-001D-438B-8897-8245BE1C693A}.Release|Any CPU.ActiveCfg = Release|Any CPU
		{6795DA1C-001D-438B-8897-8245BE1C693A}.Release|Any CPU.Build.0 = Release|Any CPU
		{5500865B-A0A6-4D49-B4B5-358337EF9A22}.Debug|Any CPU.ActiveCfg = Debug|Any CPU
		{5500865B-A0A6-4D49-B4B5-358337EF9A22}.Debug|Any CPU.Build.0 = Debug|Any CPU
		{5500865B-A0A6-4D49-B4B5-358337EF9A22}.Release|Any CPU.ActiveCfg = Release|Any CPU
		{5500865B-A0A6-4D49-B4B5-358337EF9A22}.Release|Any CPU.Build.0 = Release|Any CPU
		{38B935AB-D059-40D4-B649-8AFC99F2BEE4}.Debug|Any CPU.ActiveCfg = Debug|Any CPU
		{38B935AB-D059-40D4-B649-8AFC99F2BEE4}.Debug|Any CPU.Build.0 = Debug|Any CPU
		{38B935AB-D059-40D4-B649-8AFC99F2BEE4}.Release|Any CPU.ActiveCfg = Release|Any CPU
		{38B935AB-D059-40D4-B649-8AFC99F2BEE4}.Release|Any CPU.Build.0 = Release|Any CPU
		{E65E0E02-47AE-4FC9-85A8-BE405DD06B08}.Debug|Any CPU.ActiveCfg = Debug|Any CPU
		{E65E0E02-47AE-4FC9-85A8-BE405DD06B08}.Debug|Any CPU.Build.0 = Debug|Any CPU
		{E65E0E02-47AE-4FC9-85A8-BE405DD06B08}.Release|Any CPU.ActiveCfg = Release|Any CPU
		{E65E0E02-47AE-4FC9-85A8-BE405DD06B08}.Release|Any CPU.Build.0 = Release|Any CPU
		{A777BDB0-A151-47E6-86F2-094B88629643}.Debug|Any CPU.ActiveCfg = Debug|Any CPU
		{A777BDB0-A151-47E6-86F2-094B88629643}.Debug|Any CPU.Build.0 = Debug|Any CPU
		{A777BDB0-A151-47E6-86F2-094B88629643}.Release|Any CPU.ActiveCfg = Release|Any CPU
		{A777BDB0-A151-47E6-86F2-094B88629643}.Release|Any CPU.Build.0 = Release|Any CPU
		{001CAA77-A32E-4149-94FE-E13D82D683C4}.Debug|Any CPU.ActiveCfg = Debug|Any CPU
		{001CAA77-A32E-4149-94FE-E13D82D683C4}.Debug|Any CPU.Build.0 = Debug|Any CPU
		{001CAA77-A32E-4149-94FE-E13D82D683C4}.Release|Any CPU.ActiveCfg = Release|Any CPU
		{001CAA77-A32E-4149-94FE-E13D82D683C4}.Release|Any CPU.Build.0 = Release|Any CPU
		{1E32771A-05CD-4034-9A49-CB677DD6018A}.Debug|Any CPU.ActiveCfg = Debug|Any CPU
		{1E32771A-05CD-4034-9A49-CB677DD6018A}.Debug|Any CPU.Build.0 = Debug|Any CPU
		{1E32771A-05CD-4034-9A49-CB677DD6018A}.Release|Any CPU.ActiveCfg = Release|Any CPU
		{1E32771A-05CD-4034-9A49-CB677DD6018A}.Release|Any CPU.Build.0 = Release|Any CPU
		{08AB7AB1-53E3-4E08-A5C4-69B24A666CDB}.Debug|Any CPU.ActiveCfg = Debug|Any CPU
		{08AB7AB1-53E3-4E08-A5C4-69B24A666CDB}.Debug|Any CPU.Build.0 = Debug|Any CPU
		{08AB7AB1-53E3-4E08-A5C4-69B24A666CDB}.Release|Any CPU.ActiveCfg = Release|Any CPU
		{08AB7AB1-53E3-4E08-A5C4-69B24A666CDB}.Release|Any CPU.Build.0 = Release|Any CPU
		{148CD353-B50F-4F6D-8EC2-7A0C8E660D12}.Debug|Any CPU.ActiveCfg = Debug|Any CPU
		{148CD353-B50F-4F6D-8EC2-7A0C8E660D12}.Debug|Any CPU.Build.0 = Debug|Any CPU
		{148CD353-B50F-4F6D-8EC2-7A0C8E660D12}.Release|Any CPU.ActiveCfg = Release|Any CPU
		{148CD353-B50F-4F6D-8EC2-7A0C8E660D12}.Release|Any CPU.Build.0 = Release|Any CPU
		{4CDC6D00-8DD6-476E-BAC9-D4E837DAB89A}.Debug|Any CPU.ActiveCfg = Debug|Any CPU
		{4CDC6D00-8DD6-476E-BAC9-D4E837DAB89A}.Debug|Any CPU.Build.0 = Debug|Any CPU
		{4CDC6D00-8DD6-476E-BAC9-D4E837DAB89A}.Release|Any CPU.ActiveCfg = Release|Any CPU
		{4CDC6D00-8DD6-476E-BAC9-D4E837DAB89A}.Release|Any CPU.Build.0 = Release|Any CPU
		{2C69F41D-B358-477E-A080-4D9E5FA09C23}.Debug|Any CPU.ActiveCfg = Debug|Any CPU
		{2C69F41D-B358-477E-A080-4D9E5FA09C23}.Debug|Any CPU.Build.0 = Debug|Any CPU
		{2C69F41D-B358-477E-A080-4D9E5FA09C23}.Release|Any CPU.ActiveCfg = Release|Any CPU
		{2C69F41D-B358-477E-A080-4D9E5FA09C23}.Release|Any CPU.Build.0 = Release|Any CPU
		{33BF7391-D44B-4747-AF79-B7CF9964EBC8}.Debug|Any CPU.ActiveCfg = Debug|Any CPU
		{33BF7391-D44B-4747-AF79-B7CF9964EBC8}.Debug|Any CPU.Build.0 = Debug|Any CPU
		{33BF7391-D44B-4747-AF79-B7CF9964EBC8}.Release|Any CPU.ActiveCfg = Release|Any CPU
		{33BF7391-D44B-4747-AF79-B7CF9964EBC8}.Release|Any CPU.Build.0 = Release|Any CPU
		{1B79C57F-D9C2-48C3-AE8E-7418F868D11D}.Debug|Any CPU.ActiveCfg = Debug|Any CPU
		{1B79C57F-D9C2-48C3-AE8E-7418F868D11D}.Debug|Any CPU.Build.0 = Debug|Any CPU
		{1B79C57F-D9C2-48C3-AE8E-7418F868D11D}.Release|Any CPU.ActiveCfg = Release|Any CPU
		{1B79C57F-D9C2-48C3-AE8E-7418F868D11D}.Release|Any CPU.Build.0 = Release|Any CPU
		{71FB4433-9F8F-4483-A002-B885F90EF508}.Debug|Any CPU.ActiveCfg = Debug|Any CPU
		{71FB4433-9F8F-4483-A002-B885F90EF508}.Debug|Any CPU.Build.0 = Debug|Any CPU
		{71FB4433-9F8F-4483-A002-B885F90EF508}.Release|Any CPU.ActiveCfg = Release|Any CPU
		{71FB4433-9F8F-4483-A002-B885F90EF508}.Release|Any CPU.Build.0 = Release|Any CPU
		{B1CE2269-7B16-4A50-ACBD-FA2AA88B735A}.Debug|Any CPU.ActiveCfg = Debug|Any CPU
		{B1CE2269-7B16-4A50-ACBD-FA2AA88B735A}.Debug|Any CPU.Build.0 = Debug|Any CPU
		{B1CE2269-7B16-4A50-ACBD-FA2AA88B735A}.Release|Any CPU.ActiveCfg = Release|Any CPU
		{B1CE2269-7B16-4A50-ACBD-FA2AA88B735A}.Release|Any CPU.Build.0 = Release|Any CPU
		{D25AF96E-4448-44DA-9ED9-BB66931FF288}.Debug|Any CPU.ActiveCfg = Debug|Any CPU
		{D25AF96E-4448-44DA-9ED9-BB66931FF288}.Debug|Any CPU.Build.0 = Debug|Any CPU
		{D25AF96E-4448-44DA-9ED9-BB66931FF288}.Release|Any CPU.ActiveCfg = Release|Any CPU
		{D25AF96E-4448-44DA-9ED9-BB66931FF288}.Release|Any CPU.Build.0 = Release|Any CPU
		{9A377061-B528-45D0-9736-33D20372D7DA}.Debug|Any CPU.ActiveCfg = Debug|Any CPU
		{9A377061-B528-45D0-9736-33D20372D7DA}.Debug|Any CPU.Build.0 = Debug|Any CPU
		{9A377061-B528-45D0-9736-33D20372D7DA}.Release|Any CPU.ActiveCfg = Release|Any CPU
		{9A377061-B528-45D0-9736-33D20372D7DA}.Release|Any CPU.Build.0 = Release|Any CPU
		{88A47795-4159-46FC-AF52-D8C8F18491F2}.Debug|Any CPU.ActiveCfg = Debug|Any CPU
		{88A47795-4159-46FC-AF52-D8C8F18491F2}.Debug|Any CPU.Build.0 = Debug|Any CPU
		{88A47795-4159-46FC-AF52-D8C8F18491F2}.Release|Any CPU.ActiveCfg = Release|Any CPU
		{88A47795-4159-46FC-AF52-D8C8F18491F2}.Release|Any CPU.Build.0 = Release|Any CPU
		{8743A230-60F9-41D7-807E-6C04E0B4CE23}.Debug|Any CPU.ActiveCfg = Debug|Any CPU
		{8743A230-60F9-41D7-807E-6C04E0B4CE23}.Debug|Any CPU.Build.0 = Debug|Any CPU
		{8743A230-60F9-41D7-807E-6C04E0B4CE23}.Release|Any CPU.ActiveCfg = Release|Any CPU
		{8743A230-60F9-41D7-807E-6C04E0B4CE23}.Release|Any CPU.Build.0 = Release|Any CPU
		{D03275C5-73AC-439E-BE60-297FE0FC8E69}.Debug|Any CPU.ActiveCfg = Debug|Any CPU
		{D03275C5-73AC-439E-BE60-297FE0FC8E69}.Debug|Any CPU.Build.0 = Debug|Any CPU
		{D03275C5-73AC-439E-BE60-297FE0FC8E69}.Release|Any CPU.ActiveCfg = Release|Any CPU
		{D03275C5-73AC-439E-BE60-297FE0FC8E69}.Release|Any CPU.Build.0 = Release|Any CPU
		{AB151CC9-6FD1-4319-AFCF-404D43119D8B}.Debug|Any CPU.ActiveCfg = Debug|Any CPU
		{AB151CC9-6FD1-4319-AFCF-404D43119D8B}.Debug|Any CPU.Build.0 = Debug|Any CPU
		{AB151CC9-6FD1-4319-AFCF-404D43119D8B}.Release|Any CPU.ActiveCfg = Release|Any CPU
		{AB151CC9-6FD1-4319-AFCF-404D43119D8B}.Release|Any CPU.Build.0 = Release|Any CPU
		{1A461B48-FAFE-43D9-AB1A-B4AB12F1AF91}.Debug|Any CPU.ActiveCfg = Debug|Any CPU
		{1A461B48-FAFE-43D9-AB1A-B4AB12F1AF91}.Debug|Any CPU.Build.0 = Debug|Any CPU
		{1A461B48-FAFE-43D9-AB1A-B4AB12F1AF91}.Release|Any CPU.ActiveCfg = Release|Any CPU
		{1A461B48-FAFE-43D9-AB1A-B4AB12F1AF91}.Release|Any CPU.Build.0 = Release|Any CPU
		{6FC0538D-1FD1-4FCF-B3F8-836B57EDA743}.Debug|Any CPU.ActiveCfg = Debug|Any CPU
		{6FC0538D-1FD1-4FCF-B3F8-836B57EDA743}.Debug|Any CPU.Build.0 = Debug|Any CPU
		{6FC0538D-1FD1-4FCF-B3F8-836B57EDA743}.Release|Any CPU.ActiveCfg = Release|Any CPU
		{6FC0538D-1FD1-4FCF-B3F8-836B57EDA743}.Release|Any CPU.Build.0 = Release|Any CPU
		{33E5D649-A586-4CE8-85DC-FE4C145E5818}.Debug|Any CPU.ActiveCfg = Debug|Any CPU
		{33E5D649-A586-4CE8-85DC-FE4C145E5818}.Debug|Any CPU.Build.0 = Debug|Any CPU
		{33E5D649-A586-4CE8-85DC-FE4C145E5818}.Release|Any CPU.ActiveCfg = Release|Any CPU
		{33E5D649-A586-4CE8-85DC-FE4C145E5818}.Release|Any CPU.Build.0 = Release|Any CPU
		{1CE441F8-6AD2-403C-9D11-0FBD601A70FF}.Debug|Any CPU.ActiveCfg = Debug|Any CPU
		{1CE441F8-6AD2-403C-9D11-0FBD601A70FF}.Debug|Any CPU.Build.0 = Debug|Any CPU
		{1CE441F8-6AD2-403C-9D11-0FBD601A70FF}.Release|Any CPU.ActiveCfg = Release|Any CPU
		{1CE441F8-6AD2-403C-9D11-0FBD601A70FF}.Release|Any CPU.Build.0 = Release|Any CPU
		{E1909B6D-952E-4C19-B342-93C9248CCC78}.Debug|Any CPU.ActiveCfg = Debug|Any CPU
		{E1909B6D-952E-4C19-B342-93C9248CCC78}.Debug|Any CPU.Build.0 = Debug|Any CPU
		{E1909B6D-952E-4C19-B342-93C9248CCC78}.Release|Any CPU.ActiveCfg = Release|Any CPU
		{E1909B6D-952E-4C19-B342-93C9248CCC78}.Release|Any CPU.Build.0 = Release|Any CPU
		{3091C655-3319-4067-9656-1C94DBE31B79}.Debug|Any CPU.ActiveCfg = Debug|Any CPU
		{3091C655-3319-4067-9656-1C94DBE31B79}.Debug|Any CPU.Build.0 = Debug|Any CPU
		{3091C655-3319-4067-9656-1C94DBE31B79}.Release|Any CPU.ActiveCfg = Release|Any CPU
		{3091C655-3319-4067-9656-1C94DBE31B79}.Release|Any CPU.Build.0 = Release|Any CPU
		{2A148288-8753-479C-9367-55791C79AFB3}.Debug|Any CPU.ActiveCfg = Debug|Any CPU
		{2A148288-8753-479C-9367-55791C79AFB3}.Debug|Any CPU.Build.0 = Debug|Any CPU
		{2A148288-8753-479C-9367-55791C79AFB3}.Release|Any CPU.ActiveCfg = Release|Any CPU
		{2A148288-8753-479C-9367-55791C79AFB3}.Release|Any CPU.Build.0 = Release|Any CPU
		{9F1A25FE-840B-4451-AE9A-80C95E35D5C7}.Debug|Any CPU.ActiveCfg = Debug|Any CPU
		{9F1A25FE-840B-4451-AE9A-80C95E35D5C7}.Debug|Any CPU.Build.0 = Debug|Any CPU
		{9F1A25FE-840B-4451-AE9A-80C95E35D5C7}.Release|Any CPU.ActiveCfg = Release|Any CPU
		{9F1A25FE-840B-4451-AE9A-80C95E35D5C7}.Release|Any CPU.Build.0 = Release|Any CPU
		{8D966569-53BE-43D1-846A-90FE6803E797}.Debug|Any CPU.ActiveCfg = Debug|Any CPU
		{8D966569-53BE-43D1-846A-90FE6803E797}.Debug|Any CPU.Build.0 = Debug|Any CPU
		{8D966569-53BE-43D1-846A-90FE6803E797}.Release|Any CPU.ActiveCfg = Release|Any CPU
		{8D966569-53BE-43D1-846A-90FE6803E797}.Release|Any CPU.Build.0 = Release|Any CPU
		{42A5DE71-482A-40BC-B36B-168728E79616}.Debug|Any CPU.ActiveCfg = Debug|Any CPU
		{42A5DE71-482A-40BC-B36B-168728E79616}.Debug|Any CPU.Build.0 = Debug|Any CPU
		{42A5DE71-482A-40BC-B36B-168728E79616}.Release|Any CPU.ActiveCfg = Release|Any CPU
		{42A5DE71-482A-40BC-B36B-168728E79616}.Release|Any CPU.Build.0 = Release|Any CPU
		{615E2A2E-0C1E-4964-B284-3CD44DDD650A}.Debug|Any CPU.ActiveCfg = Debug|Any CPU
		{615E2A2E-0C1E-4964-B284-3CD44DDD650A}.Debug|Any CPU.Build.0 = Debug|Any CPU
		{615E2A2E-0C1E-4964-B284-3CD44DDD650A}.Release|Any CPU.ActiveCfg = Release|Any CPU
		{615E2A2E-0C1E-4964-B284-3CD44DDD650A}.Release|Any CPU.Build.0 = Release|Any CPU
		{1BA9AA59-C111-46CC-BC13-150F405FF2B9}.Debug|Any CPU.ActiveCfg = Debug|Any CPU
		{1BA9AA59-C111-46CC-BC13-150F405FF2B9}.Debug|Any CPU.Build.0 = Debug|Any CPU
		{1BA9AA59-C111-46CC-BC13-150F405FF2B9}.Release|Any CPU.ActiveCfg = Release|Any CPU
		{1BA9AA59-C111-46CC-BC13-150F405FF2B9}.Release|Any CPU.Build.0 = Release|Any CPU
		{543EEA78-68EA-458A-B3DF-FB9B740F8E66}.Debug|Any CPU.ActiveCfg = Debug|Any CPU
		{543EEA78-68EA-458A-B3DF-FB9B740F8E66}.Debug|Any CPU.Build.0 = Debug|Any CPU
		{543EEA78-68EA-458A-B3DF-FB9B740F8E66}.Release|Any CPU.ActiveCfg = Release|Any CPU
		{543EEA78-68EA-458A-B3DF-FB9B740F8E66}.Release|Any CPU.Build.0 = Release|Any CPU
		{48E750AC-22DC-4D83-BDF1-57AA39A6E575}.Debug|Any CPU.ActiveCfg = Debug|Any CPU
		{48E750AC-22DC-4D83-BDF1-57AA39A6E575}.Debug|Any CPU.Build.0 = Debug|Any CPU
		{48E750AC-22DC-4D83-BDF1-57AA39A6E575}.Release|Any CPU.ActiveCfg = Release|Any CPU
		{48E750AC-22DC-4D83-BDF1-57AA39A6E575}.Release|Any CPU.Build.0 = Release|Any CPU
		{8821E226-41D6-48FF-9D93-7E373A9DCC1B}.Debug|Any CPU.ActiveCfg = Debug|Any CPU
		{8821E226-41D6-48FF-9D93-7E373A9DCC1B}.Debug|Any CPU.Build.0 = Debug|Any CPU
		{8821E226-41D6-48FF-9D93-7E373A9DCC1B}.Release|Any CPU.ActiveCfg = Release|Any CPU
		{8821E226-41D6-48FF-9D93-7E373A9DCC1B}.Release|Any CPU.Build.0 = Release|Any CPU
		{99A7FE7D-158C-438E-A1D9-3B062E83F362}.Debug|Any CPU.ActiveCfg = Debug|Any CPU
		{99A7FE7D-158C-438E-A1D9-3B062E83F362}.Debug|Any CPU.Build.0 = Debug|Any CPU
		{99A7FE7D-158C-438E-A1D9-3B062E83F362}.Release|Any CPU.ActiveCfg = Release|Any CPU
		{99A7FE7D-158C-438E-A1D9-3B062E83F362}.Release|Any CPU.Build.0 = Release|Any CPU
		{C41C988A-B90A-4599-86E6-C98D2B52905A}.Debug|Any CPU.ActiveCfg = Debug|Any CPU
		{C41C988A-B90A-4599-86E6-C98D2B52905A}.Debug|Any CPU.Build.0 = Debug|Any CPU
		{C41C988A-B90A-4599-86E6-C98D2B52905A}.Release|Any CPU.ActiveCfg = Release|Any CPU
		{C41C988A-B90A-4599-86E6-C98D2B52905A}.Release|Any CPU.Build.0 = Release|Any CPU
		{64879E2E-6F14-4D8E-87A2-DDEC21621FAA}.Debug|Any CPU.ActiveCfg = Debug|Any CPU
		{64879E2E-6F14-4D8E-87A2-DDEC21621FAA}.Debug|Any CPU.Build.0 = Debug|Any CPU
		{64879E2E-6F14-4D8E-87A2-DDEC21621FAA}.Release|Any CPU.ActiveCfg = Release|Any CPU
		{64879E2E-6F14-4D8E-87A2-DDEC21621FAA}.Release|Any CPU.Build.0 = Release|Any CPU
		{213D466D-D4A0-4D5A-BF9A-10A69F15C874}.Debug|Any CPU.ActiveCfg = Debug|Any CPU
		{213D466D-D4A0-4D5A-BF9A-10A69F15C874}.Debug|Any CPU.Build.0 = Debug|Any CPU
		{213D466D-D4A0-4D5A-BF9A-10A69F15C874}.Release|Any CPU.ActiveCfg = Release|Any CPU
		{213D466D-D4A0-4D5A-BF9A-10A69F15C874}.Release|Any CPU.Build.0 = Release|Any CPU
		{FE3B83AB-A3BB-4425-B4B3-43A51649B424}.Debug|Any CPU.ActiveCfg = Debug|Any CPU
		{FE3B83AB-A3BB-4425-B4B3-43A51649B424}.Debug|Any CPU.Build.0 = Debug|Any CPU
		{FE3B83AB-A3BB-4425-B4B3-43A51649B424}.Release|Any CPU.ActiveCfg = Release|Any CPU
		{FE3B83AB-A3BB-4425-B4B3-43A51649B424}.Release|Any CPU.Build.0 = Release|Any CPU
		{F5C36C3B-358F-4D7B-9169-575501C8061E}.Debug|Any CPU.ActiveCfg = Debug|Any CPU
		{F5C36C3B-358F-4D7B-9169-575501C8061E}.Debug|Any CPU.Build.0 = Debug|Any CPU
		{F5C36C3B-358F-4D7B-9169-575501C8061E}.Release|Any CPU.ActiveCfg = Release|Any CPU
		{F5C36C3B-358F-4D7B-9169-575501C8061E}.Release|Any CPU.Build.0 = Release|Any CPU
		{F12DB484-E194-4AFE-8214-45CA3EC54F10}.Debug|Any CPU.ActiveCfg = Debug|Any CPU
		{F12DB484-E194-4AFE-8214-45CA3EC54F10}.Debug|Any CPU.Build.0 = Debug|Any CPU
		{F12DB484-E194-4AFE-8214-45CA3EC54F10}.Release|Any CPU.ActiveCfg = Release|Any CPU
		{F12DB484-E194-4AFE-8214-45CA3EC54F10}.Release|Any CPU.Build.0 = Release|Any CPU
		{1E80AD89-5669-4E10-BE5B-F4FD9E6C05E9}.Debug|Any CPU.ActiveCfg = Debug|Any CPU
		{1E80AD89-5669-4E10-BE5B-F4FD9E6C05E9}.Debug|Any CPU.Build.0 = Debug|Any CPU
		{1E80AD89-5669-4E10-BE5B-F4FD9E6C05E9}.Release|Any CPU.ActiveCfg = Release|Any CPU
		{1E80AD89-5669-4E10-BE5B-F4FD9E6C05E9}.Release|Any CPU.Build.0 = Release|Any CPU
		{81D06C25-CFB5-4551-9F38-5F28A62BFFE5}.Debug|Any CPU.ActiveCfg = Debug|Any CPU
		{81D06C25-CFB5-4551-9F38-5F28A62BFFE5}.Debug|Any CPU.Build.0 = Debug|Any CPU
		{81D06C25-CFB5-4551-9F38-5F28A62BFFE5}.Release|Any CPU.ActiveCfg = Release|Any CPU
		{81D06C25-CFB5-4551-9F38-5F28A62BFFE5}.Release|Any CPU.Build.0 = Release|Any CPU
		{B0C2417C-0A19-4F79-AF8F-B01DA5BFDC97}.Debug|Any CPU.ActiveCfg = Debug|Any CPU
		{B0C2417C-0A19-4F79-AF8F-B01DA5BFDC97}.Debug|Any CPU.Build.0 = Debug|Any CPU
		{B0C2417C-0A19-4F79-AF8F-B01DA5BFDC97}.Release|Any CPU.ActiveCfg = Release|Any CPU
		{B0C2417C-0A19-4F79-AF8F-B01DA5BFDC97}.Release|Any CPU.Build.0 = Release|Any CPU
		{F5CF58F2-4F99-4054-AA26-F74F7FC91FE6}.Debug|Any CPU.ActiveCfg = Debug|Any CPU
		{F5CF58F2-4F99-4054-AA26-F74F7FC91FE6}.Debug|Any CPU.Build.0 = Debug|Any CPU
		{F5CF58F2-4F99-4054-AA26-F74F7FC91FE6}.Release|Any CPU.ActiveCfg = Release|Any CPU
		{F5CF58F2-4F99-4054-AA26-F74F7FC91FE6}.Release|Any CPU.Build.0 = Release|Any CPU
		{E785DD07-781A-4FE9-A7E1-7565BDCFEE02}.Debug|Any CPU.ActiveCfg = Debug|Any CPU
		{E785DD07-781A-4FE9-A7E1-7565BDCFEE02}.Debug|Any CPU.Build.0 = Debug|Any CPU
		{E785DD07-781A-4FE9-A7E1-7565BDCFEE02}.Release|Any CPU.ActiveCfg = Release|Any CPU
		{E785DD07-781A-4FE9-A7E1-7565BDCFEE02}.Release|Any CPU.Build.0 = Release|Any CPU
		{31491331-EB79-492F-B129-ECB4110DCDA6}.Debug|Any CPU.ActiveCfg = Debug|Any CPU
		{31491331-EB79-492F-B129-ECB4110DCDA6}.Debug|Any CPU.Build.0 = Debug|Any CPU
		{31491331-EB79-492F-B129-ECB4110DCDA6}.Release|Any CPU.ActiveCfg = Release|Any CPU
		{31491331-EB79-492F-B129-ECB4110DCDA6}.Release|Any CPU.Build.0 = Release|Any CPU
		{F4662AA8-3401-46EB-B77F-6D586BA47F49}.Debug|Any CPU.ActiveCfg = Debug|Any CPU
		{F4662AA8-3401-46EB-B77F-6D586BA47F49}.Debug|Any CPU.Build.0 = Debug|Any CPU
		{F4662AA8-3401-46EB-B77F-6D586BA47F49}.Release|Any CPU.ActiveCfg = Release|Any CPU
		{F4662AA8-3401-46EB-B77F-6D586BA47F49}.Release|Any CPU.Build.0 = Release|Any CPU
	EndGlobalSection
	GlobalSection(NestedProjects) = preSolution
		{23B043A5-6779-4B57-A099-89423BAC9399} = {81D1DAA7-F563-4D34-BAE8-77402363E6A1}
		{E30D2DF8-305C-4D1B-8AF9-EB03F6F29DDD} = {81D1DAA7-F563-4D34-BAE8-77402363E6A1}
		{CC0127EC-A0F1-4CB9-9DBB-DCF5179AD272} = {81D1DAA7-F563-4D34-BAE8-77402363E6A1}
		{FF0FD29F-F9FA-482C-AC7B-1B891DE8E174} = {5BFEE26C-AF67-4CDD-A765-2A260F697B0E}
		{9DD20F2A-6DB3-43AA-A3B3-02CD47D4B5F2} = {81D1DAA7-F563-4D34-BAE8-77402363E6A1}
		{DB206749-C797-43BE-88D1-4A9E3714B1F2} = {9DD20F2A-6DB3-43AA-A3B3-02CD47D4B5F2}
		{9A41EBF3-0964-4145-8C37-5E4156423501} = {9DD20F2A-6DB3-43AA-A3B3-02CD47D4B5F2}
		{AAD6D481-79BC-47A7-95B0-9DF92C3C7264} = {9DD20F2A-6DB3-43AA-A3B3-02CD47D4B5F2}
		{3065DBB6-0E92-4E59-993B-604C805DA11F} = {9DD20F2A-6DB3-43AA-A3B3-02CD47D4B5F2}
		{494F5A1B-6E31-4F79-9DE2-24532CDDDA7F} = {8D0D9A2A-1FBD-4D8E-A96F-A417C12FC09F}
		{2C4BD481-D58C-4A5D-9BF3-ED2C99E5BAB1} = {8D0D9A2A-1FBD-4D8E-A96F-A417C12FC09F}
		{B125B6B1-18B1-4382-9274-A6C411A66BFB} = {8D0D9A2A-1FBD-4D8E-A96F-A417C12FC09F}
		{A051C8FF-3B82-41DE-9D15-0CBCE0FE02C4} = {8D0D9A2A-1FBD-4D8E-A96F-A417C12FC09F}
		{6C0F790A-76BE-4369-870D-2DB939F0F210} = {81D1DAA7-F563-4D34-BAE8-77402363E6A1}
		{6114DB9C-2797-461C-A3BD-B3B5EBD991DF} = {6C0F790A-76BE-4369-870D-2DB939F0F210}
		{130791D7-47C7-4438-935E-1E39765BBEB0} = {6C0F790A-76BE-4369-870D-2DB939F0F210}
		{D7805D15-2B84-43EE-97B5-FBB98BAD68AD} = {6C0F790A-76BE-4369-870D-2DB939F0F210}
		{7052E5F7-C5B7-4E9C-82F5-0BB2820FA0C5} = {6C0F790A-76BE-4369-870D-2DB939F0F210}
		{6F53CA74-0D7A-4B00-A469-23830E5C4ED9} = {81D1DAA7-F563-4D34-BAE8-77402363E6A1}
		{9B769E1D-F39E-478F-BD4A-68CFACE3555E} = {6F53CA74-0D7A-4B00-A469-23830E5C4ED9}
		{0BE223E6-0BB6-486C-9D65-32D27B071C01} = {6F53CA74-0D7A-4B00-A469-23830E5C4ED9}
		{FB431FD8-59DA-4828-959C-D989B1C1F574} = {6F53CA74-0D7A-4B00-A469-23830E5C4ED9}
		{E499001D-E043-4D49-BF0E-69DC8728EC66} = {6F53CA74-0D7A-4B00-A469-23830E5C4ED9}
		{713501B9-F283-4801-B99E-8AA175B8802F} = {8D0D9A2A-1FBD-4D8E-A96F-A417C12FC09F}
		{4EE83C1D-7745-47FE-8D85-A520075FA254} = {8D0D9A2A-1FBD-4D8E-A96F-A417C12FC09F}
		{A22C0E74-7398-400E-AB89-B68B66073C1E} = {8D0D9A2A-1FBD-4D8E-A96F-A417C12FC09F}
		{1DC4BD63-7295-4C9D-806C-079A274439B5} = {8D0D9A2A-1FBD-4D8E-A96F-A417C12FC09F}
		{82E26126-6433-43F6-B5E7-C8737D114D95} = {8D0D9A2A-1FBD-4D8E-A96F-A417C12FC09F}
		{825153E5-65AD-4566-BDA3-6588610988A2} = {8D0D9A2A-1FBD-4D8E-A96F-A417C12FC09F}
		{3377BB9F-2D1B-47E4-BEFC-4B3ABA93682D} = {8D0D9A2A-1FBD-4D8E-A96F-A417C12FC09F}
		{2AD55CA0-5B4C-4587-A731-2B2F02CFBB53} = {8D0D9A2A-1FBD-4D8E-A96F-A417C12FC09F}
		{FF0C7BDD-2CDB-4D47-808E-7228169D30AB} = {8D0D9A2A-1FBD-4D8E-A96F-A417C12FC09F}
		{94F40E80-39BE-4E11-813D-9152D1C5BA67} = {8D0D9A2A-1FBD-4D8E-A96F-A417C12FC09F}
		{34FBAC75-2826-4FDF-B6F0-0A5820A77B36} = {8D0D9A2A-1FBD-4D8E-A96F-A417C12FC09F}
		{18174C54-6836-4E42-B62F-09BB004A5DBA} = {8D0D9A2A-1FBD-4D8E-A96F-A417C12FC09F}
		{4F996DCF-3FB5-4B82-B9AC-38AB23482A10} = {8D0D9A2A-1FBD-4D8E-A96F-A417C12FC09F}
		{B6887D17-2A27-45E7-8EFF-B8D80E9CC7B9} = {8D0D9A2A-1FBD-4D8E-A96F-A417C12FC09F}
		{F62E2F21-697D-4E12-9300-4A5D16BCAF09} = {8D0D9A2A-1FBD-4D8E-A96F-A417C12FC09F}
		{278ACF02-ED65-406C-97F5-047441B4193C} = {8D0D9A2A-1FBD-4D8E-A96F-A417C12FC09F}
		{32509012-99E9-4CD0-A600-0C373BDE1004} = {8D0D9A2A-1FBD-4D8E-A96F-A417C12FC09F}
		{4D0DF63A-3370-436E-AAD4-2A6F381B1F4E} = {8D0D9A2A-1FBD-4D8E-A96F-A417C12FC09F}
		{FE2DD535-BD0F-4CC4-BCC4-3DAC8925D461} = {8D0D9A2A-1FBD-4D8E-A96F-A417C12FC09F}
		{E0DFB603-17F1-4DE8-9D6B-D50CE4E2430F} = {8D0D9A2A-1FBD-4D8E-A96F-A417C12FC09F}
		{03E9B723-3DA2-48D9-94CA-8A5F916BD5D9} = {8D0D9A2A-1FBD-4D8E-A96F-A417C12FC09F}
		{6137348C-4CE2-494D-BAAC-7A1A2030C565} = {8D0D9A2A-1FBD-4D8E-A96F-A417C12FC09F}
		{AB45AA58-BBFE-4084-929F-532636F00B26} = {81D1DAA7-F563-4D34-BAE8-77402363E6A1}
		{9F9E26F8-9656-4C2A-B89B-30AC8B0A3C79} = {AB45AA58-BBFE-4084-929F-532636F00B26}
		{98B51B4A-C944-492C-A548-1E4ED8B4DDB0} = {AB45AA58-BBFE-4084-929F-532636F00B26}
		{F7E984AD-A60A-458C-A883-0980631767EE} = {AB45AA58-BBFE-4084-929F-532636F00B26}
		{4CB8C946-48D0-45F8-A6EE-700BABD790DD} = {AB45AA58-BBFE-4084-929F-532636F00B26}
		{27701986-1ACC-406D-A388-2D2489D4277A} = {8D0D9A2A-1FBD-4D8E-A96F-A417C12FC09F}
		{99343C24-9C31-4058-95D7-C0DCE811BA31} = {8D0D9A2A-1FBD-4D8E-A96F-A417C12FC09F}
		{873FA0EA-7950-40A5-BAE5-2B409250342B} = {8D0D9A2A-1FBD-4D8E-A96F-A417C12FC09F}
		{473D8356-6777-4422-B275-549249C59D27} = {81D1DAA7-F563-4D34-BAE8-77402363E6A1}
		{B89CC55F-7E68-4F44-8971-BDB7DBEB27D4} = {473D8356-6777-4422-B275-549249C59D27}
		{F1982AB3-5E5E-48CD-A854-9658D76CD1B8} = {473D8356-6777-4422-B275-549249C59D27}
		{A2D1EDFC-AC2C-417A-BD98-CEAC00A8D3D1} = {473D8356-6777-4422-B275-549249C59D27}
		{88C231F2-F474-4E97-B4AD-C19322C7076F} = {473D8356-6777-4422-B275-549249C59D27}
		{D5941FD0-E5E1-42C5-AA49-505578D3668B} = {8D0D9A2A-1FBD-4D8E-A96F-A417C12FC09F}
		{DA9DEB89-FB80-42D8-B128-E828901E8CD7} = {8D0D9A2A-1FBD-4D8E-A96F-A417C12FC09F}
		{AA56FBEC-EF6E-4D04-8A56-E70D26013B10} = {81D1DAA7-F563-4D34-BAE8-77402363E6A1}
		{214D17BF-16C3-4855-A5DA-35F93E9F4A76} = {AA56FBEC-EF6E-4D04-8A56-E70D26013B10}
		{DD1172E8-A5B6-43FB-8B5D-AAC34276AC31} = {AA56FBEC-EF6E-4D04-8A56-E70D26013B10}
		{58D41C87-324E-461F-BCAE-B4B22FF3EACF} = {AA56FBEC-EF6E-4D04-8A56-E70D26013B10}
		{A8B3C219-4D43-47D2-96BD-9FA471900E1B} = {AA56FBEC-EF6E-4D04-8A56-E70D26013B10}
		{233C0A27-0ACB-4757-B98C-A25723681B07} = {8D0D9A2A-1FBD-4D8E-A96F-A417C12FC09F}
		{80911308-94C3-4B8D-8DA5-799DBED7869B} = {8D0D9A2A-1FBD-4D8E-A96F-A417C12FC09F}
		{F2815CFB-61E9-4846-BF72-11C51C4E9918} = {81D1DAA7-F563-4D34-BAE8-77402363E6A1}
		{C612785A-782A-47F1-903B-335E5986BA78} = {F2815CFB-61E9-4846-BF72-11C51C4E9918}
		{20E9FC60-77F1-49BE-AFCC-8B47C99011EA} = {F2815CFB-61E9-4846-BF72-11C51C4E9918}
		{03E84734-0513-41F6-99B3-B0873CD03A2B} = {F2815CFB-61E9-4846-BF72-11C51C4E9918}
		{CB4A1CC9-5ABB-4BF9-B868-FD097485154F} = {F2815CFB-61E9-4846-BF72-11C51C4E9918}
		{C26387D5-A1F3-4EAD-9172-A9B053FBC436} = {8D0D9A2A-1FBD-4D8E-A96F-A417C12FC09F}
		{8870CB6C-88F0-4C37-A65D-E449EAE8EDBF} = {C26387D5-A1F3-4EAD-9172-A9B053FBC436}
		{C4D00D57-49D7-4ED4-AD31-B2096689F85F} = {C26387D5-A1F3-4EAD-9172-A9B053FBC436}
		{962B889F-2116-4EC2-B53C-771F762A4667} = {81D1DAA7-F563-4D34-BAE8-77402363E6A1}
		{952E58DA-5223-4A23-B8D2-FB7735431537} = {962B889F-2116-4EC2-B53C-771F762A4667}
		{B2E6A034-32FA-4B45-BCA4-8CDB5B65FA8D} = {962B889F-2116-4EC2-B53C-771F762A4667}
		{525A67E8-ADD4-421B-BA72-1220FCDF8C54} = {962B889F-2116-4EC2-B53C-771F762A4667}
		{6795DA1C-001D-438B-8897-8245BE1C693A} = {962B889F-2116-4EC2-B53C-771F762A4667}
		{85E445E7-EE95-4221-85BA-2F5DC8F87C20} = {81D1DAA7-F563-4D34-BAE8-77402363E6A1}
		{5500865B-A0A6-4D49-B4B5-358337EF9A22} = {85E445E7-EE95-4221-85BA-2F5DC8F87C20}
		{38B935AB-D059-40D4-B649-8AFC99F2BEE4} = {85E445E7-EE95-4221-85BA-2F5DC8F87C20}
		{E65E0E02-47AE-4FC9-85A8-BE405DD06B08} = {85E445E7-EE95-4221-85BA-2F5DC8F87C20}
		{A777BDB0-A151-47E6-86F2-094B88629643} = {85E445E7-EE95-4221-85BA-2F5DC8F87C20}
		{4D771303-1108-462F-8D15-10CF62B21D70} = {81D1DAA7-F563-4D34-BAE8-77402363E6A1}
		{001CAA77-A32E-4149-94FE-E13D82D683C4} = {4D771303-1108-462F-8D15-10CF62B21D70}
		{1E32771A-05CD-4034-9A49-CB677DD6018A} = {4D771303-1108-462F-8D15-10CF62B21D70}
		{08AB7AB1-53E3-4E08-A5C4-69B24A666CDB} = {4D771303-1108-462F-8D15-10CF62B21D70}
		{148CD353-B50F-4F6D-8EC2-7A0C8E660D12} = {4D771303-1108-462F-8D15-10CF62B21D70}
		{438C4D44-65E7-45D5-827E-7E6EAC97F191} = {81D1DAA7-F563-4D34-BAE8-77402363E6A1}
		{4CDC6D00-8DD6-476E-BAC9-D4E837DAB89A} = {438C4D44-65E7-45D5-827E-7E6EAC97F191}
		{2C69F41D-B358-477E-A080-4D9E5FA09C23} = {438C4D44-65E7-45D5-827E-7E6EAC97F191}
		{33BF7391-D44B-4747-AF79-B7CF9964EBC8} = {438C4D44-65E7-45D5-827E-7E6EAC97F191}
		{1B79C57F-D9C2-48C3-AE8E-7418F868D11D} = {438C4D44-65E7-45D5-827E-7E6EAC97F191}
		{A49D5FDD-5FC8-4EBB-A05A-E6E8E38D64EC} = {81D1DAA7-F563-4D34-BAE8-77402363E6A1}
		{71FB4433-9F8F-4483-A002-B885F90EF508} = {A49D5FDD-5FC8-4EBB-A05A-E6E8E38D64EC}
		{B1CE2269-7B16-4A50-ACBD-FA2AA88B735A} = {A49D5FDD-5FC8-4EBB-A05A-E6E8E38D64EC}
		{D25AF96E-4448-44DA-9ED9-BB66931FF288} = {A49D5FDD-5FC8-4EBB-A05A-E6E8E38D64EC}
		{9A377061-B528-45D0-9736-33D20372D7DA} = {A49D5FDD-5FC8-4EBB-A05A-E6E8E38D64EC}
		{E009E7EA-D1DF-439C-A12A-6997897990BB} = {81D1DAA7-F563-4D34-BAE8-77402363E6A1}
		{88A47795-4159-46FC-AF52-D8C8F18491F2} = {E009E7EA-D1DF-439C-A12A-6997897990BB}
		{8743A230-60F9-41D7-807E-6C04E0B4CE23} = {E009E7EA-D1DF-439C-A12A-6997897990BB}
		{D03275C5-73AC-439E-BE60-297FE0FC8E69} = {E009E7EA-D1DF-439C-A12A-6997897990BB}
		{AB151CC9-6FD1-4319-AFCF-404D43119D8B} = {E009E7EA-D1DF-439C-A12A-6997897990BB}
		{E96A342B-889F-4D40-9021-6559AA1C7E40} = {81D1DAA7-F563-4D34-BAE8-77402363E6A1}
		{1A461B48-FAFE-43D9-AB1A-B4AB12F1AF91} = {E96A342B-889F-4D40-9021-6559AA1C7E40}
		{6FC0538D-1FD1-4FCF-B3F8-836B57EDA743} = {E96A342B-889F-4D40-9021-6559AA1C7E40}
		{33E5D649-A586-4CE8-85DC-FE4C145E5818} = {E96A342B-889F-4D40-9021-6559AA1C7E40}
		{1CE441F8-6AD2-403C-9D11-0FBD601A70FF} = {E96A342B-889F-4D40-9021-6559AA1C7E40}
		{8E1DFA62-ED4B-4489-9109-22EBC9E9DA54} = {81D1DAA7-F563-4D34-BAE8-77402363E6A1}
		{E1909B6D-952E-4C19-B342-93C9248CCC78} = {8E1DFA62-ED4B-4489-9109-22EBC9E9DA54}
		{3091C655-3319-4067-9656-1C94DBE31B79} = {8E1DFA62-ED4B-4489-9109-22EBC9E9DA54}
		{2A148288-8753-479C-9367-55791C79AFB3} = {8E1DFA62-ED4B-4489-9109-22EBC9E9DA54}
		{9F1A25FE-840B-4451-AE9A-80C95E35D5C7} = {8E1DFA62-ED4B-4489-9109-22EBC9E9DA54}
		{B14D5C0D-74C3-4278-9EB9-B43B52CBE6BF} = {81D1DAA7-F563-4D34-BAE8-77402363E6A1}
		{8D966569-53BE-43D1-846A-90FE6803E797} = {B14D5C0D-74C3-4278-9EB9-B43B52CBE6BF}
		{42A5DE71-482A-40BC-B36B-168728E79616} = {B14D5C0D-74C3-4278-9EB9-B43B52CBE6BF}
		{615E2A2E-0C1E-4964-B284-3CD44DDD650A} = {B14D5C0D-74C3-4278-9EB9-B43B52CBE6BF}
		{1BA9AA59-C111-46CC-BC13-150F405FF2B9} = {B14D5C0D-74C3-4278-9EB9-B43B52CBE6BF}
		{59383B9C-327A-42DC-87AD-B0FBC7589375} = {8D0D9A2A-1FBD-4D8E-A96F-A417C12FC09F}
		{543EEA78-68EA-458A-B3DF-FB9B740F8E66} = {59383B9C-327A-42DC-87AD-B0FBC7589375}
		{48E750AC-22DC-4D83-BDF1-57AA39A6E575} = {59383B9C-327A-42DC-87AD-B0FBC7589375}
		{8821E226-41D6-48FF-9D93-7E373A9DCC1B} = {8D0D9A2A-1FBD-4D8E-A96F-A417C12FC09F}
		{AB1E5FFE-F5EC-491A-96E4-7A37AFCEC27C} = {8D0D9A2A-1FBD-4D8E-A96F-A417C12FC09F}
		{99A7FE7D-158C-438E-A1D9-3B062E83F362} = {AB1E5FFE-F5EC-491A-96E4-7A37AFCEC27C}
		{C6FB3516-096C-4748-A77B-B8CB8305F343} = {8D0D9A2A-1FBD-4D8E-A96F-A417C12FC09F}
		{C41C988A-B90A-4599-86E6-C98D2B52905A} = {C6FB3516-096C-4748-A77B-B8CB8305F343}
		{8CAC2457-019D-4D93-B19F-03B6313483FF} = {8D0D9A2A-1FBD-4D8E-A96F-A417C12FC09F}
		{64879E2E-6F14-4D8E-87A2-DDEC21621FAA} = {8CAC2457-019D-4D93-B19F-03B6313483FF}
		{213D466D-D4A0-4D5A-BF9A-10A69F15C874} = {8CAC2457-019D-4D93-B19F-03B6313483FF}
		{FE3B83AB-A3BB-4425-B4B3-43A51649B424} = {C6FB3516-096C-4748-A77B-B8CB8305F343}
		{F5C36C3B-358F-4D7B-9169-575501C8061E} = {C6FB3516-096C-4748-A77B-B8CB8305F343}
		{13AB2E7A-57EA-4B71-A92C-C71F5A585E23} = {8D0D9A2A-1FBD-4D8E-A96F-A417C12FC09F}
		{F12DB484-E194-4AFE-8214-45CA3EC54F10} = {13AB2E7A-57EA-4B71-A92C-C71F5A585E23}
		{1E80AD89-5669-4E10-BE5B-F4FD9E6C05E9} = {13AB2E7A-57EA-4B71-A92C-C71F5A585E23}
		{81D06C25-CFB5-4551-9F38-5F28A62BFFE5} = {13AB2E7A-57EA-4B71-A92C-C71F5A585E23}
		{CD7A1FC6-F6B6-4F04-8B0C-BEF495544E2C} = {8D0D9A2A-1FBD-4D8E-A96F-A417C12FC09F}
		{B0C2417C-0A19-4F79-AF8F-B01DA5BFDC97} = {CD7A1FC6-F6B6-4F04-8B0C-BEF495544E2C}
		{F5CF58F2-4F99-4054-AA26-F74F7FC91FE6} = {CD7A1FC6-F6B6-4F04-8B0C-BEF495544E2C}
		{E785DD07-781A-4FE9-A7E1-7565BDCFEE02} = {CD7A1FC6-F6B6-4F04-8B0C-BEF495544E2C}
		{31491331-EB79-492F-B129-ECB4110DCDA6} = {8CAC2457-019D-4D93-B19F-03B6313483FF}
		{439FEFA1-04A1-456A-8ECF-14AED6F2A076} = {8D0D9A2A-1FBD-4D8E-A96F-A417C12FC09F}
		{F4662AA8-3401-46EB-B77F-6D586BA47F49} = {439FEFA1-04A1-456A-8ECF-14AED6F2A076}
	EndGlobalSection
EndGlobal
