
Microsoft Visual Studio Solution File, Format Version 12.00
# Visual Studio Version 17
VisualStudioVersion = 17.0.31903.59
MinimumVisualStudioVersion = 10.0.40219.1
Project("{2150E333-8FDC-42A3-9474-1A3956D46DE8}") = "src", "src", "{21C5C0EE-463C-431A-9357-EEBBED6D3AC1}"
EndProject
Project("{FAE04EC0-301F-11D3-BF4B-00C04F79EFBC}") = "Haworks.BuildingBlocks", "src\BuildingBlocks\Haworks.BuildingBlocks.csproj", "{97DFA61C-E77F-4C09-8296-00CCB1943E9D}"
EndProject
Project("{FAE04EC0-301F-11D3-BF4B-00C04F79EFBC}") = "Haworks.Contracts", "src\Contracts\Haworks.Contracts.csproj", "{CC64D6CE-339B-4C03-982D-BA0337A713F5}"
EndProject
Project("{FAE04EC0-301F-11D3-BF4B-00C04F79EFBC}") = "Haworks.BuildingBlocks.Testing", "src\BuildingBlocks.Testing\Haworks.BuildingBlocks.Testing.csproj", "{50F868FE-2631-4930-8CCA-3D41551F3A45}"
EndProject
Project("{2150E333-8FDC-42A3-9474-1A3956D46DE8}") = "Identity", "Identity", "{606A6F35-7307-46E4-A819-C4D4497D5248}"
EndProject
Project("{FAE04EC0-301F-11D3-BF4B-00C04F79EFBC}") = "Identity.Domain", "src\Identity\Identity.Domain\Identity.Domain.csproj", "{F750880A-879E-4B26-B549-5365FF3C88FE}"
EndProject
Project("{FAE04EC0-301F-11D3-BF4B-00C04F79EFBC}") = "Identity.Infrastructure", "src\Identity\Identity.Infrastructure\Identity.Infrastructure.csproj", "{7568831D-06B4-4D49-9ECF-1F212DAC07E2}"
EndProject
Project("{FAE04EC0-301F-11D3-BF4B-00C04F79EFBC}") = "Identity.Api", "src\Identity\Identity.Api\Identity.Api.csproj", "{50B22AE8-E0DB-460A-895F-C4964DE0A8ED}"
EndProject
Project("{FAE04EC0-301F-11D3-BF4B-00C04F79EFBC}") = "Identity.Application", "src\Identity\Identity.Application\Identity.Application.csproj", "{5FBFC2F8-8A21-4BA3-8A53-72CCA7962F67}"
EndProject
Project("{2150E333-8FDC-42A3-9474-1A3956D46DE8}") = "tests", "tests", "{09218566-6CB7-412B-BAE1-4FBAEC6A1A5B}"
EndProject
Project("{2150E333-8FDC-42A3-9474-1A3956D46DE8}") = "Identity", "Identity", "{1F11D070-E949-422A-9A70-15AF2284172D}"
EndProject
Project("{FAE04EC0-301F-11D3-BF4B-00C04F79EFBC}") = "Identity.Unit", "tests\Identity\Identity.Unit\Identity.Unit.csproj", "{A0F997D4-E460-43EC-9E59-02356F0A0E04}"
EndProject
Project("{FAE04EC0-301F-11D3-BF4B-00C04F79EFBC}") = "Identity.Architecture", "tests\Identity\Identity.Architecture\Identity.Architecture.csproj", "{AF92B5D3-2CAB-4838-A347-2EFCBBF9492A}"
EndProject
Project("{FAE04EC0-301F-11D3-BF4B-00C04F79EFBC}") = "Identity.Integration", "tests\Identity\Identity.Integration\Identity.Integration.csproj", "{C6F505B8-F8BA-4EFF-9558-A88FD6E9EE9D}"
EndProject
Project("{FAE04EC0-301F-11D3-BF4B-00C04F79EFBC}") = "Identity.Contract", "tests\Identity\Identity.Contract\Identity.Contract.csproj", "{678CD5A7-14C7-4DFE-940D-C18E2BC9BAFB}"
EndProject
Project("{FAE04EC0-301F-11D3-BF4B-00C04F79EFBC}") = "Platform.ArchitecturalGuards", "tests\Platform.ArchitecturalGuards\Platform.ArchitecturalGuards.csproj", "{6B53685E-4870-4FA6-B2F6-E73688998BF6}"
EndProject
Global
	GlobalSection(SolutionConfigurationPlatforms) = preSolution
		Debug|Any CPU = Debug|Any CPU
		Release|Any CPU = Release|Any CPU
	EndGlobalSection
	GlobalSection(SolutionProperties) = preSolution
		HideSolutionNode = FALSE
	EndGlobalSection
	GlobalSection(ProjectConfigurationPlatforms) = postSolution
		{97DFA61C-E77F-4C09-8296-00CCB1943E9D}.Debug|Any CPU.ActiveCfg = Debug|Any CPU
		{97DFA61C-E77F-4C09-8296-00CCB1943E9D}.Debug|Any CPU.Build.0 = Debug|Any CPU
		{97DFA61C-E77F-4C09-8296-00CCB1943E9D}.Release|Any CPU.ActiveCfg = Release|Any CPU
		{97DFA61C-E77F-4C09-8296-00CCB1943E9D}.Release|Any CPU.Build.0 = Release|Any CPU
		{CC64D6CE-339B-4C03-982D-BA0337A713F5}.Debug|Any CPU.ActiveCfg = Debug|Any CPU
		{CC64D6CE-339B-4C03-982D-BA0337A713F5}.Debug|Any CPU.Build.0 = Debug|Any CPU
		{CC64D6CE-339B-4C03-982D-BA0337A713F5}.Release|Any CPU.ActiveCfg = Release|Any CPU
		{CC64D6CE-339B-4C03-982D-BA0337A713F5}.Release|Any CPU.Build.0 = Release|Any CPU
		{50F868FE-2631-4930-8CCA-3D41551F3A45}.Debug|Any CPU.ActiveCfg = Debug|Any CPU
		{50F868FE-2631-4930-8CCA-3D41551F3A45}.Debug|Any CPU.Build.0 = Debug|Any CPU
		{50F868FE-2631-4930-8CCA-3D41551F3A45}.Release|Any CPU.ActiveCfg = Release|Any CPU
		{50F868FE-2631-4930-8CCA-3D41551F3A45}.Release|Any CPU.Build.0 = Release|Any CPU
		{F750880A-879E-4B26-B549-5365FF3C88FE}.Debug|Any CPU.ActiveCfg = Debug|Any CPU
		{F750880A-879E-4B26-B549-5365FF3C88FE}.Debug|Any CPU.Build.0 = Debug|Any CPU
		{F750880A-879E-4B26-B549-5365FF3C88FE}.Release|Any CPU.ActiveCfg = Release|Any CPU
		{F750880A-879E-4B26-B549-5365FF3C88FE}.Release|Any CPU.Build.0 = Release|Any CPU
		{7568831D-06B4-4D49-9ECF-1F212DAC07E2}.Debug|Any CPU.ActiveCfg = Debug|Any CPU
		{7568831D-06B4-4D49-9ECF-1F212DAC07E2}.Debug|Any CPU.Build.0 = Debug|Any CPU
		{7568831D-06B4-4D49-9ECF-1F212DAC07E2}.Release|Any CPU.ActiveCfg = Release|Any CPU
		{7568831D-06B4-4D49-9ECF-1F212DAC07E2}.Release|Any CPU.Build.0 = Release|Any CPU
		{50B22AE8-E0DB-460A-895F-C4964DE0A8ED}.Debug|Any CPU.ActiveCfg = Debug|Any CPU
		{50B22AE8-E0DB-460A-895F-C4964DE0A8ED}.Debug|Any CPU.Build.0 = Debug|Any CPU
		{50B22AE8-E0DB-460A-895F-C4964DE0A8ED}.Release|Any CPU.ActiveCfg = Release|Any CPU
		{50B22AE8-E0DB-460A-895F-C4964DE0A8ED}.Release|Any CPU.Build.0 = Release|Any CPU
		{5FBFC2F8-8A21-4BA3-8A53-72CCA7962F67}.Debug|Any CPU.ActiveCfg = Debug|Any CPU
		{5FBFC2F8-8A21-4BA3-8A53-72CCA7962F67}.Debug|Any CPU.Build.0 = Debug|Any CPU
		{5FBFC2F8-8A21-4BA3-8A53-72CCA7962F67}.Release|Any CPU.ActiveCfg = Release|Any CPU
		{5FBFC2F8-8A21-4BA3-8A53-72CCA7962F67}.Release|Any CPU.Build.0 = Release|Any CPU
		{A0F997D4-E460-43EC-9E59-02356F0A0E04}.Debug|Any CPU.ActiveCfg = Debug|Any CPU
		{A0F997D4-E460-43EC-9E59-02356F0A0E04}.Debug|Any CPU.Build.0 = Debug|Any CPU
		{A0F997D4-E460-43EC-9E59-02356F0A0E04}.Release|Any CPU.ActiveCfg = Release|Any CPU
		{A0F997D4-E460-43EC-9E59-02356F0A0E04}.Release|Any CPU.Build.0 = Release|Any CPU
		{AF92B5D3-2CAB-4838-A347-2EFCBBF9492A}.Debug|Any CPU.ActiveCfg = Debug|Any CPU
		{AF92B5D3-2CAB-4838-A347-2EFCBBF9492A}.Debug|Any CPU.Build.0 = Debug|Any CPU
		{AF92B5D3-2CAB-4838-A347-2EFCBBF9492A}.Release|Any CPU.ActiveCfg = Release|Any CPU
		{AF92B5D3-2CAB-4838-A347-2EFCBBF9492A}.Release|Any CPU.Build.0 = Release|Any CPU
		{C6F505B8-F8BA-4EFF-9558-A88FD6E9EE9D}.Debug|Any CPU.ActiveCfg = Debug|Any CPU
		{C6F505B8-F8BA-4EFF-9558-A88FD6E9EE9D}.Debug|Any CPU.Build.0 = Debug|Any CPU
		{C6F505B8-F8BA-4EFF-9558-A88FD6E9EE9D}.Release|Any CPU.ActiveCfg = Release|Any CPU
		{C6F505B8-F8BA-4EFF-9558-A88FD6E9EE9D}.Release|Any CPU.Build.0 = Release|Any CPU
		{678CD5A7-14C7-4DFE-940D-C18E2BC9BAFB}.Debug|Any CPU.ActiveCfg = Debug|Any CPU
		{678CD5A7-14C7-4DFE-940D-C18E2BC9BAFB}.Debug|Any CPU.Build.0 = Debug|Any CPU
		{678CD5A7-14C7-4DFE-940D-C18E2BC9BAFB}.Release|Any CPU.ActiveCfg = Release|Any CPU
		{678CD5A7-14C7-4DFE-940D-C18E2BC9BAFB}.Release|Any CPU.Build.0 = Release|Any CPU
		{6B53685E-4870-4FA6-B2F6-E73688998BF6}.Debug|Any CPU.ActiveCfg = Debug|Any CPU
		{6B53685E-4870-4FA6-B2F6-E73688998BF6}.Debug|Any CPU.Build.0 = Debug|Any CPU
		{6B53685E-4870-4FA6-B2F6-E73688998BF6}.Release|Any CPU.ActiveCfg = Release|Any CPU
		{6B53685E-4870-4FA6-B2F6-E73688998BF6}.Release|Any CPU.Build.0 = Release|Any CPU
	EndGlobalSection
	GlobalSection(NestedProjects) = preSolution
		{97DFA61C-E77F-4C09-8296-00CCB1943E9D} = {21C5C0EE-463C-431A-9357-EEBBED6D3AC1}
		{CC64D6CE-339B-4C03-982D-BA0337A713F5} = {21C5C0EE-463C-431A-9357-EEBBED6D3AC1}
		{50F868FE-2631-4930-8CCA-3D41551F3A45} = {21C5C0EE-463C-431A-9357-EEBBED6D3AC1}
		{606A6F35-7307-46E4-A819-C4D4497D5248} = {21C5C0EE-463C-431A-9357-EEBBED6D3AC1}
		{F750880A-879E-4B26-B549-5365FF3C88FE} = {606A6F35-7307-46E4-A819-C4D4497D5248}
		{7568831D-06B4-4D49-9ECF-1F212DAC07E2} = {606A6F35-7307-46E4-A819-C4D4497D5248}
		{50B22AE8-E0DB-460A-895F-C4964DE0A8ED} = {606A6F35-7307-46E4-A819-C4D4497D5248}
		{5FBFC2F8-8A21-4BA3-8A53-72CCA7962F67} = {606A6F35-7307-46E4-A819-C4D4497D5248}
		{1F11D070-E949-422A-9A70-15AF2284172D} = {09218566-6CB7-412B-BAE1-4FBAEC6A1A5B}
		{A0F997D4-E460-43EC-9E59-02356F0A0E04} = {1F11D070-E949-422A-9A70-15AF2284172D}
		{AF92B5D3-2CAB-4838-A347-2EFCBBF9492A} = {1F11D070-E949-422A-9A70-15AF2284172D}
		{C6F505B8-F8BA-4EFF-9558-A88FD6E9EE9D} = {1F11D070-E949-422A-9A70-15AF2284172D}
		{678CD5A7-14C7-4DFE-940D-C18E2BC9BAFB} = {1F11D070-E949-422A-9A70-15AF2284172D}
		{6B53685E-4870-4FA6-B2F6-E73688998BF6} = {09218566-6CB7-412B-BAE1-4FBAEC6A1A5B}
	EndGlobalSection
EndGlobal
