
Microsoft Visual Studio Solution File, Format Version 12.00
# Visual Studio Version 17
VisualStudioVersion = 17.0.31903.59
MinimumVisualStudioVersion = 10.0.40219.1
Project("{2150E333-8FDC-42A3-9474-1A3956D46DE8}") = "src", "src", "{09744DEB-E5FD-4577-AAC8-138BB8AB9DAD}"
EndProject
Project("{FAE04EC0-301F-11D3-BF4B-00C04F79EFBC}") = "Haworks.BuildingBlocks", "src\BuildingBlocks\Haworks.BuildingBlocks.csproj", "{DC265AD1-2023-42E4-9175-B4E77C580229}"
EndProject
Project("{FAE04EC0-301F-11D3-BF4B-00C04F79EFBC}") = "Haworks.Contracts", "src\Contracts\Haworks.Contracts.csproj", "{46E068C4-288A-498A-B8EE-0561019D69A3}"
EndProject
Project("{FAE04EC0-301F-11D3-BF4B-00C04F79EFBC}") = "Haworks.BuildingBlocks.Testing", "src\BuildingBlocks.Testing\Haworks.BuildingBlocks.Testing.csproj", "{12F433BF-BA98-4E99-9CC7-F00F31508F83}"
EndProject
Project("{2150E333-8FDC-42A3-9474-1A3956D46DE8}") = "Orders", "Orders", "{F847C76F-4EFD-493E-ACDE-311927D8D972}"
EndProject
Project("{FAE04EC0-301F-11D3-BF4B-00C04F79EFBC}") = "Orders.Api", "src\Orders\Orders.Api\Orders.Api.csproj", "{E2C3BBFA-9882-4DD1-9027-7C8B44A1C947}"
EndProject
Project("{FAE04EC0-301F-11D3-BF4B-00C04F79EFBC}") = "Orders.Application", "src\Orders\Orders.Application\Orders.Application.csproj", "{1C9ED315-F7BD-4DC7-9E15-9B1FD45AA598}"
EndProject
Project("{FAE04EC0-301F-11D3-BF4B-00C04F79EFBC}") = "Orders.Domain", "src\Orders\Orders.Domain\Orders.Domain.csproj", "{EDB54C40-4065-441E-ADB6-AA63F4B3A383}"
EndProject
Project("{FAE04EC0-301F-11D3-BF4B-00C04F79EFBC}") = "Orders.Infrastructure", "src\Orders\Orders.Infrastructure\Orders.Infrastructure.csproj", "{C2BE332D-B9A4-49B0-995F-BDAE6FCB8C3E}"
EndProject
Project("{2150E333-8FDC-42A3-9474-1A3956D46DE8}") = "tests", "tests", "{3B1F3022-5ED8-4050-8F51-0FD17C37183E}"
EndProject
Project("{2150E333-8FDC-42A3-9474-1A3956D46DE8}") = "Orders", "Orders", "{5CBBF89F-E58B-438A-AF43-659D4952B290}"
EndProject
Project("{FAE04EC0-301F-11D3-BF4B-00C04F79EFBC}") = "Orders.Contract", "tests\Orders\Orders.Contract\Orders.Contract.csproj", "{618F1597-8E62-4036-9D7B-A10B0D01D08B}"
EndProject
Project("{FAE04EC0-301F-11D3-BF4B-00C04F79EFBC}") = "Orders.Architecture", "tests\Orders\Orders.Architecture\Orders.Architecture.csproj", "{271716FC-2739-414A-8B9F-28CA536CAB70}"
EndProject
Project("{FAE04EC0-301F-11D3-BF4B-00C04F79EFBC}") = "Orders.Unit", "tests\Orders\Orders.Unit\Orders.Unit.csproj", "{BCD2C06E-891E-45E6-A77C-10C3568C4992}"
EndProject
Project("{FAE04EC0-301F-11D3-BF4B-00C04F79EFBC}") = "Orders.Integration", "tests\Orders\Orders.Integration\Orders.Integration.csproj", "{270585D9-981F-4446-94ED-21DF65B8402C}"
EndProject
Project("{FAE04EC0-301F-11D3-BF4B-00C04F79EFBC}") = "Platform.ArchitecturalGuards", "tests\Platform.ArchitecturalGuards\Platform.ArchitecturalGuards.csproj", "{86635DBC-9598-4D99-A299-EFB3C585AB3A}"
EndProject
Global
	GlobalSection(SolutionConfigurationPlatforms) = preSolution
		Debug|Any CPU = Debug|Any CPU
		Release|Any CPU = Release|Any CPU
	EndGlobalSection
	GlobalSection(SolutionProperties) = preSolution
		HideSolutionNode = FALSE
	EndGlobalSection
	GlobalSection(ProjectConfigurationPlatforms) = postSolution
		{DC265AD1-2023-42E4-9175-B4E77C580229}.Debug|Any CPU.ActiveCfg = Debug|Any CPU
		{DC265AD1-2023-42E4-9175-B4E77C580229}.Debug|Any CPU.Build.0 = Debug|Any CPU
		{DC265AD1-2023-42E4-9175-B4E77C580229}.Release|Any CPU.ActiveCfg = Release|Any CPU
		{DC265AD1-2023-42E4-9175-B4E77C580229}.Release|Any CPU.Build.0 = Release|Any CPU
		{46E068C4-288A-498A-B8EE-0561019D69A3}.Debug|Any CPU.ActiveCfg = Debug|Any CPU
		{46E068C4-288A-498A-B8EE-0561019D69A3}.Debug|Any CPU.Build.0 = Debug|Any CPU
		{46E068C4-288A-498A-B8EE-0561019D69A3}.Release|Any CPU.ActiveCfg = Release|Any CPU
		{46E068C4-288A-498A-B8EE-0561019D69A3}.Release|Any CPU.Build.0 = Release|Any CPU
		{12F433BF-BA98-4E99-9CC7-F00F31508F83}.Debug|Any CPU.ActiveCfg = Debug|Any CPU
		{12F433BF-BA98-4E99-9CC7-F00F31508F83}.Debug|Any CPU.Build.0 = Debug|Any CPU
		{12F433BF-BA98-4E99-9CC7-F00F31508F83}.Release|Any CPU.ActiveCfg = Release|Any CPU
		{12F433BF-BA98-4E99-9CC7-F00F31508F83}.Release|Any CPU.Build.0 = Release|Any CPU
		{E2C3BBFA-9882-4DD1-9027-7C8B44A1C947}.Debug|Any CPU.ActiveCfg = Debug|Any CPU
		{E2C3BBFA-9882-4DD1-9027-7C8B44A1C947}.Debug|Any CPU.Build.0 = Debug|Any CPU
		{E2C3BBFA-9882-4DD1-9027-7C8B44A1C947}.Release|Any CPU.ActiveCfg = Release|Any CPU
		{E2C3BBFA-9882-4DD1-9027-7C8B44A1C947}.Release|Any CPU.Build.0 = Release|Any CPU
		{1C9ED315-F7BD-4DC7-9E15-9B1FD45AA598}.Debug|Any CPU.ActiveCfg = Debug|Any CPU
		{1C9ED315-F7BD-4DC7-9E15-9B1FD45AA598}.Debug|Any CPU.Build.0 = Debug|Any CPU
		{1C9ED315-F7BD-4DC7-9E15-9B1FD45AA598}.Release|Any CPU.ActiveCfg = Release|Any CPU
		{1C9ED315-F7BD-4DC7-9E15-9B1FD45AA598}.Release|Any CPU.Build.0 = Release|Any CPU
		{EDB54C40-4065-441E-ADB6-AA63F4B3A383}.Debug|Any CPU.ActiveCfg = Debug|Any CPU
		{EDB54C40-4065-441E-ADB6-AA63F4B3A383}.Debug|Any CPU.Build.0 = Debug|Any CPU
		{EDB54C40-4065-441E-ADB6-AA63F4B3A383}.Release|Any CPU.ActiveCfg = Release|Any CPU
		{EDB54C40-4065-441E-ADB6-AA63F4B3A383}.Release|Any CPU.Build.0 = Release|Any CPU
		{C2BE332D-B9A4-49B0-995F-BDAE6FCB8C3E}.Debug|Any CPU.ActiveCfg = Debug|Any CPU
		{C2BE332D-B9A4-49B0-995F-BDAE6FCB8C3E}.Debug|Any CPU.Build.0 = Debug|Any CPU
		{C2BE332D-B9A4-49B0-995F-BDAE6FCB8C3E}.Release|Any CPU.ActiveCfg = Release|Any CPU
		{C2BE332D-B9A4-49B0-995F-BDAE6FCB8C3E}.Release|Any CPU.Build.0 = Release|Any CPU
		{618F1597-8E62-4036-9D7B-A10B0D01D08B}.Debug|Any CPU.ActiveCfg = Debug|Any CPU
		{618F1597-8E62-4036-9D7B-A10B0D01D08B}.Debug|Any CPU.Build.0 = Debug|Any CPU
		{618F1597-8E62-4036-9D7B-A10B0D01D08B}.Release|Any CPU.ActiveCfg = Release|Any CPU
		{618F1597-8E62-4036-9D7B-A10B0D01D08B}.Release|Any CPU.Build.0 = Release|Any CPU
		{271716FC-2739-414A-8B9F-28CA536CAB70}.Debug|Any CPU.ActiveCfg = Debug|Any CPU
		{271716FC-2739-414A-8B9F-28CA536CAB70}.Debug|Any CPU.Build.0 = Debug|Any CPU
		{271716FC-2739-414A-8B9F-28CA536CAB70}.Release|Any CPU.ActiveCfg = Release|Any CPU
		{271716FC-2739-414A-8B9F-28CA536CAB70}.Release|Any CPU.Build.0 = Release|Any CPU
		{BCD2C06E-891E-45E6-A77C-10C3568C4992}.Debug|Any CPU.ActiveCfg = Debug|Any CPU
		{BCD2C06E-891E-45E6-A77C-10C3568C4992}.Debug|Any CPU.Build.0 = Debug|Any CPU
		{BCD2C06E-891E-45E6-A77C-10C3568C4992}.Release|Any CPU.ActiveCfg = Release|Any CPU
		{BCD2C06E-891E-45E6-A77C-10C3568C4992}.Release|Any CPU.Build.0 = Release|Any CPU
		{270585D9-981F-4446-94ED-21DF65B8402C}.Debug|Any CPU.ActiveCfg = Debug|Any CPU
		{270585D9-981F-4446-94ED-21DF65B8402C}.Debug|Any CPU.Build.0 = Debug|Any CPU
		{270585D9-981F-4446-94ED-21DF65B8402C}.Release|Any CPU.ActiveCfg = Release|Any CPU
		{270585D9-981F-4446-94ED-21DF65B8402C}.Release|Any CPU.Build.0 = Release|Any CPU
		{86635DBC-9598-4D99-A299-EFB3C585AB3A}.Debug|Any CPU.ActiveCfg = Debug|Any CPU
		{86635DBC-9598-4D99-A299-EFB3C585AB3A}.Debug|Any CPU.Build.0 = Debug|Any CPU
		{86635DBC-9598-4D99-A299-EFB3C585AB3A}.Release|Any CPU.ActiveCfg = Release|Any CPU
		{86635DBC-9598-4D99-A299-EFB3C585AB3A}.Release|Any CPU.Build.0 = Release|Any CPU
	EndGlobalSection
	GlobalSection(NestedProjects) = preSolution
		{DC265AD1-2023-42E4-9175-B4E77C580229} = {09744DEB-E5FD-4577-AAC8-138BB8AB9DAD}
		{46E068C4-288A-498A-B8EE-0561019D69A3} = {09744DEB-E5FD-4577-AAC8-138BB8AB9DAD}
		{12F433BF-BA98-4E99-9CC7-F00F31508F83} = {09744DEB-E5FD-4577-AAC8-138BB8AB9DAD}
		{F847C76F-4EFD-493E-ACDE-311927D8D972} = {09744DEB-E5FD-4577-AAC8-138BB8AB9DAD}
		{E2C3BBFA-9882-4DD1-9027-7C8B44A1C947} = {F847C76F-4EFD-493E-ACDE-311927D8D972}
		{1C9ED315-F7BD-4DC7-9E15-9B1FD45AA598} = {F847C76F-4EFD-493E-ACDE-311927D8D972}
		{EDB54C40-4065-441E-ADB6-AA63F4B3A383} = {F847C76F-4EFD-493E-ACDE-311927D8D972}
		{C2BE332D-B9A4-49B0-995F-BDAE6FCB8C3E} = {F847C76F-4EFD-493E-ACDE-311927D8D972}
		{5CBBF89F-E58B-438A-AF43-659D4952B290} = {3B1F3022-5ED8-4050-8F51-0FD17C37183E}
		{618F1597-8E62-4036-9D7B-A10B0D01D08B} = {5CBBF89F-E58B-438A-AF43-659D4952B290}
		{271716FC-2739-414A-8B9F-28CA536CAB70} = {5CBBF89F-E58B-438A-AF43-659D4952B290}
		{BCD2C06E-891E-45E6-A77C-10C3568C4992} = {5CBBF89F-E58B-438A-AF43-659D4952B290}
		{270585D9-981F-4446-94ED-21DF65B8402C} = {5CBBF89F-E58B-438A-AF43-659D4952B290}
		{86635DBC-9598-4D99-A299-EFB3C585AB3A} = {3B1F3022-5ED8-4050-8F51-0FD17C37183E}
	EndGlobalSection
EndGlobal
