
Microsoft Visual Studio Solution File, Format Version 12.00
# Visual Studio Version 17
VisualStudioVersion = 17.0.31903.59
MinimumVisualStudioVersion = 10.0.40219.1
Project("{2150E333-8FDC-42A3-9474-1A3956D46DE8}") = "src", "src", "{757F08A9-BCA8-46B4-AF28-432DC0426B40}"
EndProject
Project("{FAE04EC0-301F-11D3-BF4B-00C04F79EFBC}") = "Haworks.BuildingBlocks", "src\BuildingBlocks\Haworks.BuildingBlocks.csproj", "{2EFB924E-4457-4950-9BD3-1355D8BB8824}"
EndProject
Project("{FAE04EC0-301F-11D3-BF4B-00C04F79EFBC}") = "Haworks.Contracts", "src\Contracts\Haworks.Contracts.csproj", "{4D193212-3EFD-4617-9E0E-890130ACB425}"
EndProject
Project("{FAE04EC0-301F-11D3-BF4B-00C04F79EFBC}") = "Haworks.BuildingBlocks.Testing", "src\BuildingBlocks.Testing\Haworks.BuildingBlocks.Testing.csproj", "{4A37552B-4BC8-4580-8979-669F660740DC}"
EndProject
Project("{2150E333-8FDC-42A3-9474-1A3956D46DE8}") = "Payments", "Payments", "{C8161D3D-3FE3-4DFB-BF08-35735E663691}"
EndProject
Project("{FAE04EC0-301F-11D3-BF4B-00C04F79EFBC}") = "Payments.Domain", "src\Payments\Payments.Domain\Payments.Domain.csproj", "{045218F1-DDAD-4767-8C80-0572AB28D5C5}"
EndProject
Project("{FAE04EC0-301F-11D3-BF4B-00C04F79EFBC}") = "Payments.Infrastructure", "src\Payments\Payments.Infrastructure\Payments.Infrastructure.csproj", "{6921FEDC-217A-428A-BC9C-15483A90FBE0}"
EndProject
Project("{FAE04EC0-301F-11D3-BF4B-00C04F79EFBC}") = "Payments.Api", "src\Payments\Payments.Api\Payments.Api.csproj", "{4EE46617-0803-44F6-A7BD-12E1D8CC44DD}"
EndProject
Project("{FAE04EC0-301F-11D3-BF4B-00C04F79EFBC}") = "Payments.Application", "src\Payments\Payments.Application\Payments.Application.csproj", "{517205C2-8F37-42E6-9772-86FBCBC6AB52}"
EndProject
Project("{2150E333-8FDC-42A3-9474-1A3956D46DE8}") = "tests", "tests", "{E15D94D1-F6FF-434C-9174-A82904EE2E29}"
EndProject
Project("{2150E333-8FDC-42A3-9474-1A3956D46DE8}") = "Payments", "Payments", "{C8711033-FB39-4073-AD72-189DEAE7F89A}"
EndProject
Project("{FAE04EC0-301F-11D3-BF4B-00C04F79EFBC}") = "Payments.Contract", "tests\Payments\Payments.Contract\Payments.Contract.csproj", "{62327804-F485-40D1-936D-42E59EB20321}"
EndProject
Project("{FAE04EC0-301F-11D3-BF4B-00C04F79EFBC}") = "Payments.Unit", "tests\Payments\Payments.Unit\Payments.Unit.csproj", "{19353C1D-18E0-447A-9E24-25C914E5721E}"
EndProject
Project("{FAE04EC0-301F-11D3-BF4B-00C04F79EFBC}") = "Payments.Architecture", "tests\Payments\Payments.Architecture\Payments.Architecture.csproj", "{A3DF42DB-9E6B-4FA8-9523-762240FB6B92}"
EndProject
Project("{FAE04EC0-301F-11D3-BF4B-00C04F79EFBC}") = "Payments.Integration", "tests\Payments\Payments.Integration\Payments.Integration.csproj", "{4086FEBA-A6F2-4E75-AFDC-67E0AF44C706}"
EndProject
Project("{FAE04EC0-301F-11D3-BF4B-00C04F79EFBC}") = "Payments.Contract", "tests\Payments.Contract\Payments.Contract.csproj", "{0B7321E0-5A85-4512-8325-35B08F16D8EA}"
EndProject
Project("{FAE04EC0-301F-11D3-BF4B-00C04F79EFBC}") = "Platform.ArchitecturalGuards", "tests\Platform.ArchitecturalGuards\Platform.ArchitecturalGuards.csproj", "{1D3AAC00-4D7B-4691-B162-A67DDEC50018}"
EndProject
Global
	GlobalSection(SolutionConfigurationPlatforms) = preSolution
		Debug|Any CPU = Debug|Any CPU
		Release|Any CPU = Release|Any CPU
	EndGlobalSection
	GlobalSection(SolutionProperties) = preSolution
		HideSolutionNode = FALSE
	EndGlobalSection
	GlobalSection(ProjectConfigurationPlatforms) = postSolution
		{2EFB924E-4457-4950-9BD3-1355D8BB8824}.Debug|Any CPU.ActiveCfg = Debug|Any CPU
		{2EFB924E-4457-4950-9BD3-1355D8BB8824}.Debug|Any CPU.Build.0 = Debug|Any CPU
		{2EFB924E-4457-4950-9BD3-1355D8BB8824}.Release|Any CPU.ActiveCfg = Release|Any CPU
		{2EFB924E-4457-4950-9BD3-1355D8BB8824}.Release|Any CPU.Build.0 = Release|Any CPU
		{4D193212-3EFD-4617-9E0E-890130ACB425}.Debug|Any CPU.ActiveCfg = Debug|Any CPU
		{4D193212-3EFD-4617-9E0E-890130ACB425}.Debug|Any CPU.Build.0 = Debug|Any CPU
		{4D193212-3EFD-4617-9E0E-890130ACB425}.Release|Any CPU.ActiveCfg = Release|Any CPU
		{4D193212-3EFD-4617-9E0E-890130ACB425}.Release|Any CPU.Build.0 = Release|Any CPU
		{4A37552B-4BC8-4580-8979-669F660740DC}.Debug|Any CPU.ActiveCfg = Debug|Any CPU
		{4A37552B-4BC8-4580-8979-669F660740DC}.Debug|Any CPU.Build.0 = Debug|Any CPU
		{4A37552B-4BC8-4580-8979-669F660740DC}.Release|Any CPU.ActiveCfg = Release|Any CPU
		{4A37552B-4BC8-4580-8979-669F660740DC}.Release|Any CPU.Build.0 = Release|Any CPU
		{045218F1-DDAD-4767-8C80-0572AB28D5C5}.Debug|Any CPU.ActiveCfg = Debug|Any CPU
		{045218F1-DDAD-4767-8C80-0572AB28D5C5}.Debug|Any CPU.Build.0 = Debug|Any CPU
		{045218F1-DDAD-4767-8C80-0572AB28D5C5}.Release|Any CPU.ActiveCfg = Release|Any CPU
		{045218F1-DDAD-4767-8C80-0572AB28D5C5}.Release|Any CPU.Build.0 = Release|Any CPU
		{6921FEDC-217A-428A-BC9C-15483A90FBE0}.Debug|Any CPU.ActiveCfg = Debug|Any CPU
		{6921FEDC-217A-428A-BC9C-15483A90FBE0}.Debug|Any CPU.Build.0 = Debug|Any CPU
		{6921FEDC-217A-428A-BC9C-15483A90FBE0}.Release|Any CPU.ActiveCfg = Release|Any CPU
		{6921FEDC-217A-428A-BC9C-15483A90FBE0}.Release|Any CPU.Build.0 = Release|Any CPU
		{4EE46617-0803-44F6-A7BD-12E1D8CC44DD}.Debug|Any CPU.ActiveCfg = Debug|Any CPU
		{4EE46617-0803-44F6-A7BD-12E1D8CC44DD}.Debug|Any CPU.Build.0 = Debug|Any CPU
		{4EE46617-0803-44F6-A7BD-12E1D8CC44DD}.Release|Any CPU.ActiveCfg = Release|Any CPU
		{4EE46617-0803-44F6-A7BD-12E1D8CC44DD}.Release|Any CPU.Build.0 = Release|Any CPU
		{517205C2-8F37-42E6-9772-86FBCBC6AB52}.Debug|Any CPU.ActiveCfg = Debug|Any CPU
		{517205C2-8F37-42E6-9772-86FBCBC6AB52}.Debug|Any CPU.Build.0 = Debug|Any CPU
		{517205C2-8F37-42E6-9772-86FBCBC6AB52}.Release|Any CPU.ActiveCfg = Release|Any CPU
		{517205C2-8F37-42E6-9772-86FBCBC6AB52}.Release|Any CPU.Build.0 = Release|Any CPU
		{62327804-F485-40D1-936D-42E59EB20321}.Debug|Any CPU.ActiveCfg = Debug|Any CPU
		{62327804-F485-40D1-936D-42E59EB20321}.Debug|Any CPU.Build.0 = Debug|Any CPU
		{62327804-F485-40D1-936D-42E59EB20321}.Release|Any CPU.ActiveCfg = Release|Any CPU
		{62327804-F485-40D1-936D-42E59EB20321}.Release|Any CPU.Build.0 = Release|Any CPU
		{19353C1D-18E0-447A-9E24-25C914E5721E}.Debug|Any CPU.ActiveCfg = Debug|Any CPU
		{19353C1D-18E0-447A-9E24-25C914E5721E}.Debug|Any CPU.Build.0 = Debug|Any CPU
		{19353C1D-18E0-447A-9E24-25C914E5721E}.Release|Any CPU.ActiveCfg = Release|Any CPU
		{19353C1D-18E0-447A-9E24-25C914E5721E}.Release|Any CPU.Build.0 = Release|Any CPU
		{A3DF42DB-9E6B-4FA8-9523-762240FB6B92}.Debug|Any CPU.ActiveCfg = Debug|Any CPU
		{A3DF42DB-9E6B-4FA8-9523-762240FB6B92}.Debug|Any CPU.Build.0 = Debug|Any CPU
		{A3DF42DB-9E6B-4FA8-9523-762240FB6B92}.Release|Any CPU.ActiveCfg = Release|Any CPU
		{A3DF42DB-9E6B-4FA8-9523-762240FB6B92}.Release|Any CPU.Build.0 = Release|Any CPU
		{4086FEBA-A6F2-4E75-AFDC-67E0AF44C706}.Debug|Any CPU.ActiveCfg = Debug|Any CPU
		{4086FEBA-A6F2-4E75-AFDC-67E0AF44C706}.Debug|Any CPU.Build.0 = Debug|Any CPU
		{4086FEBA-A6F2-4E75-AFDC-67E0AF44C706}.Release|Any CPU.ActiveCfg = Release|Any CPU
		{4086FEBA-A6F2-4E75-AFDC-67E0AF44C706}.Release|Any CPU.Build.0 = Release|Any CPU
		{0B7321E0-5A85-4512-8325-35B08F16D8EA}.Debug|Any CPU.ActiveCfg = Debug|Any CPU
		{0B7321E0-5A85-4512-8325-35B08F16D8EA}.Debug|Any CPU.Build.0 = Debug|Any CPU
		{0B7321E0-5A85-4512-8325-35B08F16D8EA}.Release|Any CPU.ActiveCfg = Release|Any CPU
		{0B7321E0-5A85-4512-8325-35B08F16D8EA}.Release|Any CPU.Build.0 = Release|Any CPU
		{1D3AAC00-4D7B-4691-B162-A67DDEC50018}.Debug|Any CPU.ActiveCfg = Debug|Any CPU
		{1D3AAC00-4D7B-4691-B162-A67DDEC50018}.Debug|Any CPU.Build.0 = Debug|Any CPU
		{1D3AAC00-4D7B-4691-B162-A67DDEC50018}.Release|Any CPU.ActiveCfg = Release|Any CPU
		{1D3AAC00-4D7B-4691-B162-A67DDEC50018}.Release|Any CPU.Build.0 = Release|Any CPU
	EndGlobalSection
	GlobalSection(NestedProjects) = preSolution
		{2EFB924E-4457-4950-9BD3-1355D8BB8824} = {757F08A9-BCA8-46B4-AF28-432DC0426B40}
		{4D193212-3EFD-4617-9E0E-890130ACB425} = {757F08A9-BCA8-46B4-AF28-432DC0426B40}
		{4A37552B-4BC8-4580-8979-669F660740DC} = {757F08A9-BCA8-46B4-AF28-432DC0426B40}
		{C8161D3D-3FE3-4DFB-BF08-35735E663691} = {757F08A9-BCA8-46B4-AF28-432DC0426B40}
		{045218F1-DDAD-4767-8C80-0572AB28D5C5} = {C8161D3D-3FE3-4DFB-BF08-35735E663691}
		{6921FEDC-217A-428A-BC9C-15483A90FBE0} = {C8161D3D-3FE3-4DFB-BF08-35735E663691}
		{4EE46617-0803-44F6-A7BD-12E1D8CC44DD} = {C8161D3D-3FE3-4DFB-BF08-35735E663691}
		{517205C2-8F37-42E6-9772-86FBCBC6AB52} = {C8161D3D-3FE3-4DFB-BF08-35735E663691}
		{C8711033-FB39-4073-AD72-189DEAE7F89A} = {E15D94D1-F6FF-434C-9174-A82904EE2E29}
		{62327804-F485-40D1-936D-42E59EB20321} = {C8711033-FB39-4073-AD72-189DEAE7F89A}
		{19353C1D-18E0-447A-9E24-25C914E5721E} = {C8711033-FB39-4073-AD72-189DEAE7F89A}
		{A3DF42DB-9E6B-4FA8-9523-762240FB6B92} = {C8711033-FB39-4073-AD72-189DEAE7F89A}
		{4086FEBA-A6F2-4E75-AFDC-67E0AF44C706} = {C8711033-FB39-4073-AD72-189DEAE7F89A}
		{0B7321E0-5A85-4512-8325-35B08F16D8EA} = {E15D94D1-F6FF-434C-9174-A82904EE2E29}
		{1D3AAC00-4D7B-4691-B162-A67DDEC50018} = {E15D94D1-F6FF-434C-9174-A82904EE2E29}
	EndGlobalSection
EndGlobal
