
Microsoft Visual Studio Solution File, Format Version 12.00
# Visual Studio Version 17
VisualStudioVersion = 17.0.31903.59
MinimumVisualStudioVersion = 10.0.40219.1
Project("{2150E333-8FDC-42A3-9474-1A3956D46DE8}") = "src", "src", "{A30FAB7F-CA2A-4A0A-8725-200068931D06}"
EndProject
Project("{FAE04EC0-301F-11D3-BF4B-00C04F79EFBC}") = "Haworks.BuildingBlocks", "src\BuildingBlocks\Haworks.BuildingBlocks.csproj", "{D0C481AA-0059-4C60-8A27-748979AD3F00}"
EndProject
Project("{FAE04EC0-301F-11D3-BF4B-00C04F79EFBC}") = "Haworks.Contracts", "src\Contracts\Haworks.Contracts.csproj", "{E3E71B73-3719-45C5-A3E3-DC2E4A196AB1}"
EndProject
Project("{FAE04EC0-301F-11D3-BF4B-00C04F79EFBC}") = "Haworks.BuildingBlocks.Testing", "src\BuildingBlocks.Testing\Haworks.BuildingBlocks.Testing.csproj", "{3C37F251-C3B9-459F-B1D6-142BE40FE384}"
EndProject
Project("{2150E333-8FDC-42A3-9474-1A3956D46DE8}") = "Payouts", "Payouts", "{B3F72D7A-F3B8-4B1B-BC39-62319C38EABA}"
EndProject
Project("{FAE04EC0-301F-11D3-BF4B-00C04F79EFBC}") = "Payouts.Infrastructure", "src\Payouts\Payouts.Infrastructure\Payouts.Infrastructure.csproj", "{47895EEC-8311-4E61-9446-3120FB9B6303}"
EndProject
Project("{FAE04EC0-301F-11D3-BF4B-00C04F79EFBC}") = "Payouts.Application", "src\Payouts\Payouts.Application\Payouts.Application.csproj", "{2C2DE299-2814-4E2D-AE84-A9E73F695A52}"
EndProject
Project("{FAE04EC0-301F-11D3-BF4B-00C04F79EFBC}") = "Payouts.Domain", "src\Payouts\Payouts.Domain\Payouts.Domain.csproj", "{0321F2D4-FE76-47E7-9307-D9402110EE68}"
EndProject
Project("{FAE04EC0-301F-11D3-BF4B-00C04F79EFBC}") = "Payouts.Api", "src\Payouts\Payouts.Api\Payouts.Api.csproj", "{2BE39A55-CB22-4DB2-A872-A96BF7F3CC55}"
EndProject
Project("{2150E333-8FDC-42A3-9474-1A3956D46DE8}") = "tests", "tests", "{7712AA9A-91FB-424A-BF2A-DE7FFE132343}"
EndProject
Project("{FAE04EC0-301F-11D3-BF4B-00C04F79EFBC}") = "Payouts.Unit", "tests\Payouts.Unit\Payouts.Unit.csproj", "{B6DCD4FC-B852-41E3-8CBF-874D4CB5A744}"
EndProject
Project("{FAE04EC0-301F-11D3-BF4B-00C04F79EFBC}") = "Payouts.Integration", "tests\Payouts.Integration\Payouts.Integration.csproj", "{F85BECB8-4CDF-4C7C-9738-1BDBC4F0757F}"
EndProject
Project("{FAE04EC0-301F-11D3-BF4B-00C04F79EFBC}") = "Payouts.Architecture", "tests\Payouts.Architecture\Payouts.Architecture.csproj", "{26EDEFDB-E5C6-4198-ACD4-157F02A8C656}"
EndProject
Project("{FAE04EC0-301F-11D3-BF4B-00C04F79EFBC}") = "Platform.ArchitecturalGuards", "tests\Platform.ArchitecturalGuards\Platform.ArchitecturalGuards.csproj", "{BAD4A768-4490-4DB3-ABFF-162DB806FE78}"
EndProject
Global
	GlobalSection(SolutionConfigurationPlatforms) = preSolution
		Debug|Any CPU = Debug|Any CPU
		Release|Any CPU = Release|Any CPU
	EndGlobalSection
	GlobalSection(SolutionProperties) = preSolution
		HideSolutionNode = FALSE
	EndGlobalSection
	GlobalSection(ProjectConfigurationPlatforms) = postSolution
		{D0C481AA-0059-4C60-8A27-748979AD3F00}.Debug|Any CPU.ActiveCfg = Debug|Any CPU
		{D0C481AA-0059-4C60-8A27-748979AD3F00}.Debug|Any CPU.Build.0 = Debug|Any CPU
		{D0C481AA-0059-4C60-8A27-748979AD3F00}.Release|Any CPU.ActiveCfg = Release|Any CPU
		{D0C481AA-0059-4C60-8A27-748979AD3F00}.Release|Any CPU.Build.0 = Release|Any CPU
		{E3E71B73-3719-45C5-A3E3-DC2E4A196AB1}.Debug|Any CPU.ActiveCfg = Debug|Any CPU
		{E3E71B73-3719-45C5-A3E3-DC2E4A196AB1}.Debug|Any CPU.Build.0 = Debug|Any CPU
		{E3E71B73-3719-45C5-A3E3-DC2E4A196AB1}.Release|Any CPU.ActiveCfg = Release|Any CPU
		{E3E71B73-3719-45C5-A3E3-DC2E4A196AB1}.Release|Any CPU.Build.0 = Release|Any CPU
		{3C37F251-C3B9-459F-B1D6-142BE40FE384}.Debug|Any CPU.ActiveCfg = Debug|Any CPU
		{3C37F251-C3B9-459F-B1D6-142BE40FE384}.Debug|Any CPU.Build.0 = Debug|Any CPU
		{3C37F251-C3B9-459F-B1D6-142BE40FE384}.Release|Any CPU.ActiveCfg = Release|Any CPU
		{3C37F251-C3B9-459F-B1D6-142BE40FE384}.Release|Any CPU.Build.0 = Release|Any CPU
		{47895EEC-8311-4E61-9446-3120FB9B6303}.Debug|Any CPU.ActiveCfg = Debug|Any CPU
		{47895EEC-8311-4E61-9446-3120FB9B6303}.Debug|Any CPU.Build.0 = Debug|Any CPU
		{47895EEC-8311-4E61-9446-3120FB9B6303}.Release|Any CPU.ActiveCfg = Release|Any CPU
		{47895EEC-8311-4E61-9446-3120FB9B6303}.Release|Any CPU.Build.0 = Release|Any CPU
		{2C2DE299-2814-4E2D-AE84-A9E73F695A52}.Debug|Any CPU.ActiveCfg = Debug|Any CPU
		{2C2DE299-2814-4E2D-AE84-A9E73F695A52}.Debug|Any CPU.Build.0 = Debug|Any CPU
		{2C2DE299-2814-4E2D-AE84-A9E73F695A52}.Release|Any CPU.ActiveCfg = Release|Any CPU
		{2C2DE299-2814-4E2D-AE84-A9E73F695A52}.Release|Any CPU.Build.0 = Release|Any CPU
		{0321F2D4-FE76-47E7-9307-D9402110EE68}.Debug|Any CPU.ActiveCfg = Debug|Any CPU
		{0321F2D4-FE76-47E7-9307-D9402110EE68}.Debug|Any CPU.Build.0 = Debug|Any CPU
		{0321F2D4-FE76-47E7-9307-D9402110EE68}.Release|Any CPU.ActiveCfg = Release|Any CPU
		{0321F2D4-FE76-47E7-9307-D9402110EE68}.Release|Any CPU.Build.0 = Release|Any CPU
		{2BE39A55-CB22-4DB2-A872-A96BF7F3CC55}.Debug|Any CPU.ActiveCfg = Debug|Any CPU
		{2BE39A55-CB22-4DB2-A872-A96BF7F3CC55}.Debug|Any CPU.Build.0 = Debug|Any CPU
		{2BE39A55-CB22-4DB2-A872-A96BF7F3CC55}.Release|Any CPU.ActiveCfg = Release|Any CPU
		{2BE39A55-CB22-4DB2-A872-A96BF7F3CC55}.Release|Any CPU.Build.0 = Release|Any CPU
		{B6DCD4FC-B852-41E3-8CBF-874D4CB5A744}.Debug|Any CPU.ActiveCfg = Debug|Any CPU
		{B6DCD4FC-B852-41E3-8CBF-874D4CB5A744}.Debug|Any CPU.Build.0 = Debug|Any CPU
		{B6DCD4FC-B852-41E3-8CBF-874D4CB5A744}.Release|Any CPU.ActiveCfg = Release|Any CPU
		{B6DCD4FC-B852-41E3-8CBF-874D4CB5A744}.Release|Any CPU.Build.0 = Release|Any CPU
		{F85BECB8-4CDF-4C7C-9738-1BDBC4F0757F}.Debug|Any CPU.ActiveCfg = Debug|Any CPU
		{F85BECB8-4CDF-4C7C-9738-1BDBC4F0757F}.Debug|Any CPU.Build.0 = Debug|Any CPU
		{F85BECB8-4CDF-4C7C-9738-1BDBC4F0757F}.Release|Any CPU.ActiveCfg = Release|Any CPU
		{F85BECB8-4CDF-4C7C-9738-1BDBC4F0757F}.Release|Any CPU.Build.0 = Release|Any CPU
		{26EDEFDB-E5C6-4198-ACD4-157F02A8C656}.Debug|Any CPU.ActiveCfg = Debug|Any CPU
		{26EDEFDB-E5C6-4198-ACD4-157F02A8C656}.Debug|Any CPU.Build.0 = Debug|Any CPU
		{26EDEFDB-E5C6-4198-ACD4-157F02A8C656}.Release|Any CPU.ActiveCfg = Release|Any CPU
		{26EDEFDB-E5C6-4198-ACD4-157F02A8C656}.Release|Any CPU.Build.0 = Release|Any CPU
		{BAD4A768-4490-4DB3-ABFF-162DB806FE78}.Debug|Any CPU.ActiveCfg = Debug|Any CPU
		{BAD4A768-4490-4DB3-ABFF-162DB806FE78}.Debug|Any CPU.Build.0 = Debug|Any CPU
		{BAD4A768-4490-4DB3-ABFF-162DB806FE78}.Release|Any CPU.ActiveCfg = Release|Any CPU
		{BAD4A768-4490-4DB3-ABFF-162DB806FE78}.Release|Any CPU.Build.0 = Release|Any CPU
	EndGlobalSection
	GlobalSection(NestedProjects) = preSolution
		{D0C481AA-0059-4C60-8A27-748979AD3F00} = {A30FAB7F-CA2A-4A0A-8725-200068931D06}
		{E3E71B73-3719-45C5-A3E3-DC2E4A196AB1} = {A30FAB7F-CA2A-4A0A-8725-200068931D06}
		{3C37F251-C3B9-459F-B1D6-142BE40FE384} = {A30FAB7F-CA2A-4A0A-8725-200068931D06}
		{B3F72D7A-F3B8-4B1B-BC39-62319C38EABA} = {A30FAB7F-CA2A-4A0A-8725-200068931D06}
		{47895EEC-8311-4E61-9446-3120FB9B6303} = {B3F72D7A-F3B8-4B1B-BC39-62319C38EABA}
		{2C2DE299-2814-4E2D-AE84-A9E73F695A52} = {B3F72D7A-F3B8-4B1B-BC39-62319C38EABA}
		{0321F2D4-FE76-47E7-9307-D9402110EE68} = {B3F72D7A-F3B8-4B1B-BC39-62319C38EABA}
		{2BE39A55-CB22-4DB2-A872-A96BF7F3CC55} = {B3F72D7A-F3B8-4B1B-BC39-62319C38EABA}
		{B6DCD4FC-B852-41E3-8CBF-874D4CB5A744} = {7712AA9A-91FB-424A-BF2A-DE7FFE132343}
		{F85BECB8-4CDF-4C7C-9738-1BDBC4F0757F} = {7712AA9A-91FB-424A-BF2A-DE7FFE132343}
		{26EDEFDB-E5C6-4198-ACD4-157F02A8C656} = {7712AA9A-91FB-424A-BF2A-DE7FFE132343}
		{BAD4A768-4490-4DB3-ABFF-162DB806FE78} = {7712AA9A-91FB-424A-BF2A-DE7FFE132343}
	EndGlobalSection
EndGlobal
