
Microsoft Visual Studio Solution File, Format Version 12.00
# Visual Studio Version 17
VisualStudioVersion = 17.0.31903.59
MinimumVisualStudioVersion = 10.0.40219.1
Project("{2150E333-8FDC-42A3-9474-1A3956D46DE8}") = "src", "src", "{C51CC0F2-6AF9-4C28-B3F8-ECF54E2C99A5}"
EndProject
Project("{FAE04EC0-301F-11D3-BF4B-00C04F79EFBC}") = "Haworks.BuildingBlocks", "src\BuildingBlocks\Haworks.BuildingBlocks.csproj", "{416911E0-2B08-445E-819A-3231253EFE71}"
EndProject
Project("{FAE04EC0-301F-11D3-BF4B-00C04F79EFBC}") = "Haworks.Contracts", "src\Contracts\Haworks.Contracts.csproj", "{527290E5-26B4-4283-89D7-DBFFD354D102}"
EndProject
Project("{FAE04EC0-301F-11D3-BF4B-00C04F79EFBC}") = "Haworks.BuildingBlocks.Testing", "src\BuildingBlocks.Testing\Haworks.BuildingBlocks.Testing.csproj", "{D17E5DEE-3386-4BE0-83AE-1E0BDF7361C0}"
EndProject
Project("{2150E333-8FDC-42A3-9474-1A3956D46DE8}") = "Privacy", "Privacy", "{1B6221E8-EA53-4930-8764-F6591E7BB5C0}"
EndProject
Project("{FAE04EC0-301F-11D3-BF4B-00C04F79EFBC}") = "Privacy.Infrastructure", "src\Privacy\Privacy.Infrastructure\Privacy.Infrastructure.csproj", "{D0DF6C0E-BC18-41C2-A99A-60967AFAC553}"
EndProject
Project("{FAE04EC0-301F-11D3-BF4B-00C04F79EFBC}") = "Privacy.Domain", "src\Privacy\Privacy.Domain\Privacy.Domain.csproj", "{9BCF17A0-153D-406E-82C4-BCBCB478EFD5}"
EndProject
Project("{FAE04EC0-301F-11D3-BF4B-00C04F79EFBC}") = "Privacy.Api", "src\Privacy\Privacy.Api\Privacy.Api.csproj", "{205C423E-E9D5-490C-9A7B-F605FB1D7D3E}"
EndProject
Project("{FAE04EC0-301F-11D3-BF4B-00C04F79EFBC}") = "Privacy.Application", "src\Privacy\Privacy.Application\Privacy.Application.csproj", "{1E7E18D0-124F-4426-A5C2-6A3B3DD3C9C3}"
EndProject
Project("{2150E333-8FDC-42A3-9474-1A3956D46DE8}") = "tests", "tests", "{DB5679AD-E58D-47F5-9EC2-3B1DF233FB2F}"
EndProject
Project("{FAE04EC0-301F-11D3-BF4B-00C04F79EFBC}") = "Privacy.Unit", "tests\Privacy.Unit\Privacy.Unit.csproj", "{A85FA887-8339-4D05-9167-F081CDD9043C}"
EndProject
Project("{FAE04EC0-301F-11D3-BF4B-00C04F79EFBC}") = "Privacy.Integration", "tests\Privacy.Integration\Privacy.Integration.csproj", "{819F8F37-2F2A-40DA-A802-D3EA428D763E}"
EndProject
Project("{FAE04EC0-301F-11D3-BF4B-00C04F79EFBC}") = "Privacy.Architecture", "tests\Privacy.Architecture\Privacy.Architecture.csproj", "{70E54CB0-4EBC-4956-96AC-BB37C7644341}"
EndProject
Project("{FAE04EC0-301F-11D3-BF4B-00C04F79EFBC}") = "Platform.ArchitecturalGuards", "tests\Platform.ArchitecturalGuards\Platform.ArchitecturalGuards.csproj", "{979B4798-47AB-4942-A2A1-AAD31DFE7F5B}"
EndProject
Global
	GlobalSection(SolutionConfigurationPlatforms) = preSolution
		Debug|Any CPU = Debug|Any CPU
		Release|Any CPU = Release|Any CPU
	EndGlobalSection
	GlobalSection(SolutionProperties) = preSolution
		HideSolutionNode = FALSE
	EndGlobalSection
	GlobalSection(ProjectConfigurationPlatforms) = postSolution
		{416911E0-2B08-445E-819A-3231253EFE71}.Debug|Any CPU.ActiveCfg = Debug|Any CPU
		{416911E0-2B08-445E-819A-3231253EFE71}.Debug|Any CPU.Build.0 = Debug|Any CPU
		{416911E0-2B08-445E-819A-3231253EFE71}.Release|Any CPU.ActiveCfg = Release|Any CPU
		{416911E0-2B08-445E-819A-3231253EFE71}.Release|Any CPU.Build.0 = Release|Any CPU
		{527290E5-26B4-4283-89D7-DBFFD354D102}.Debug|Any CPU.ActiveCfg = Debug|Any CPU
		{527290E5-26B4-4283-89D7-DBFFD354D102}.Debug|Any CPU.Build.0 = Debug|Any CPU
		{527290E5-26B4-4283-89D7-DBFFD354D102}.Release|Any CPU.ActiveCfg = Release|Any CPU
		{527290E5-26B4-4283-89D7-DBFFD354D102}.Release|Any CPU.Build.0 = Release|Any CPU
		{D17E5DEE-3386-4BE0-83AE-1E0BDF7361C0}.Debug|Any CPU.ActiveCfg = Debug|Any CPU
		{D17E5DEE-3386-4BE0-83AE-1E0BDF7361C0}.Debug|Any CPU.Build.0 = Debug|Any CPU
		{D17E5DEE-3386-4BE0-83AE-1E0BDF7361C0}.Release|Any CPU.ActiveCfg = Release|Any CPU
		{D17E5DEE-3386-4BE0-83AE-1E0BDF7361C0}.Release|Any CPU.Build.0 = Release|Any CPU
		{D0DF6C0E-BC18-41C2-A99A-60967AFAC553}.Debug|Any CPU.ActiveCfg = Debug|Any CPU
		{D0DF6C0E-BC18-41C2-A99A-60967AFAC553}.Debug|Any CPU.Build.0 = Debug|Any CPU
		{D0DF6C0E-BC18-41C2-A99A-60967AFAC553}.Release|Any CPU.ActiveCfg = Release|Any CPU
		{D0DF6C0E-BC18-41C2-A99A-60967AFAC553}.Release|Any CPU.Build.0 = Release|Any CPU
		{9BCF17A0-153D-406E-82C4-BCBCB478EFD5}.Debug|Any CPU.ActiveCfg = Debug|Any CPU
		{9BCF17A0-153D-406E-82C4-BCBCB478EFD5}.Debug|Any CPU.Build.0 = Debug|Any CPU
		{9BCF17A0-153D-406E-82C4-BCBCB478EFD5}.Release|Any CPU.ActiveCfg = Release|Any CPU
		{9BCF17A0-153D-406E-82C4-BCBCB478EFD5}.Release|Any CPU.Build.0 = Release|Any CPU
		{205C423E-E9D5-490C-9A7B-F605FB1D7D3E}.Debug|Any CPU.ActiveCfg = Debug|Any CPU
		{205C423E-E9D5-490C-9A7B-F605FB1D7D3E}.Debug|Any CPU.Build.0 = Debug|Any CPU
		{205C423E-E9D5-490C-9A7B-F605FB1D7D3E}.Release|Any CPU.ActiveCfg = Release|Any CPU
		{205C423E-E9D5-490C-9A7B-F605FB1D7D3E}.Release|Any CPU.Build.0 = Release|Any CPU
		{1E7E18D0-124F-4426-A5C2-6A3B3DD3C9C3}.Debug|Any CPU.ActiveCfg = Debug|Any CPU
		{1E7E18D0-124F-4426-A5C2-6A3B3DD3C9C3}.Debug|Any CPU.Build.0 = Debug|Any CPU
		{1E7E18D0-124F-4426-A5C2-6A3B3DD3C9C3}.Release|Any CPU.ActiveCfg = Release|Any CPU
		{1E7E18D0-124F-4426-A5C2-6A3B3DD3C9C3}.Release|Any CPU.Build.0 = Release|Any CPU
		{A85FA887-8339-4D05-9167-F081CDD9043C}.Debug|Any CPU.ActiveCfg = Debug|Any CPU
		{A85FA887-8339-4D05-9167-F081CDD9043C}.Debug|Any CPU.Build.0 = Debug|Any CPU
		{A85FA887-8339-4D05-9167-F081CDD9043C}.Release|Any CPU.ActiveCfg = Release|Any CPU
		{A85FA887-8339-4D05-9167-F081CDD9043C}.Release|Any CPU.Build.0 = Release|Any CPU
		{819F8F37-2F2A-40DA-A802-D3EA428D763E}.Debug|Any CPU.ActiveCfg = Debug|Any CPU
		{819F8F37-2F2A-40DA-A802-D3EA428D763E}.Debug|Any CPU.Build.0 = Debug|Any CPU
		{819F8F37-2F2A-40DA-A802-D3EA428D763E}.Release|Any CPU.ActiveCfg = Release|Any CPU
		{819F8F37-2F2A-40DA-A802-D3EA428D763E}.Release|Any CPU.Build.0 = Release|Any CPU
		{70E54CB0-4EBC-4956-96AC-BB37C7644341}.Debug|Any CPU.ActiveCfg = Debug|Any CPU
		{70E54CB0-4EBC-4956-96AC-BB37C7644341}.Debug|Any CPU.Build.0 = Debug|Any CPU
		{70E54CB0-4EBC-4956-96AC-BB37C7644341}.Release|Any CPU.ActiveCfg = Release|Any CPU
		{70E54CB0-4EBC-4956-96AC-BB37C7644341}.Release|Any CPU.Build.0 = Release|Any CPU
		{979B4798-47AB-4942-A2A1-AAD31DFE7F5B}.Debug|Any CPU.ActiveCfg = Debug|Any CPU
		{979B4798-47AB-4942-A2A1-AAD31DFE7F5B}.Debug|Any CPU.Build.0 = Debug|Any CPU
		{979B4798-47AB-4942-A2A1-AAD31DFE7F5B}.Release|Any CPU.ActiveCfg = Release|Any CPU
		{979B4798-47AB-4942-A2A1-AAD31DFE7F5B}.Release|Any CPU.Build.0 = Release|Any CPU
	EndGlobalSection
	GlobalSection(NestedProjects) = preSolution
		{416911E0-2B08-445E-819A-3231253EFE71} = {C51CC0F2-6AF9-4C28-B3F8-ECF54E2C99A5}
		{527290E5-26B4-4283-89D7-DBFFD354D102} = {C51CC0F2-6AF9-4C28-B3F8-ECF54E2C99A5}
		{D17E5DEE-3386-4BE0-83AE-1E0BDF7361C0} = {C51CC0F2-6AF9-4C28-B3F8-ECF54E2C99A5}
		{1B6221E8-EA53-4930-8764-F6591E7BB5C0} = {C51CC0F2-6AF9-4C28-B3F8-ECF54E2C99A5}
		{D0DF6C0E-BC18-41C2-A99A-60967AFAC553} = {1B6221E8-EA53-4930-8764-F6591E7BB5C0}
		{9BCF17A0-153D-406E-82C4-BCBCB478EFD5} = {1B6221E8-EA53-4930-8764-F6591E7BB5C0}
		{205C423E-E9D5-490C-9A7B-F605FB1D7D3E} = {1B6221E8-EA53-4930-8764-F6591E7BB5C0}
		{1E7E18D0-124F-4426-A5C2-6A3B3DD3C9C3} = {1B6221E8-EA53-4930-8764-F6591E7BB5C0}
		{A85FA887-8339-4D05-9167-F081CDD9043C} = {DB5679AD-E58D-47F5-9EC2-3B1DF233FB2F}
		{819F8F37-2F2A-40DA-A802-D3EA428D763E} = {DB5679AD-E58D-47F5-9EC2-3B1DF233FB2F}
		{70E54CB0-4EBC-4956-96AC-BB37C7644341} = {DB5679AD-E58D-47F5-9EC2-3B1DF233FB2F}
		{979B4798-47AB-4942-A2A1-AAD31DFE7F5B} = {DB5679AD-E58D-47F5-9EC2-3B1DF233FB2F}
	EndGlobalSection
EndGlobal
