
Microsoft Visual Studio Solution File, Format Version 12.00
# Visual Studio Version 17
VisualStudioVersion = 17.0.31903.59
MinimumVisualStudioVersion = 10.0.40219.1
Project("{2150E333-8FDC-42A3-9474-1A3956D46DE8}") = "src", "src", "{81D1DAA7-F563-4D34-BAE8-77402363E6A1}"
EndProject
Project("{FAE04EC0-301F-11D3-BF4B-00C04F79EFBC}") = "Haworks.Contracts", "src\Contracts\Haworks.Contracts.csproj", "{23B043A5-6779-4B57-A099-89423BAC9399}"
EndProject
Project("{FAE04EC0-301F-11D3-BF4B-00C04F79EFBC}") = "Haworks.BuildingBlocks", "src\BuildingBlocks\Haworks.BuildingBlocks.csproj", "{E30D2DF8-305C-4D1B-8AF9-EB03F6F29DDD}"
EndProject
Project("{FAE04EC0-301F-11D3-BF4B-00C04F79EFBC}") = "Haworks.BuildingBlocks.Testing", "src\BuildingBlocks.Testing\Haworks.BuildingBlocks.Testing.csproj", "{CC0127EC-A0F1-4CB9-9DBB-DCF5179AD272}"
EndProject
Project("{2150E333-8FDC-42A3-9474-1A3956D46DE8}") = "deploy", "deploy", "{5BFEE26C-AF67-4CDD-A765-2A260F697B0E}"
EndProject
Project("{FAE04EC0-301F-11D3-BF4B-00C04F79EFBC}") = "RitualworksPlatform.AppHost", "deploy\aspire\RitualworksPlatform.AppHost.csproj", "{FF0FD29F-F9FA-482C-AC7B-1B891DE8E174}"
EndProject
Project("{2150E333-8FDC-42A3-9474-1A3956D46DE8}") = "Identity", "Identity", "{9DD20F2A-6DB3-43AA-A3B3-02CD47D4B5F2}"
EndProject
Project("{FAE04EC0-301F-11D3-BF4B-00C04F79EFBC}") = "Identity.Domain", "src\Identity\Identity.Domain\Identity.Domain.csproj", "{DB206749-C797-43BE-88D1-4A9E3714B1F2}"
EndProject
Project("{FAE04EC0-301F-11D3-BF4B-00C04F79EFBC}") = "Identity.Application", "src\Identity\Identity.Application\Identity.Application.csproj", "{9A41EBF3-0964-4145-8C37-5E4156423501}"
EndProject
Project("{FAE04EC0-301F-11D3-BF4B-00C04F79EFBC}") = "Identity.Infrastructure", "src\Identity\Identity.Infrastructure\Identity.Infrastructure.csproj", "{AAD6D481-79BC-47A7-95B0-9DF92C3C7264}"
EndProject
Project("{FAE04EC0-301F-11D3-BF4B-00C04F79EFBC}") = "Identity.Api", "src\Identity\Identity.Api\Identity.Api.csproj", "{3065DBB6-0E92-4E59-993B-604C805DA11F}"
EndProject
Project("{2150E333-8FDC-42A3-9474-1A3956D46DE8}") = "tests", "tests", "{8D0D9A2A-1FBD-4D8E-A96F-A417C12FC09F}"
EndProject
Project("{FAE04EC0-301F-11D3-BF4B-00C04F79EFBC}") = "Identity.Architecture", "tests\Identity.Architecture\Identity.Architecture.csproj", "{494F5A1B-6E31-4F79-9DE2-24532CDDDA7F}"
EndProject
Project("{FAE04EC0-301F-11D3-BF4B-00C04F79EFBC}") = "Identity.Integration", "tests\Identity.Integration\Identity.Integration.csproj", "{2C4BD481-D58C-4A5D-9BF3-ED2C99E5BAB1}"
EndProject
Project("{FAE04EC0-301F-11D3-BF4B-00C04F79EFBC}") = "Identity.Contract", "tests\Identity.Contract\Identity.Contract.csproj", "{B125B6B1-18B1-4382-9274-A6C411A66BFB}"
EndProject
Project("{FAE04EC0-301F-11D3-BF4B-00C04F79EFBC}") = "Identity.Unit", "tests\Identity.Unit\Identity.Unit.csproj", "{A051C8FF-3B82-41DE-9D15-0CBCE0FE02C4}"
EndProject
Project("{2150E333-8FDC-42A3-9474-1A3956D46DE8}") = "Catalog", "Catalog", "{6C0F790A-76BE-4369-870D-2DB939F0F210}"
EndProject
Project("{FAE04EC0-301F-11D3-BF4B-00C04F79EFBC}") = "Catalog.Domain", "src\Catalog\Catalog.Domain\Catalog.Domain.csproj", "{6114DB9C-2797-461C-A3BD-B3B5EBD991DF}"
EndProject
Project("{FAE04EC0-301F-11D3-BF4B-00C04F79EFBC}") = "Catalog.Application", "src\Catalog\Catalog.Application\Catalog.Application.csproj", "{130791D7-47C7-4438-935E-1E39765BBEB0}"
EndProject
Project("{FAE04EC0-301F-11D3-BF4B-00C04F79EFBC}") = "Catalog.Infrastructure", "src\Catalog\Catalog.Infrastructure\Catalog.Infrastructure.csproj", "{D7805D15-2B84-43EE-97B5-FBB98BAD68AD}"
EndProject
Project("{FAE04EC0-301F-11D3-BF4B-00C04F79EFBC}") = "Catalog.Api", "src\Catalog\Catalog.Api\Catalog.Api.csproj", "{7052E5F7-C5B7-4E9C-82F5-0BB2820FA0C5}"
EndProject
Project("{2150E333-8FDC-42A3-9474-1A3956D46DE8}") = "Content", "Content", "{6F53CA74-0D7A-4B00-A469-23830E5C4ED9}"
EndProject
Project("{FAE04EC0-301F-11D3-BF4B-00C04F79EFBC}") = "Content.Domain", "src\Content\Content.Domain\Content.Domain.csproj", "{9B769E1D-F39E-478F-BD4A-68CFACE3555E}"
EndProject
Project("{FAE04EC0-301F-11D3-BF4B-00C04F79EFBC}") = "Content.Application", "src\Content\Content.Application\Content.Application.csproj", "{0BE223E6-0BB6-486C-9D65-32D27B071C01}"
EndProject
Project("{FAE04EC0-301F-11D3-BF4B-00C04F79EFBC}") = "Content.Infrastructure", "src\Content\Content.Infrastructure\Content.Infrastructure.csproj", "{FB431FD8-59DA-4828-959C-D989B1C1F574}"
EndProject
Project("{FAE04EC0-301F-11D3-BF4B-00C04F79EFBC}") = "Content.Api", "src\Content\Content.Api\Content.Api.csproj", "{E499001D-E043-4D49-BF0E-69DC8728EC66}"
EndProject
Project("{FAE04EC0-301F-11D3-BF4B-00C04F79EFBC}") = "Content.Unit", "tests\Content.Unit\Content.Unit.csproj", "{713501B9-F283-4801-B99E-8AA175B8802F}"
EndProject
Project("{FAE04EC0-301F-11D3-BF4B-00C04F79EFBC}") = "Content.Integration", "tests\Content.Integration\Content.Integration.csproj", "{4EE83C1D-7745-47FE-8D85-A520075FA254}"
EndProject
Project("{FAE04EC0-301F-11D3-BF4B-00C04F79EFBC}") = "Catalog.Architecture", "tests\Catalog.Architecture\Catalog.Architecture.csproj", "{A22C0E74-7398-400E-AB89-B68B66073C1E}"
EndProject
Project("{FAE04EC0-301F-11D3-BF4B-00C04F79EFBC}") = "Catalog.Integration", "tests\Catalog.Integration\Catalog.Integration.csproj", "{1DC4BD63-7295-4C9D-806C-079A274439B5}"
EndProject
Project("{FAE04EC0-301F-11D3-BF4B-00C04F79EFBC}") = "Catalog.Contract", "tests\Catalog.Contract\Catalog.Contract.csproj", "{82E26126-6433-43F6-B5E7-C8737D114D95}"
EndProject
Project("{FAE04EC0-301F-11D3-BF4B-00C04F79EFBC}") = "Catalog.Unit", "tests\Catalog.Unit\Catalog.Unit.csproj", "{825153E5-65AD-4566-BDA3-6588610988A2}"
EndProject
Project("{FAE04EC0-301F-11D3-BF4B-00C04F79EFBC}") = "Payments.Architecture", "tests\Payments.Architecture\Payments.Architecture.csproj", "{3377BB9F-2D1B-47E4-BEFC-4B3ABA93682D}"
EndProject
Project("{FAE04EC0-301F-11D3-BF4B-00C04F79EFBC}") = "Payments.Unit", "tests\Payments.Unit\Payments.Unit.csproj", "{2AD55CA0-5B4C-4587-A731-2B2F02CFBB53}"
EndProject
Project("{FAE04EC0-301F-11D3-BF4B-00C04F79EFBC}") = "Payments.Integration", "tests\Payments.Integration\Payments.Integration.csproj", "{FF0C7BDD-2CDB-4D47-808E-7228169D30AB}"
EndProject
Project("{FAE04EC0-301F-11D3-BF4B-00C04F79EFBC}") = "Payments.Contract", "tests\Payments.Contract\Payments.Contract.csproj", "{94F40E80-39BE-4E11-813D-9152D1C5BA67}"
EndProject
Project("{FAE04EC0-301F-11D3-BF4B-00C04F79EFBC}") = "Orders.Architecture", "tests\Orders.Architecture\Orders.Architecture.csproj", "{34FBAC75-2826-4FDF-B6F0-0A5820A77B36}"
EndProject
Project("{FAE04EC0-301F-11D3-BF4B-00C04F79EFBC}") = "Orders.Unit", "tests\Orders.Unit\Orders.Unit.csproj", "{18174C54-6836-4E42-B62F-09BB004A5DBA}"
EndProject
Project("{FAE04EC0-301F-11D3-BF4B-00C04F79EFBC}") = "Orders.Contract", "tests\Orders.Contract\Orders.Contract.csproj", "{4F996DCF-3FB5-4B82-B9AC-38AB23482A10}"
EndProject
Project("{FAE04EC0-301F-11D3-BF4B-00C04F79EFBC}") = "Orders.Integration", "tests\Orders.Integration\Orders.Integration.csproj", "{B6887D17-2A27-45E7-8EFF-B8D80E9CC7B9}"
EndProject
Project("{FAE04EC0-301F-11D3-BF4B-00C04F79EFBC}") = "CheckoutOrchestrator.Architecture", "tests\CheckoutOrchestrator.Architecture\CheckoutOrchestrator.Architecture.csproj", "{F62E2F21-697D-4E12-9300-4A5D16BCAF09}"
EndProject
Project("{FAE04EC0-301F-11D3-BF4B-00C04F79EFBC}") = "CheckoutOrchestrator.Integration", "tests\CheckoutOrchestrator.Integration\CheckoutOrchestrator.Integration.csproj", "{278ACF02-ED65-406C-97F5-047441B4193C}"
EndProject
Project("{FAE04EC0-301F-11D3-BF4B-00C04F79EFBC}") = "BffWeb.Architecture", "tests\BffWeb.Architecture\BffWeb.Architecture.csproj", "{32509012-99E9-4CD0-A600-0C373BDE1004}"
EndProject
Project("{FAE04EC0-301F-11D3-BF4B-00C04F79EFBC}") = "BffWeb.Integration", "tests\BffWeb.Integration\BffWeb.Integration.csproj", "{4D0DF63A-3370-436E-AAD4-2A6F381B1F4E}"
EndProject
Project("{FAE04EC0-301F-11D3-BF4B-00C04F79EFBC}") = "BuildingBlocks.Unit", "tests\BuildingBlocks.Unit\BuildingBlocks.Unit.csproj", "{FE2DD535-BD0F-4CC4-BCC4-3DAC8925D461}"
EndProject
Project("{FAE04EC0-301F-11D3-BF4B-00C04F79EFBC}") = "CheckoutOrchestrator.Unit", "tests\CheckoutOrchestrator.Unit\CheckoutOrchestrator.Unit.csproj", "{E0DFB603-17F1-4DE8-9D6B-D50CE4E2430F}"
EndProject
Project("{FAE04EC0-301F-11D3-BF4B-00C04F79EFBC}") = "Smoke", "tests\Smoke\Smoke.csproj", "{03E9B723-3DA2-48D9-94CA-8A5F916BD5D9}"
EndProject
Project("{FAE04EC0-301F-11D3-BF4B-00C04F79EFBC}") = "E2E", "tests\E2E\E2E.csproj", "{6137348C-4CE2-494D-BAAC-7A1A2030C565}"
EndProject
Project("{2150E333-8FDC-42A3-9474-1A3956D46DE8}") = "Search", "Search", "{AB45AA58-BBFE-4084-929F-532636F00B26}"
EndProject
Project("{FAE04EC0-301F-11D3-BF4B-00C04F79EFBC}") = "Search.Domain", "src\Search\Search.Domain\Search.Domain.csproj", "{9F9E26F8-9656-4C2A-B89B-30AC8B0A3C79}"
EndProject
Project("{FAE04EC0-301F-11D3-BF4B-00C04F79EFBC}") = "Search.Application", "src\Search\Search.Application\Search.Application.csproj", "{98B51B4A-C944-492C-A548-1E4ED8B4DDB0}"
EndProject
Project("{FAE04EC0-301F-11D3-BF4B-00C04F79EFBC}") = "Search.Infrastructure", "src\Search\Search.Infrastructure\Search.Infrastructure.csproj", "{F7E984AD-A60A-458C-A883-0980631767EE}"
EndProject
Project("{FAE04EC0-301F-11D3-BF4B-00C04F79EFBC}") = "Search.Api", "src\Search\Search.Api\Search.Api.csproj", "{4CB8C946-48D0-45F8-A6EE-700BABD790DD}"
EndProject
Project("{FAE04EC0-301F-11D3-BF4B-00C04F79EFBC}") = "Search.Unit", "tests\Search.Unit\Search.Unit.csproj", "{27701986-1ACC-406D-A388-2D2489D4277A}"
EndProject
Project("{FAE04EC0-301F-11D3-BF4B-00C04F79EFBC}") = "Search.Integration", "tests\Search.Integration\Search.Integration.csproj", "{99343C24-9C31-4058-95D7-C0DCE811BA31}"
EndProject
Project("{FAE04EC0-301F-11D3-BF4B-00C04F79EFBC}") = "BuildingBlocks.Tests", "tests\BuildingBlocks.Tests\BuildingBlocks.Tests.csproj", "{873FA0EA-7950-40A5-BAE5-2B409250342B}"
EndProject
Global
	GlobalSection(SolutionConfigurationPlatforms) = preSolution
		Debug|Any CPU = Debug|Any CPU
		Release|Any CPU = Release|Any CPU
	EndGlobalSection
	GlobalSection(SolutionProperties) = preSolution
		HideSolutionNode = FALSE
	EndGlobalSection
	GlobalSection(ProjectConfigurationPlatforms) = postSolution
		{23B043A5-6779-4B57-A099-89423BAC9399}.Debug|Any CPU.ActiveCfg = Debug|Any CPU
		{23B043A5-6779-4B57-A099-89423BAC9399}.Debug|Any CPU.Build.0 = Debug|Any CPU
		{23B043A5-6779-4B57-A099-89423BAC9399}.Release|Any CPU.ActiveCfg = Release|Any CPU
		{23B043A5-6779-4B57-A099-89423BAC9399}.Release|Any CPU.Build.0 = Release|Any CPU
		{E30D2DF8-305C-4D1B-8AF9-EB03F6F29DDD}.Debug|Any CPU.ActiveCfg = Debug|Any CPU
		{E30D2DF8-305C-4D1B-8AF9-EB03F6F29DDD}.Debug|Any CPU.Build.0 = Debug|Any CPU
		{E30D2DF8-305C-4D1B-8AF9-EB03F6F29DDD}.Release|Any CPU.ActiveCfg = Release|Any CPU
		{E30D2DF8-305C-4D1B-8AF9-EB03F6F29DDD}.Release|Any CPU.Build.0 = Release|Any CPU
		{CC0127EC-A0F1-4CB9-9DBB-DCF5179AD272}.Debug|Any CPU.ActiveCfg = Debug|Any CPU
		{CC0127EC-A0F1-4CB9-9DBB-DCF5179AD272}.Debug|Any CPU.Build.0 = Debug|Any CPU
		{CC0127EC-A0F1-4CB9-9DBB-DCF5179AD272}.Release|Any CPU.ActiveCfg = Release|Any CPU
		{CC0127EC-A0F1-4CB9-9DBB-DCF5179AD272}.Release|Any CPU.Build.0 = Release|Any CPU
		{FF0FD29F-F9FA-482C-AC7B-1B891DE8E174}.Debug|Any CPU.ActiveCfg = Debug|Any CPU
		{FF0FD29F-F9FA-482C-AC7B-1B891DE8E174}.Debug|Any CPU.Build.0 = Debug|Any CPU
		{FF0FD29F-F9FA-482C-AC7B-1B891DE8E174}.Release|Any CPU.ActiveCfg = Release|Any CPU
		{FF0FD29F-F9FA-482C-AC7B-1B891DE8E174}.Release|Any CPU.Build.0 = Release|Any CPU
		{DB206749-C797-43BE-88D1-4A9E3714B1F2}.Debug|Any CPU.ActiveCfg = Debug|Any CPU
		{DB206749-C797-43BE-88D1-4A9E3714B1F2}.Debug|Any CPU.Build.0 = Debug|Any CPU
		{DB206749-C797-43BE-88D1-4A9E3714B1F2}.Release|Any CPU.ActiveCfg = Release|Any CPU
		{DB206749-C797-43BE-88D1-4A9E3714B1F2}.Release|Any CPU.Build.0 = Release|Any CPU
		{9A41EBF3-0964-4145-8C37-5E4156423501}.Debug|Any CPU.ActiveCfg = Debug|Any CPU
		{9A41EBF3-0964-4145-8C37-5E4156423501}.Debug|Any CPU.Build.0 = Debug|Any CPU
		{9A41EBF3-0964-4145-8C37-5E4156423501}.Release|Any CPU.ActiveCfg = Release|Any CPU
		{9A41EBF3-0964-4145-8C37-5E4156423501}.Release|Any CPU.Build.0 = Release|Any CPU
		{AAD6D481-79BC-47A7-95B0-9DF92C3C7264}.Debug|Any CPU.ActiveCfg = Debug|Any CPU
		{AAD6D481-79BC-47A7-95B0-9DF92C3C7264}.Debug|Any CPU.Build.0 = Debug|Any CPU
		{AAD6D481-79BC-47A7-95B0-9DF92C3C7264}.Release|Any CPU.ActiveCfg = Release|Any CPU
		{AAD6D481-79BC-47A7-95B0-9DF92C3C7264}.Release|Any CPU.Build.0 = Release|Any CPU
		{3065DBB6-0E92-4E59-993B-604C805DA11F}.Debug|Any CPU.ActiveCfg = Debug|Any CPU
		{3065DBB6-0E92-4E59-993B-604C805DA11F}.Debug|Any CPU.Build.0 = Debug|Any CPU
		{3065DBB6-0E92-4E59-993B-604C805DA11F}.Release|Any CPU.ActiveCfg = Release|Any CPU
		{3065DBB6-0E92-4E59-993B-604C805DA11F}.Release|Any CPU.Build.0 = Release|Any CPU
		{494F5A1B-6E31-4F79-9DE2-24532CDDDA7F}.Debug|Any CPU.ActiveCfg = Debug|Any CPU
		{494F5A1B-6E31-4F79-9DE2-24532CDDDA7F}.Debug|Any CPU.Build.0 = Debug|Any CPU
		{494F5A1B-6E31-4F79-9DE2-24532CDDDA7F}.Release|Any CPU.ActiveCfg = Release|Any CPU
		{494F5A1B-6E31-4F79-9DE2-24532CDDDA7F}.Release|Any CPU.Build.0 = Release|Any CPU
		{2C4BD481-D58C-4A5D-9BF3-ED2C99E5BAB1}.Debug|Any CPU.ActiveCfg = Debug|Any CPU
		{2C4BD481-D58C-4A5D-9BF3-ED2C99E5BAB1}.Debug|Any CPU.Build.0 = Debug|Any CPU
		{2C4BD481-D58C-4A5D-9BF3-ED2C99E5BAB1}.Release|Any CPU.ActiveCfg = Release|Any CPU
		{2C4BD481-D58C-4A5D-9BF3-ED2C99E5BAB1}.Release|Any CPU.Build.0 = Release|Any CPU
		{B125B6B1-18B1-4382-9274-A6C411A66BFB}.Debug|Any CPU.ActiveCfg = Debug|Any CPU
		{B125B6B1-18B1-4382-9274-A6C411A66BFB}.Debug|Any CPU.Build.0 = Debug|Any CPU
		{B125B6B1-18B1-4382-9274-A6C411A66BFB}.Release|Any CPU.ActiveCfg = Release|Any CPU
		{B125B6B1-18B1-4382-9274-A6C411A66BFB}.Release|Any CPU.Build.0 = Release|Any CPU
		{A051C8FF-3B82-41DE-9D15-0CBCE0FE02C4}.Debug|Any CPU.ActiveCfg = Debug|Any CPU
		{A051C8FF-3B82-41DE-9D15-0CBCE0FE02C4}.Debug|Any CPU.Build.0 = Debug|Any CPU
		{A051C8FF-3B82-41DE-9D15-0CBCE0FE02C4}.Release|Any CPU.ActiveCfg = Release|Any CPU
		{A051C8FF-3B82-41DE-9D15-0CBCE0FE02C4}.Release|Any CPU.Build.0 = Release|Any CPU
		{6114DB9C-2797-461C-A3BD-B3B5EBD991DF}.Debug|Any CPU.ActiveCfg = Debug|Any CPU
		{6114DB9C-2797-461C-A3BD-B3B5EBD991DF}.Debug|Any CPU.Build.0 = Debug|Any CPU
		{6114DB9C-2797-461C-A3BD-B3B5EBD991DF}.Release|Any CPU.ActiveCfg = Release|Any CPU
		{6114DB9C-2797-461C-A3BD-B3B5EBD991DF}.Release|Any CPU.Build.0 = Release|Any CPU
		{130791D7-47C7-4438-935E-1E39765BBEB0}.Debug|Any CPU.ActiveCfg = Debug|Any CPU
		{130791D7-47C7-4438-935E-1E39765BBEB0}.Debug|Any CPU.Build.0 = Debug|Any CPU
		{130791D7-47C7-4438-935E-1E39765BBEB0}.Release|Any CPU.ActiveCfg = Release|Any CPU
		{130791D7-47C7-4438-935E-1E39765BBEB0}.Release|Any CPU.Build.0 = Release|Any CPU
		{D7805D15-2B84-43EE-97B5-FBB98BAD68AD}.Debug|Any CPU.ActiveCfg = Debug|Any CPU
		{D7805D15-2B84-43EE-97B5-FBB98BAD68AD}.Debug|Any CPU.Build.0 = Debug|Any CPU
		{D7805D15-2B84-43EE-97B5-FBB98BAD68AD}.Release|Any CPU.ActiveCfg = Release|Any CPU
		{D7805D15-2B84-43EE-97B5-FBB98BAD68AD}.Release|Any CPU.Build.0 = Release|Any CPU
		{7052E5F7-C5B7-4E9C-82F5-0BB2820FA0C5}.Debug|Any CPU.ActiveCfg = Debug|Any CPU
		{7052E5F7-C5B7-4E9C-82F5-0BB2820FA0C5}.Debug|Any CPU.Build.0 = Debug|Any CPU
		{7052E5F7-C5B7-4E9C-82F5-0BB2820FA0C5}.Release|Any CPU.ActiveCfg = Release|Any CPU
		{7052E5F7-C5B7-4E9C-82F5-0BB2820FA0C5}.Release|Any CPU.Build.0 = Release|Any CPU
		{9B769E1D-F39E-478F-BD4A-68CFACE3555E}.Debug|Any CPU.ActiveCfg = Debug|Any CPU
		{9B769E1D-F39E-478F-BD4A-68CFACE3555E}.Debug|Any CPU.Build.0 = Debug|Any CPU
		{9B769E1D-F39E-478F-BD4A-68CFACE3555E}.Release|Any CPU.ActiveCfg = Release|Any CPU
		{9B769E1D-F39E-478F-BD4A-68CFACE3555E}.Release|Any CPU.Build.0 = Release|Any CPU
		{0BE223E6-0BB6-486C-9D65-32D27B071C01}.Debug|Any CPU.ActiveCfg = Debug|Any CPU
		{0BE223E6-0BB6-486C-9D65-32D27B071C01}.Debug|Any CPU.Build.0 = Debug|Any CPU
		{0BE223E6-0BB6-486C-9D65-32D27B071C01}.Release|Any CPU.ActiveCfg = Release|Any CPU
		{0BE223E6-0BB6-486C-9D65-32D27B071C01}.Release|Any CPU.Build.0 = Release|Any CPU
		{FB431FD8-59DA-4828-959C-D989B1C1F574}.Debug|Any CPU.ActiveCfg = Debug|Any CPU
		{FB431FD8-59DA-4828-959C-D989B1C1F574}.Debug|Any CPU.Build.0 = Debug|Any CPU
		{FB431FD8-59DA-4828-959C-D989B1C1F574}.Release|Any CPU.ActiveCfg = Release|Any CPU
		{FB431FD8-59DA-4828-959C-D989B1C1F574}.Release|Any CPU.Build.0 = Release|Any CPU
		{E499001D-E043-4D49-BF0E-69DC8728EC66}.Debug|Any CPU.ActiveCfg = Debug|Any CPU
		{E499001D-E043-4D49-BF0E-69DC8728EC66}.Debug|Any CPU.Build.0 = Debug|Any CPU
		{E499001D-E043-4D49-BF0E-69DC8728EC66}.Release|Any CPU.ActiveCfg = Release|Any CPU
		{E499001D-E043-4D49-BF0E-69DC8728EC66}.Release|Any CPU.Build.0 = Release|Any CPU
		{713501B9-F283-4801-B99E-8AA175B8802F}.Debug|Any CPU.ActiveCfg = Debug|Any CPU
		{713501B9-F283-4801-B99E-8AA175B8802F}.Debug|Any CPU.Build.0 = Debug|Any CPU
		{713501B9-F283-4801-B99E-8AA175B8802F}.Release|Any CPU.ActiveCfg = Release|Any CPU
		{713501B9-F283-4801-B99E-8AA175B8802F}.Release|Any CPU.Build.0 = Release|Any CPU
		{4EE83C1D-7745-47FE-8D85-A520075FA254}.Debug|Any CPU.ActiveCfg = Debug|Any CPU
		{4EE83C1D-7745-47FE-8D85-A520075FA254}.Debug|Any CPU.Build.0 = Debug|Any CPU
		{4EE83C1D-7745-47FE-8D85-A520075FA254}.Release|Any CPU.ActiveCfg = Release|Any CPU
		{4EE83C1D-7745-47FE-8D85-A520075FA254}.Release|Any CPU.Build.0 = Release|Any CPU
		{A22C0E74-7398-400E-AB89-B68B66073C1E}.Debug|Any CPU.ActiveCfg = Debug|Any CPU
		{A22C0E74-7398-400E-AB89-B68B66073C1E}.Debug|Any CPU.Build.0 = Debug|Any CPU
		{A22C0E74-7398-400E-AB89-B68B66073C1E}.Release|Any CPU.ActiveCfg = Release|Any CPU
		{A22C0E74-7398-400E-AB89-B68B66073C1E}.Release|Any CPU.Build.0 = Release|Any CPU
		{1DC4BD63-7295-4C9D-806C-079A274439B5}.Debug|Any CPU.ActiveCfg = Debug|Any CPU
		{1DC4BD63-7295-4C9D-806C-079A274439B5}.Debug|Any CPU.Build.0 = Debug|Any CPU
		{1DC4BD63-7295-4C9D-806C-079A274439B5}.Release|Any CPU.ActiveCfg = Release|Any CPU
		{1DC4BD63-7295-4C9D-806C-079A274439B5}.Release|Any CPU.Build.0 = Release|Any CPU
		{82E26126-6433-43F6-B5E7-C8737D114D95}.Debug|Any CPU.ActiveCfg = Debug|Any CPU
		{82E26126-6433-43F6-B5E7-C8737D114D95}.Debug|Any CPU.Build.0 = Debug|Any CPU
		{82E26126-6433-43F6-B5E7-C8737D114D95}.Release|Any CPU.ActiveCfg = Release|Any CPU
		{82E26126-6433-43F6-B5E7-C8737D114D95}.Release|Any CPU.Build.0 = Release|Any CPU
		{825153E5-65AD-4566-BDA3-6588610988A2}.Debug|Any CPU.ActiveCfg = Debug|Any CPU
		{825153E5-65AD-4566-BDA3-6588610988A2}.Debug|Any CPU.Build.0 = Debug|Any CPU
		{825153E5-65AD-4566-BDA3-6588610988A2}.Release|Any CPU.ActiveCfg = Release|Any CPU
		{825153E5-65AD-4566-BDA3-6588610988A2}.Release|Any CPU.Build.0 = Release|Any CPU
		{3377BB9F-2D1B-47E4-BEFC-4B3ABA93682D}.Debug|Any CPU.ActiveCfg = Debug|Any CPU
		{3377BB9F-2D1B-47E4-BEFC-4B3ABA93682D}.Debug|Any CPU.Build.0 = Debug|Any CPU
		{3377BB9F-2D1B-47E4-BEFC-4B3ABA93682D}.Release|Any CPU.ActiveCfg = Release|Any CPU
		{3377BB9F-2D1B-47E4-BEFC-4B3ABA93682D}.Release|Any CPU.Build.0 = Release|Any CPU
		{2AD55CA0-5B4C-4587-A731-2B2F02CFBB53}.Debug|Any CPU.ActiveCfg = Debug|Any CPU
		{2AD55CA0-5B4C-4587-A731-2B2F02CFBB53}.Debug|Any CPU.Build.0 = Debug|Any CPU
		{2AD55CA0-5B4C-4587-A731-2B2F02CFBB53}.Release|Any CPU.ActiveCfg = Release|Any CPU
		{2AD55CA0-5B4C-4587-A731-2B2F02CFBB53}.Release|Any CPU.Build.0 = Release|Any CPU
		{FF0C7BDD-2CDB-4D47-808E-7228169D30AB}.Debug|Any CPU.ActiveCfg = Debug|Any CPU
		{FF0C7BDD-2CDB-4D47-808E-7228169D30AB}.Debug|Any CPU.Build.0 = Debug|Any CPU
		{FF0C7BDD-2CDB-4D47-808E-7228169D30AB}.Release|Any CPU.ActiveCfg = Release|Any CPU
		{FF0C7BDD-2CDB-4D47-808E-7228169D30AB}.Release|Any CPU.Build.0 = Release|Any CPU
		{94F40E80-39BE-4E11-813D-9152D1C5BA67}.Debug|Any CPU.ActiveCfg = Debug|Any CPU
		{94F40E80-39BE-4E11-813D-9152D1C5BA67}.Debug|Any CPU.Build.0 = Debug|Any CPU
		{94F40E80-39BE-4E11-813D-9152D1C5BA67}.Release|Any CPU.ActiveCfg = Release|Any CPU
		{94F40E80-39BE-4E11-813D-9152D1C5BA67}.Release|Any CPU.Build.0 = Release|Any CPU
		{34FBAC75-2826-4FDF-B6F0-0A5820A77B36}.Debug|Any CPU.ActiveCfg = Debug|Any CPU
		{34FBAC75-2826-4FDF-B6F0-0A5820A77B36}.Debug|Any CPU.Build.0 = Debug|Any CPU
		{34FBAC75-2826-4FDF-B6F0-0A5820A77B36}.Release|Any CPU.ActiveCfg = Release|Any CPU
		{34FBAC75-2826-4FDF-B6F0-0A5820A77B36}.Release|Any CPU.Build.0 = Release|Any CPU
		{18174C54-6836-4E42-B62F-09BB004A5DBA}.Debug|Any CPU.ActiveCfg = Debug|Any CPU
		{18174C54-6836-4E42-B62F-09BB004A5DBA}.Debug|Any CPU.Build.0 = Debug|Any CPU
		{18174C54-6836-4E42-B62F-09BB004A5DBA}.Release|Any CPU.ActiveCfg = Release|Any CPU
		{18174C54-6836-4E42-B62F-09BB004A5DBA}.Release|Any CPU.Build.0 = Release|Any CPU
		{4F996DCF-3FB5-4B82-B9AC-38AB23482A10}.Debug|Any CPU.ActiveCfg = Debug|Any CPU
		{4F996DCF-3FB5-4B82-B9AC-38AB23482A10}.Debug|Any CPU.Build.0 = Debug|Any CPU
		{4F996DCF-3FB5-4B82-B9AC-38AB23482A10}.Release|Any CPU.ActiveCfg = Release|Any CPU
		{4F996DCF-3FB5-4B82-B9AC-38AB23482A10}.Release|Any CPU.Build.0 = Release|Any CPU
		{B6887D17-2A27-45E7-8EFF-B8D80E9CC7B9}.Debug|Any CPU.ActiveCfg = Debug|Any CPU
		{B6887D17-2A27-45E7-8EFF-B8D80E9CC7B9}.Debug|Any CPU.Build.0 = Debug|Any CPU
		{B6887D17-2A27-45E7-8EFF-B8D80E9CC7B9}.Release|Any CPU.ActiveCfg = Release|Any CPU
		{B6887D17-2A27-45E7-8EFF-B8D80E9CC7B9}.Release|Any CPU.Build.0 = Release|Any CPU
		{F62E2F21-697D-4E12-9300-4A5D16BCAF09}.Debug|Any CPU.ActiveCfg = Debug|Any CPU
		{F62E2F21-697D-4E12-9300-4A5D16BCAF09}.Debug|Any CPU.Build.0 = Debug|Any CPU
		{F62E2F21-697D-4E12-9300-4A5D16BCAF09}.Release|Any CPU.ActiveCfg = Release|Any CPU
		{F62E2F21-697D-4E12-9300-4A5D16BCAF09}.Release|Any CPU.Build.0 = Release|Any CPU
		{278ACF02-ED65-406C-97F5-047441B4193C}.Debug|Any CPU.ActiveCfg = Debug|Any CPU
		{278ACF02-ED65-406C-97F5-047441B4193C}.Debug|Any CPU.Build.0 = Debug|Any CPU
		{278ACF02-ED65-406C-97F5-047441B4193C}.Release|Any CPU.ActiveCfg = Release|Any CPU
		{278ACF02-ED65-406C-97F5-047441B4193C}.Release|Any CPU.Build.0 = Release|Any CPU
		{32509012-99E9-4CD0-A600-0C373BDE1004}.Debug|Any CPU.ActiveCfg = Debug|Any CPU
		{32509012-99E9-4CD0-A600-0C373BDE1004}.Debug|Any CPU.Build.0 = Debug|Any CPU
		{32509012-99E9-4CD0-A600-0C373BDE1004}.Release|Any CPU.ActiveCfg = Release|Any CPU
		{32509012-99E9-4CD0-A600-0C373BDE1004}.Release|Any CPU.Build.0 = Release|Any CPU
		{4D0DF63A-3370-436E-AAD4-2A6F381B1F4E}.Debug|Any CPU.ActiveCfg = Debug|Any CPU
		{4D0DF63A-3370-436E-AAD4-2A6F381B1F4E}.Debug|Any CPU.Build.0 = Debug|Any CPU
		{4D0DF63A-3370-436E-AAD4-2A6F381B1F4E}.Release|Any CPU.ActiveCfg = Release|Any CPU
		{4D0DF63A-3370-436E-AAD4-2A6F381B1F4E}.Release|Any CPU.Build.0 = Release|Any CPU
		{FE2DD535-BD0F-4CC4-BCC4-3DAC8925D461}.Debug|Any CPU.ActiveCfg = Debug|Any CPU
		{FE2DD535-BD0F-4CC4-BCC4-3DAC8925D461}.Debug|Any CPU.Build.0 = Debug|Any CPU
		{FE2DD535-BD0F-4CC4-BCC4-3DAC8925D461}.Release|Any CPU.ActiveCfg = Release|Any CPU
		{FE2DD535-BD0F-4CC4-BCC4-3DAC8925D461}.Release|Any CPU.Build.0 = Release|Any CPU
		{E0DFB603-17F1-4DE8-9D6B-D50CE4E2430F}.Debug|Any CPU.ActiveCfg = Debug|Any CPU
		{E0DFB603-17F1-4DE8-9D6B-D50CE4E2430F}.Debug|Any CPU.Build.0 = Debug|Any CPU
		{E0DFB603-17F1-4DE8-9D6B-D50CE4E2430F}.Release|Any CPU.ActiveCfg = Release|Any CPU
		{E0DFB603-17F1-4DE8-9D6B-D50CE4E2430F}.Release|Any CPU.Build.0 = Release|Any CPU
		{03E9B723-3DA2-48D9-94CA-8A5F916BD5D9}.Debug|Any CPU.ActiveCfg = Debug|Any CPU
		{03E9B723-3DA2-48D9-94CA-8A5F916BD5D9}.Debug|Any CPU.Build.0 = Debug|Any CPU
		{03E9B723-3DA2-48D9-94CA-8A5F916BD5D9}.Release|Any CPU.ActiveCfg = Release|Any CPU
		{03E9B723-3DA2-48D9-94CA-8A5F916BD5D9}.Release|Any CPU.Build.0 = Release|Any CPU
		{6137348C-4CE2-494D-BAAC-7A1A2030C565}.Debug|Any CPU.ActiveCfg = Debug|Any CPU
		{6137348C-4CE2-494D-BAAC-7A1A2030C565}.Debug|Any CPU.Build.0 = Debug|Any CPU
		{6137348C-4CE2-494D-BAAC-7A1A2030C565}.Release|Any CPU.ActiveCfg = Release|Any CPU
		{6137348C-4CE2-494D-BAAC-7A1A2030C565}.Release|Any CPU.Build.0 = Release|Any CPU
		{9F9E26F8-9656-4C2A-B89B-30AC8B0A3C79}.Debug|Any CPU.ActiveCfg = Debug|Any CPU
		{9F9E26F8-9656-4C2A-B89B-30AC8B0A3C79}.Debug|Any CPU.Build.0 = Debug|Any CPU
		{9F9E26F8-9656-4C2A-B89B-30AC8B0A3C79}.Release|Any CPU.ActiveCfg = Release|Any CPU
		{9F9E26F8-9656-4C2A-B89B-30AC8B0A3C79}.Release|Any CPU.Build.0 = Release|Any CPU
		{98B51B4A-C944-492C-A548-1E4ED8B4DDB0}.Debug|Any CPU.ActiveCfg = Debug|Any CPU
		{98B51B4A-C944-492C-A548-1E4ED8B4DDB0}.Debug|Any CPU.Build.0 = Debug|Any CPU
		{98B51B4A-C944-492C-A548-1E4ED8B4DDB0}.Release|Any CPU.ActiveCfg = Release|Any CPU
		{98B51B4A-C944-492C-A548-1E4ED8B4DDB0}.Release|Any CPU.Build.0 = Release|Any CPU
		{F7E984AD-A60A-458C-A883-0980631767EE}.Debug|Any CPU.ActiveCfg = Debug|Any CPU
		{F7E984AD-A60A-458C-A883-0980631767EE}.Debug|Any CPU.Build.0 = Debug|Any CPU
		{F7E984AD-A60A-458C-A883-0980631767EE}.Release|Any CPU.ActiveCfg = Release|Any CPU
		{F7E984AD-A60A-458C-A883-0980631767EE}.Release|Any CPU.Build.0 = Release|Any CPU
		{4CB8C946-48D0-45F8-A6EE-700BABD790DD}.Debug|Any CPU.ActiveCfg = Debug|Any CPU
		{4CB8C946-48D0-45F8-A6EE-700BABD790DD}.Debug|Any CPU.Build.0 = Debug|Any CPU
		{4CB8C946-48D0-45F8-A6EE-700BABD790DD}.Release|Any CPU.ActiveCfg = Release|Any CPU
		{4CB8C946-48D0-45F8-A6EE-700BABD790DD}.Release|Any CPU.Build.0 = Release|Any CPU
		{27701986-1ACC-406D-A388-2D2489D4277A}.Debug|Any CPU.ActiveCfg = Debug|Any CPU
		{27701986-1ACC-406D-A388-2D2489D4277A}.Debug|Any CPU.Build.0 = Debug|Any CPU
		{27701986-1ACC-406D-A388-2D2489D4277A}.Release|Any CPU.ActiveCfg = Release|Any CPU
		{27701986-1ACC-406D-A388-2D2489D4277A}.Release|Any CPU.Build.0 = Release|Any CPU
		{99343C24-9C31-4058-95D7-C0DCE811BA31}.Debug|Any CPU.ActiveCfg = Debug|Any CPU
		{99343C24-9C31-4058-95D7-C0DCE811BA31}.Debug|Any CPU.Build.0 = Debug|Any CPU
		{99343C24-9C31-4058-95D7-C0DCE811BA31}.Release|Any CPU.ActiveCfg = Release|Any CPU
		{99343C24-9C31-4058-95D7-C0DCE811BA31}.Release|Any CPU.Build.0 = Release|Any CPU
		{873FA0EA-7950-40A5-BAE5-2B409250342B}.Debug|Any CPU.ActiveCfg = Debug|Any CPU
		{873FA0EA-7950-40A5-BAE5-2B409250342B}.Debug|Any CPU.Build.0 = Debug|Any CPU
		{873FA0EA-7950-40A5-BAE5-2B409250342B}.Release|Any CPU.ActiveCfg = Release|Any CPU
		{873FA0EA-7950-40A5-BAE5-2B409250342B}.Release|Any CPU.Build.0 = Release|Any CPU
	EndGlobalSection
	GlobalSection(NestedProjects) = preSolution
		{23B043A5-6779-4B57-A099-89423BAC9399} = {81D1DAA7-F563-4D34-BAE8-77402363E6A1}
		{E30D2DF8-305C-4D1B-8AF9-EB03F6F29DDD} = {81D1DAA7-F563-4D34-BAE8-77402363E6A1}
		{CC0127EC-A0F1-4CB9-9DBB-DCF5179AD272} = {81D1DAA7-F563-4D34-BAE8-77402363E6A1}
		{FF0FD29F-F9FA-482C-AC7B-1B891DE8E174} = {5BFEE26C-AF67-4CDD-A765-2A260F697B0E}
		{9DD20F2A-6DB3-43AA-A3B3-02CD47D4B5F2} = {81D1DAA7-F563-4D34-BAE8-77402363E6A1}
		{DB206749-C797-43BE-88D1-4A9E3714B1F2} = {9DD20F2A-6DB3-43AA-A3B3-02CD47D4B5F2}
		{9A41EBF3-0964-4145-8C37-5E4156423501} = {9DD20F2A-6DB3-43AA-A3B3-02CD47D4B5F2}
		{AAD6D481-79BC-47A7-95B0-9DF92C3C7264} = {9DD20F2A-6DB3-43AA-A3B3-02CD47D4B5F2}
		{3065DBB6-0E92-4E59-993B-604C805DA11F} = {9DD20F2A-6DB3-43AA-A3B3-02CD47D4B5F2}
		{494F5A1B-6E31-4F79-9DE2-24532CDDDA7F} = {8D0D9A2A-1FBD-4D8E-A96F-A417C12FC09F}
		{2C4BD481-D58C-4A5D-9BF3-ED2C99E5BAB1} = {8D0D9A2A-1FBD-4D8E-A96F-A417C12FC09F}
		{B125B6B1-18B1-4382-9274-A6C411A66BFB} = {8D0D9A2A-1FBD-4D8E-A96F-A417C12FC09F}
		{A051C8FF-3B82-41DE-9D15-0CBCE0FE02C4} = {8D0D9A2A-1FBD-4D8E-A96F-A417C12FC09F}
		{6C0F790A-76BE-4369-870D-2DB939F0F210} = {81D1DAA7-F563-4D34-BAE8-77402363E6A1}
		{6114DB9C-2797-461C-A3BD-B3B5EBD991DF} = {6C0F790A-76BE-4369-870D-2DB939F0F210}
		{130791D7-47C7-4438-935E-1E39765BBEB0} = {6C0F790A-76BE-4369-870D-2DB939F0F210}
		{D7805D15-2B84-43EE-97B5-FBB98BAD68AD} = {6C0F790A-76BE-4369-870D-2DB939F0F210}
		{7052E5F7-C5B7-4E9C-82F5-0BB2820FA0C5} = {6C0F790A-76BE-4369-870D-2DB939F0F210}
		{6F53CA74-0D7A-4B00-A469-23830E5C4ED9} = {81D1DAA7-F563-4D34-BAE8-77402363E6A1}
		{9B769E1D-F39E-478F-BD4A-68CFACE3555E} = {6F53CA74-0D7A-4B00-A469-23830E5C4ED9}
		{0BE223E6-0BB6-486C-9D65-32D27B071C01} = {6F53CA74-0D7A-4B00-A469-23830E5C4ED9}
		{FB431FD8-59DA-4828-959C-D989B1C1F574} = {6F53CA74-0D7A-4B00-A469-23830E5C4ED9}
		{E499001D-E043-4D49-BF0E-69DC8728EC66} = {6F53CA74-0D7A-4B00-A469-23830E5C4ED9}
		{713501B9-F283-4801-B99E-8AA175B8802F} = {8D0D9A2A-1FBD-4D8E-A96F-A417C12FC09F}
		{4EE83C1D-7745-47FE-8D85-A520075FA254} = {8D0D9A2A-1FBD-4D8E-A96F-A417C12FC09F}
		{A22C0E74-7398-400E-AB89-B68B66073C1E} = {8D0D9A2A-1FBD-4D8E-A96F-A417C12FC09F}
		{1DC4BD63-7295-4C9D-806C-079A274439B5} = {8D0D9A2A-1FBD-4D8E-A96F-A417C12FC09F}
		{82E26126-6433-43F6-B5E7-C8737D114D95} = {8D0D9A2A-1FBD-4D8E-A96F-A417C12FC09F}
		{825153E5-65AD-4566-BDA3-6588610988A2} = {8D0D9A2A-1FBD-4D8E-A96F-A417C12FC09F}
		{3377BB9F-2D1B-47E4-BEFC-4B3ABA93682D} = {8D0D9A2A-1FBD-4D8E-A96F-A417C12FC09F}
		{2AD55CA0-5B4C-4587-A731-2B2F02CFBB53} = {8D0D9A2A-1FBD-4D8E-A96F-A417C12FC09F}
		{FF0C7BDD-2CDB-4D47-808E-7228169D30AB} = {8D0D9A2A-1FBD-4D8E-A96F-A417C12FC09F}
		{94F40E80-39BE-4E11-813D-9152D1C5BA67} = {8D0D9A2A-1FBD-4D8E-A96F-A417C12FC09F}
		{34FBAC75-2826-4FDF-B6F0-0A5820A77B36} = {8D0D9A2A-1FBD-4D8E-A96F-A417C12FC09F}
		{18174C54-6836-4E42-B62F-09BB004A5DBA} = {8D0D9A2A-1FBD-4D8E-A96F-A417C12FC09F}
		{4F996DCF-3FB5-4B82-B9AC-38AB23482A10} = {8D0D9A2A-1FBD-4D8E-A96F-A417C12FC09F}
		{B6887D17-2A27-45E7-8EFF-B8D80E9CC7B9} = {8D0D9A2A-1FBD-4D8E-A96F-A417C12FC09F}
		{F62E2F21-697D-4E12-9300-4A5D16BCAF09} = {8D0D9A2A-1FBD-4D8E-A96F-A417C12FC09F}
		{278ACF02-ED65-406C-97F5-047441B4193C} = {8D0D9A2A-1FBD-4D8E-A96F-A417C12FC09F}
		{32509012-99E9-4CD0-A600-0C373BDE1004} = {8D0D9A2A-1FBD-4D8E-A96F-A417C12FC09F}
		{4D0DF63A-3370-436E-AAD4-2A6F381B1F4E} = {8D0D9A2A-1FBD-4D8E-A96F-A417C12FC09F}
		{FE2DD535-BD0F-4CC4-BCC4-3DAC8925D461} = {8D0D9A2A-1FBD-4D8E-A96F-A417C12FC09F}
		{E0DFB603-17F1-4DE8-9D6B-D50CE4E2430F} = {8D0D9A2A-1FBD-4D8E-A96F-A417C12FC09F}
		{03E9B723-3DA2-48D9-94CA-8A5F916BD5D9} = {8D0D9A2A-1FBD-4D8E-A96F-A417C12FC09F}
		{6137348C-4CE2-494D-BAAC-7A1A2030C565} = {8D0D9A2A-1FBD-4D8E-A96F-A417C12FC09F}
		{AB45AA58-BBFE-4084-929F-532636F00B26} = {81D1DAA7-F563-4D34-BAE8-77402363E6A1}
		{9F9E26F8-9656-4C2A-B89B-30AC8B0A3C79} = {AB45AA58-BBFE-4084-929F-532636F00B26}
		{98B51B4A-C944-492C-A548-1E4ED8B4DDB0} = {AB45AA58-BBFE-4084-929F-532636F00B26}
		{F7E984AD-A60A-458C-A883-0980631767EE} = {AB45AA58-BBFE-4084-929F-532636F00B26}
		{4CB8C946-48D0-45F8-A6EE-700BABD790DD} = {AB45AA58-BBFE-4084-929F-532636F00B26}
		{27701986-1ACC-406D-A388-2D2489D4277A} = {8D0D9A2A-1FBD-4D8E-A96F-A417C12FC09F}
		{99343C24-9C31-4058-95D7-C0DCE811BA31} = {8D0D9A2A-1FBD-4D8E-A96F-A417C12FC09F}
		{873FA0EA-7950-40A5-BAE5-2B409250342B} = {8D0D9A2A-1FBD-4D8E-A96F-A417C12FC09F}
	EndGlobalSection
EndGlobal
